Microsoft Visual Studio Solution File, Format Version 12.00
Project("{34EAC930-E0CA-420B-BD8C-86042DD9E676}") = "Usings", "src\Usings\Usings.slnproj", "{4CF47885-6CA7-4479-9250-08C452A66AEE}"
EndProject
Project("{9A19103F-16F7-4668-BE54-9A1E7A4F7556}") = "UsingsSdk", "src\UsingsSdk\UsingsSdk.csproj", "{ED3F4229-181A-4608-9A95-43CE590B68FA}"
EndProject
Project("{2150E333-8FDC-42A3-9474-1A3956D46DE8}") = "usings", "usings", "{BCD2C21F-023C-4A88-B3CD-009AFD264EB0}"
EndProject
Project("{2150E333-8FDC-42A3-9474-1A3956D46DE8}") = "src", "src", "{EBC3D212-1612-49E4-A31A-756129122510}"
EndProject
Global
	GlobalSection(SolutionConfigurationPlatforms) = preSolution
		Local|Any CPU = Local|Any CPU
		Debug|Any CPU = Debug|Any CPU
		Staging|Any CPU = Staging|Any CPU
		Release|Any CPU = Release|Any CPU
		Testing|Any CPU = Testing|Any CPU
	EndGlobalSection
	GlobalSection(ProjectConfigurationPlatforms) = postSolution
		{4CF47885-6CA7-4479-9250-08C452A66AEE}.Local|Any CPU.ActiveCfg = Local|Any CPU
		{4CF47885-6CA7-4479-9250-08C452A66AEE}.Local|Any CPU.Build.0 = Local|Any CPU
		{4CF47885-6CA7-4479-9250-08C452A66AEE}.Debug|Any CPU.ActiveCfg = Debug|Any CPU
		{4CF47885-6CA7-4479-9250-08C452A66AEE}.Debug|Any CPU.Build.0 = Debug|Any CPU
		{4CF47885-6CA7-4479-9250-08C452A66AEE}.Staging|Any CPU.ActiveCfg = Staging|Any CPU
		{4CF47885-6CA7-4479-9250-08C452A66AEE}.Staging|Any CPU.Build.0 = Staging|Any CPU
		{4CF47885-6CA7-4479-9250-08C452A66AEE}.Release|Any CPU.ActiveCfg = Release|Any CPU
		{4CF47885-6CA7-4479-9250-08C452A66AEE}.Release|Any CPU.Build.0 = Release|Any CPU
		{4CF47885-6CA7-4479-9250-08C452A66AEE}.Testing|Any CPU.ActiveCfg = Testing|Any CPU
		{4CF47885-6CA7-4479-9250-08C452A66AEE}.Testing|Any CPU.Build.0 = Testing|Any CPU
		{ED3F4229-181A-4608-9A95-43CE590B68FA}.Local|Any CPU.ActiveCfg = Local|Any CPU
		{ED3F4229-181A-4608-9A95-43CE590B68FA}.Local|Any CPU.Build.0 = Local|Any CPU
		{ED3F4229-181A-4608-9A95-43CE590B68FA}.Debug|Any CPU.ActiveCfg = Debug|Any CPU
		{ED3F4229-181A-4608-9A95-43CE590B68FA}.Debug|Any CPU.Build.0 = Debug|Any CPU
		{ED3F4229-181A-4608-9A95-43CE590B68FA}.Staging|Any CPU.ActiveCfg = Staging|Any CPU
		{ED3F4229-181A-4608-9A95-43CE590B68FA}.Staging|Any CPU.Build.0 = Staging|Any CPU
		{ED3F4229-181A-4608-9A95-43CE590B68FA}.Release|Any CPU.ActiveCfg = Release|Any CPU
		{ED3F4229-181A-4608-9A95-43CE590B68FA}.Release|Any CPU.Build.0 = Release|Any CPU
		{ED3F4229-181A-4608-9A95-43CE590B68FA}.Testing|Any CPU.ActiveCfg = Testing|Any CPU
		{ED3F4229-181A-4608-9A95-43CE590B68FA}.Testing|Any CPU.Build.0 = Testing|Any CPU
	EndGlobalSection
	GlobalSection(SolutionProperties) = preSolution
		HideSolutionNode = FALSE
	EndGlobalSection
	GlobalSection(NestedProjects) = preSolution
		{4CF47885-6CA7-4479-9250-08C452A66AEE} = {BCD2C21F-023C-4A88-B3CD-009AFD264EB0}
		{ED3F4229-181A-4608-9A95-43CE590B68FA} = {EBC3D212-1612-49E4-A31A-756129122510}
	EndGlobalSection
	GlobalSection(ExtensibilityGlobals) = postSolution
		SolutionGuid = {077EE257-880F-4FA1-82CE-410FA6198A53}
	EndGlobalSection
EndGlobal
