Microsoft Visual Studio Solution File, Format Version 12.00
Project("{FAE04EC0-301F-11D3-BF4B-00C04F79EFBC}") = "JustinWritesCode.Usings", "JustinWritesCode.Usings.slnproj", "{5330DBE5-1782-492B-9403-59279E792B0D}"
EndProject
Project("{9A19103F-16F7-4668-BE54-9A1E7A4F7556}") = "AnyOf.Usings", "AnyOf.Usings.usings", "{0896516C-DED1-4066-82A0-A84FA57EC4BA}"
EndProject
Project("{9A19103F-16F7-4668-BE54-9A1E7A4F7556}") = "AzureFunctions.Usings", "AzureFunctions.Usings.usings", "{A04F9067-6A5F-4F58-BE9E-2A454C3B5008}"
EndProject
Project("{9A19103F-16F7-4668-BE54-9A1E7A4F7556}") = "Microsoft.EntityFrameworkCore.Usings", "Microsoft.EntityFrameworkCore.Usings.usings", "{72B71F26-61D1-4A10-934A-94803D5113BF}"
EndProject
Project("{9A19103F-16F7-4668-BE54-9A1E7A4F7556}") = "System.All.Usings", "System.All.Usings.usings", "{81DC6559-3004-40AC-863E-3DE15157A679}"
EndProject
Project("{9A19103F-16F7-4668-BE54-9A1E7A4F7556}") = "System.Collections.Generic.Usings", "System.Collections.Generic.Usings.usings", "{405ADEBF-DC48-47CE-BF6B-3899A8ACA9B6}"
EndProject
Project("{9A19103F-16F7-4668-BE54-9A1E7A4F7556}") = "System.Collections.ObjectModel.Usings", "System.Collections.ObjectModel.Usings.usings", "{7EEBC484-36B0-42C3-94CA-9AF0136ECF0A}"
EndProject
Project("{9A19103F-16F7-4668-BE54-9A1E7A4F7556}") = "System.Collections.Usings", "System.Collections.Usings.usings", "{FBC63654-CFC2-4DDC-A8AA-DEA4F091C686}"
EndProject
Project("{9A19103F-16F7-4668-BE54-9A1E7A4F7556}") = "System.ComponentModel.Usings", "System.ComponentModel.Usings.usings", "{8D3A67B4-C332-424B-BA55-D18CDBECDDCB}"
EndProject
Project("{9A19103F-16F7-4668-BE54-9A1E7A4F7556}") = "System.Security.Usings", "System.Security.Usings.usings", "{1E8FE737-D5C8-4D66-9222-5F09052699A2}"
EndProject
Project("{9A19103F-16F7-4668-BE54-9A1E7A4F7556}") = "System.Text.Json.Usings", "System.Text.Json.Usings.usings", "{8906DE7B-5B7A-420A-909D-41EBB009AC25}"
EndProject
Project("{9A19103F-16F7-4668-BE54-9A1E7A4F7556}") = "System.Text.RegularExpressions.Usings", "System.Text.RegularExpressions.Usings.usings", "{473C0FCB-CFB6-4FF2-984D-39C47B5466FC}"
EndProject
Project("{9A19103F-16F7-4668-BE54-9A1E7A4F7556}") = "System.Text.Usings", "System.Text.Usings.usings", "{EEDB7D6F-8B0A-4E8B-89FA-572E98190004}"
EndProject
Project("{9A19103F-16F7-4668-BE54-9A1E7A4F7556}") = "System.Threading.Tasks.Usings", "System.Threading.Tasks.Usings.usings", "{508798BE-C2C6-42F9-95F8-55A8189C41F7}"
EndProject
Project("{9A19103F-16F7-4668-BE54-9A1E7A4F7556}") = "System.Usings", "System.Usings.usings", "{CE60F8E3-451B-44B8-9B60-CFE257913270}"
EndProject
Global
	GlobalSection(SolutionConfigurationPlatforms) = preSolution
		Local|Any CPU = Local|Any CPU
		Debug|Any CPU = Debug|Any CPU
		Staging|Any CPU = Staging|Any CPU
		Release|Any CPU = Release|Any CPU
		Testing|Any CPU = Testing|Any CPU
	EndGlobalSection
	GlobalSection(ProjectConfigurationPlatforms) = postSolution
		{5330DBE5-1782-492B-9403-59279E792B0D}.Local|Any CPU.ActiveCfg = Local|Any CPU
		{5330DBE5-1782-492B-9403-59279E792B0D}.Local|Any CPU.Build.0 = Local|Any CPU
		{5330DBE5-1782-492B-9403-59279E792B0D}.Debug|Any CPU.ActiveCfg = Debug|Any CPU
		{5330DBE5-1782-492B-9403-59279E792B0D}.Debug|Any CPU.Build.0 = Debug|Any CPU
		{5330DBE5-1782-492B-9403-59279E792B0D}.Staging|Any CPU.ActiveCfg = Staging|Any CPU
		{5330DBE5-1782-492B-9403-59279E792B0D}.Staging|Any CPU.Build.0 = Staging|Any CPU
		{5330DBE5-1782-492B-9403-59279E792B0D}.Release|Any CPU.ActiveCfg = Release|Any CPU
		{5330DBE5-1782-492B-9403-59279E792B0D}.Release|Any CPU.Build.0 = Release|Any CPU
		{5330DBE5-1782-492B-9403-59279E792B0D}.Testing|Any CPU.ActiveCfg = Testing|Any CPU
		{5330DBE5-1782-492B-9403-59279E792B0D}.Testing|Any CPU.Build.0 = Testing|Any CPU
		{0896516C-DED1-4066-82A0-A84FA57EC4BA}.Local|Any CPU.ActiveCfg = Local|Any CPU
		{0896516C-DED1-4066-82A0-A84FA57EC4BA}.Local|Any CPU.Build.0 = Local|Any CPU
		{0896516C-DED1-4066-82A0-A84FA57EC4BA}.Debug|Any CPU.ActiveCfg = Debug|Any CPU
		{0896516C-DED1-4066-82A0-A84FA57EC4BA}.Debug|Any CPU.Build.0 = Debug|Any CPU
		{0896516C-DED1-4066-82A0-A84FA57EC4BA}.Staging|Any CPU.ActiveCfg = Staging|Any CPU
		{0896516C-DED1-4066-82A0-A84FA57EC4BA}.Staging|Any CPU.Build.0 = Staging|Any CPU
		{0896516C-DED1-4066-82A0-A84FA57EC4BA}.Release|Any CPU.ActiveCfg = Release|Any CPU
		{0896516C-DED1-4066-82A0-A84FA57EC4BA}.Release|Any CPU.Build.0 = Release|Any CPU
		{0896516C-DED1-4066-82A0-A84FA57EC4BA}.Testing|Any CPU.ActiveCfg = Testing|Any CPU
		{0896516C-DED1-4066-82A0-A84FA57EC4BA}.Testing|Any CPU.Build.0 = Testing|Any CPU
		{A04F9067-6A5F-4F58-BE9E-2A454C3B5008}.Local|Any CPU.ActiveCfg = Local|Any CPU
		{A04F9067-6A5F-4F58-BE9E-2A454C3B5008}.Local|Any CPU.Build.0 = Local|Any CPU
		{A04F9067-6A5F-4F58-BE9E-2A454C3B5008}.Debug|Any CPU.ActiveCfg = Debug|Any CPU
		{A04F9067-6A5F-4F58-BE9E-2A454C3B5008}.Debug|Any CPU.Build.0 = Debug|Any CPU
		{A04F9067-6A5F-4F58-BE9E-2A454C3B5008}.Staging|Any CPU.ActiveCfg = Staging|Any CPU
		{A04F9067-6A5F-4F58-BE9E-2A454C3B5008}.Staging|Any CPU.Build.0 = Staging|Any CPU
		{A04F9067-6A5F-4F58-BE9E-2A454C3B5008}.Release|Any CPU.ActiveCfg = Release|Any CPU
		{A04F9067-6A5F-4F58-BE9E-2A454C3B5008}.Release|Any CPU.Build.0 = Release|Any CPU
		{A04F9067-6A5F-4F58-BE9E-2A454C3B5008}.Testing|Any CPU.ActiveCfg = Testing|Any CPU
		{A04F9067-6A5F-4F58-BE9E-2A454C3B5008}.Testing|Any CPU.Build.0 = Testing|Any CPU
		{72B71F26-61D1-4A10-934A-94803D5113BF}.Local|Any CPU.ActiveCfg = Local|Any CPU
		{72B71F26-61D1-4A10-934A-94803D5113BF}.Local|Any CPU.Build.0 = Local|Any CPU
		{72B71F26-61D1-4A10-934A-94803D5113BF}.Debug|Any CPU.ActiveCfg = Debug|Any CPU
		{72B71F26-61D1-4A10-934A-94803D5113BF}.Debug|Any CPU.Build.0 = Debug|Any CPU
		{72B71F26-61D1-4A10-934A-94803D5113BF}.Staging|Any CPU.ActiveCfg = Staging|Any CPU
		{72B71F26-61D1-4A10-934A-94803D5113BF}.Staging|Any CPU.Build.0 = Staging|Any CPU
		{72B71F26-61D1-4A10-934A-94803D5113BF}.Release|Any CPU.ActiveCfg = Release|Any CPU
		{72B71F26-61D1-4A10-934A-94803D5113BF}.Release|Any CPU.Build.0 = Release|Any CPU
		{72B71F26-61D1-4A10-934A-94803D5113BF}.Testing|Any CPU.ActiveCfg = Testing|Any CPU
		{72B71F26-61D1-4A10-934A-94803D5113BF}.Testing|Any CPU.Build.0 = Testing|Any CPU
		{81DC6559-3004-40AC-863E-3DE15157A679}.Local|Any CPU.ActiveCfg = Local|Any CPU
		{81DC6559-3004-40AC-863E-3DE15157A679}.Local|Any CPU.Build.0 = Local|Any CPU
		{81DC6559-3004-40AC-863E-3DE15157A679}.Debug|Any CPU.ActiveCfg = Debug|Any CPU
		{81DC6559-3004-40AC-863E-3DE15157A679}.Debug|Any CPU.Build.0 = Debug|Any CPU
		{81DC6559-3004-40AC-863E-3DE15157A679}.Staging|Any CPU.ActiveCfg = Staging|Any CPU
		{81DC6559-3004-40AC-863E-3DE15157A679}.Staging|Any CPU.Build.0 = Staging|Any CPU
		{81DC6559-3004-40AC-863E-3DE15157A679}.Release|Any CPU.ActiveCfg = Release|Any CPU
		{81DC6559-3004-40AC-863E-3DE15157A679}.Release|Any CPU.Build.0 = Release|Any CPU
		{81DC6559-3004-40AC-863E-3DE15157A679}.Testing|Any CPU.ActiveCfg = Testing|Any CPU
		{81DC6559-3004-40AC-863E-3DE15157A679}.Testing|Any CPU.Build.0 = Testing|Any CPU
		{405ADEBF-DC48-47CE-BF6B-3899A8ACA9B6}.Local|Any CPU.ActiveCfg = Local|Any CPU
		{405ADEBF-DC48-47CE-BF6B-3899A8ACA9B6}.Local|Any CPU.Build.0 = Local|Any CPU
		{405ADEBF-DC48-47CE-BF6B-3899A8ACA9B6}.Debug|Any CPU.ActiveCfg = Debug|Any CPU
		{405ADEBF-DC48-47CE-BF6B-3899A8ACA9B6}.Debug|Any CPU.Build.0 = Debug|Any CPU
		{405ADEBF-DC48-47CE-BF6B-3899A8ACA9B6}.Staging|Any CPU.ActiveCfg = Staging|Any CPU
		{405ADEBF-DC48-47CE-BF6B-3899A8ACA9B6}.Staging|Any CPU.Build.0 = Staging|Any CPU
		{405ADEBF-DC48-47CE-BF6B-3899A8ACA9B6}.Release|Any CPU.ActiveCfg = Release|Any CPU
		{405ADEBF-DC48-47CE-BF6B-3899A8ACA9B6}.Release|Any CPU.Build.0 = Release|Any CPU
		{405ADEBF-DC48-47CE-BF6B-3899A8ACA9B6}.Testing|Any CPU.ActiveCfg = Testing|Any CPU
		{405ADEBF-DC48-47CE-BF6B-3899A8ACA9B6}.Testing|Any CPU.Build.0 = Testing|Any CPU
		{7EEBC484-36B0-42C3-94CA-9AF0136ECF0A}.Local|Any CPU.ActiveCfg = Local|Any CPU
		{7EEBC484-36B0-42C3-94CA-9AF0136ECF0A}.Local|Any CPU.Build.0 = Local|Any CPU
		{7EEBC484-36B0-42C3-94CA-9AF0136ECF0A}.Debug|Any CPU.ActiveCfg = Debug|Any CPU
		{7EEBC484-36B0-42C3-94CA-9AF0136ECF0A}.Debug|Any CPU.Build.0 = Debug|Any CPU
		{7EEBC484-36B0-42C3-94CA-9AF0136ECF0A}.Staging|Any CPU.ActiveCfg = Staging|Any CPU
		{7EEBC484-36B0-42C3-94CA-9AF0136ECF0A}.Staging|Any CPU.Build.0 = Staging|Any CPU
		{7EEBC484-36B0-42C3-94CA-9AF0136ECF0A}.Release|Any CPU.ActiveCfg = Release|Any CPU
		{7EEBC484-36B0-42C3-94CA-9AF0136ECF0A}.Release|Any CPU.Build.0 = Release|Any CPU
		{7EEBC484-36B0-42C3-94CA-9AF0136ECF0A}.Testing|Any CPU.ActiveCfg = Testing|Any CPU
		{7EEBC484-36B0-42C3-94CA-9AF0136ECF0A}.Testing|Any CPU.Build.0 = Testing|Any CPU
		{FBC63654-CFC2-4DDC-A8AA-DEA4F091C686}.Local|Any CPU.ActiveCfg = Local|Any CPU
		{FBC63654-CFC2-4DDC-A8AA-DEA4F091C686}.Local|Any CPU.Build.0 = Local|Any CPU
		{FBC63654-CFC2-4DDC-A8AA-DEA4F091C686}.Debug|Any CPU.ActiveCfg = Debug|Any CPU
		{FBC63654-CFC2-4DDC-A8AA-DEA4F091C686}.Debug|Any CPU.Build.0 = Debug|Any CPU
		{FBC63654-CFC2-4DDC-A8AA-DEA4F091C686}.Staging|Any CPU.ActiveCfg = Staging|Any CPU
		{FBC63654-CFC2-4DDC-A8AA-DEA4F091C686}.Staging|Any CPU.Build.0 = Staging|Any CPU
		{FBC63654-CFC2-4DDC-A8AA-DEA4F091C686}.Release|Any CPU.ActiveCfg = Release|Any CPU
		{FBC63654-CFC2-4DDC-A8AA-DEA4F091C686}.Release|Any CPU.Build.0 = Release|Any CPU
		{FBC63654-CFC2-4DDC-A8AA-DEA4F091C686}.Testing|Any CPU.ActiveCfg = Testing|Any CPU
		{FBC63654-CFC2-4DDC-A8AA-DEA4F091C686}.Testing|Any CPU.Build.0 = Testing|Any CPU
		{8D3A67B4-C332-424B-BA55-D18CDBECDDCB}.Local|Any CPU.ActiveCfg = Local|Any CPU
		{8D3A67B4-C332-424B-BA55-D18CDBECDDCB}.Local|Any CPU.Build.0 = Local|Any CPU
		{8D3A67B4-C332-424B-BA55-D18CDBECDDCB}.Debug|Any CPU.ActiveCfg = Debug|Any CPU
		{8D3A67B4-C332-424B-BA55-D18CDBECDDCB}.Debug|Any CPU.Build.0 = Debug|Any CPU
		{8D3A67B4-C332-424B-BA55-D18CDBECDDCB}.Staging|Any CPU.ActiveCfg = Staging|Any CPU
		{8D3A67B4-C332-424B-BA55-D18CDBECDDCB}.Staging|Any CPU.Build.0 = Staging|Any CPU
		{8D3A67B4-C332-424B-BA55-D18CDBECDDCB}.Release|Any CPU.ActiveCfg = Release|Any CPU
		{8D3A67B4-C332-424B-BA55-D18CDBECDDCB}.Release|Any CPU.Build.0 = Release|Any CPU
		{8D3A67B4-C332-424B-BA55-D18CDBECDDCB}.Testing|Any CPU.ActiveCfg = Testing|Any CPU
		{8D3A67B4-C332-424B-BA55-D18CDBECDDCB}.Testing|Any CPU.Build.0 = Testing|Any CPU
		{1E8FE737-D5C8-4D66-9222-5F09052699A2}.Local|Any CPU.ActiveCfg = Local|Any CPU
		{1E8FE737-D5C8-4D66-9222-5F09052699A2}.Local|Any CPU.Build.0 = Local|Any CPU
		{1E8FE737-D5C8-4D66-9222-5F09052699A2}.Debug|Any CPU.ActiveCfg = Debug|Any CPU
		{1E8FE737-D5C8-4D66-9222-5F09052699A2}.Debug|Any CPU.Build.0 = Debug|Any CPU
		{1E8FE737-D5C8-4D66-9222-5F09052699A2}.Staging|Any CPU.ActiveCfg = Staging|Any CPU
		{1E8FE737-D5C8-4D66-9222-5F09052699A2}.Staging|Any CPU.Build.0 = Staging|Any CPU
		{1E8FE737-D5C8-4D66-9222-5F09052699A2}.Release|Any CPU.ActiveCfg = Release|Any CPU
		{1E8FE737-D5C8-4D66-9222-5F09052699A2}.Release|Any CPU.Build.0 = Release|Any CPU
		{1E8FE737-D5C8-4D66-9222-5F09052699A2}.Testing|Any CPU.ActiveCfg = Testing|Any CPU
		{1E8FE737-D5C8-4D66-9222-5F09052699A2}.Testing|Any CPU.Build.0 = Testing|Any CPU
		{8906DE7B-5B7A-420A-909D-41EBB009AC25}.Local|Any CPU.ActiveCfg = Local|Any CPU
		{8906DE7B-5B7A-420A-909D-41EBB009AC25}.Local|Any CPU.Build.0 = Local|Any CPU
		{8906DE7B-5B7A-420A-909D-41EBB009AC25}.Debug|Any CPU.ActiveCfg = Debug|Any CPU
		{8906DE7B-5B7A-420A-909D-41EBB009AC25}.Debug|Any CPU.Build.0 = Debug|Any CPU
		{8906DE7B-5B7A-420A-909D-41EBB009AC25}.Staging|Any CPU.ActiveCfg = Staging|Any CPU
		{8906DE7B-5B7A-420A-909D-41EBB009AC25}.Staging|Any CPU.Build.0 = Staging|Any CPU
		{8906DE7B-5B7A-420A-909D-41EBB009AC25}.Release|Any CPU.ActiveCfg = Release|Any CPU
		{8906DE7B-5B7A-420A-909D-41EBB009AC25}.Release|Any CPU.Build.0 = Release|Any CPU
		{8906DE7B-5B7A-420A-909D-41EBB009AC25}.Testing|Any CPU.ActiveCfg = Testing|Any CPU
		{8906DE7B-5B7A-420A-909D-41EBB009AC25}.Testing|Any CPU.Build.0 = Testing|Any CPU
		{473C0FCB-CFB6-4FF2-984D-39C47B5466FC}.Local|Any CPU.ActiveCfg = Local|Any CPU
		{473C0FCB-CFB6-4FF2-984D-39C47B5466FC}.Local|Any CPU.Build.0 = Local|Any CPU
		{473C0FCB-CFB6-4FF2-984D-39C47B5466FC}.Debug|Any CPU.ActiveCfg = Debug|Any CPU
		{473C0FCB-CFB6-4FF2-984D-39C47B5466FC}.Debug|Any CPU.Build.0 = Debug|Any CPU
		{473C0FCB-CFB6-4FF2-984D-39C47B5466FC}.Staging|Any CPU.ActiveCfg = Staging|Any CPU
		{473C0FCB-CFB6-4FF2-984D-39C47B5466FC}.Staging|Any CPU.Build.0 = Staging|Any CPU
		{473C0FCB-CFB6-4FF2-984D-39C47B5466FC}.Release|Any CPU.ActiveCfg = Release|Any CPU
		{473C0FCB-CFB6-4FF2-984D-39C47B5466FC}.Release|Any CPU.Build.0 = Release|Any CPU
		{473C0FCB-CFB6-4FF2-984D-39C47B5466FC}.Testing|Any CPU.ActiveCfg = Testing|Any CPU
		{473C0FCB-CFB6-4FF2-984D-39C47B5466FC}.Testing|Any CPU.Build.0 = Testing|Any CPU
		{EEDB7D6F-8B0A-4E8B-89FA-572E98190004}.Local|Any CPU.ActiveCfg = Local|Any CPU
		{EEDB7D6F-8B0A-4E8B-89FA-572E98190004}.Local|Any CPU.Build.0 = Local|Any CPU
		{EEDB7D6F-8B0A-4E8B-89FA-572E98190004}.Debug|Any CPU.ActiveCfg = Debug|Any CPU
		{EEDB7D6F-8B0A-4E8B-89FA-572E98190004}.Debug|Any CPU.Build.0 = Debug|Any CPU
		{EEDB7D6F-8B0A-4E8B-89FA-572E98190004}.Staging|Any CPU.ActiveCfg = Staging|Any CPU
		{EEDB7D6F-8B0A-4E8B-89FA-572E98190004}.Staging|Any CPU.Build.0 = Staging|Any CPU
		{EEDB7D6F-8B0A-4E8B-89FA-572E98190004}.Release|Any CPU.ActiveCfg = Release|Any CPU
		{EEDB7D6F-8B0A-4E8B-89FA-572E98190004}.Release|Any CPU.Build.0 = Release|Any CPU
		{EEDB7D6F-8B0A-4E8B-89FA-572E98190004}.Testing|Any CPU.ActiveCfg = Testing|Any CPU
		{EEDB7D6F-8B0A-4E8B-89FA-572E98190004}.Testing|Any CPU.Build.0 = Testing|Any CPU
		{508798BE-C2C6-42F9-95F8-55A8189C41F7}.Local|Any CPU.ActiveCfg = Local|Any CPU
		{508798BE-C2C6-42F9-95F8-55A8189C41F7}.Local|Any CPU.Build.0 = Local|Any CPU
		{508798BE-C2C6-42F9-95F8-55A8189C41F7}.Debug|Any CPU.ActiveCfg = Debug|Any CPU
		{508798BE-C2C6-42F9-95F8-55A8189C41F7}.Debug|Any CPU.Build.0 = Debug|Any CPU
		{508798BE-C2C6-42F9-95F8-55A8189C41F7}.Staging|Any CPU.ActiveCfg = Staging|Any CPU
		{508798BE-C2C6-42F9-95F8-55A8189C41F7}.Staging|Any CPU.Build.0 = Staging|Any CPU
		{508798BE-C2C6-42F9-95F8-55A8189C41F7}.Release|Any CPU.ActiveCfg = Release|Any CPU
		{508798BE-C2C6-42F9-95F8-55A8189C41F7}.Release|Any CPU.Build.0 = Release|Any CPU
		{508798BE-C2C6-42F9-95F8-55A8189C41F7}.Testing|Any CPU.ActiveCfg = Testing|Any CPU
		{508798BE-C2C6-42F9-95F8-55A8189C41F7}.Testing|Any CPU.Build.0 = Testing|Any CPU
		{CE60F8E3-451B-44B8-9B60-CFE257913270}.Local|Any CPU.ActiveCfg = Local|Any CPU
		{CE60F8E3-451B-44B8-9B60-CFE257913270}.Local|Any CPU.Build.0 = Local|Any CPU
		{CE60F8E3-451B-44B8-9B60-CFE257913270}.Debug|Any CPU.ActiveCfg = Debug|Any CPU
		{CE60F8E3-451B-44B8-9B60-CFE257913270}.Debug|Any CPU.Build.0 = Debug|Any CPU
		{CE60F8E3-451B-44B8-9B60-CFE257913270}.Staging|Any CPU.ActiveCfg = Staging|Any CPU
		{CE60F8E3-451B-44B8-9B60-CFE257913270}.Staging|Any CPU.Build.0 = Staging|Any CPU
		{CE60F8E3-451B-44B8-9B60-CFE257913270}.Release|Any CPU.ActiveCfg = Release|Any CPU
		{CE60F8E3-451B-44B8-9B60-CFE257913270}.Release|Any CPU.Build.0 = Release|Any CPU
		{CE60F8E3-451B-44B8-9B60-CFE257913270}.Testing|Any CPU.ActiveCfg = Testing|Any CPU
		{CE60F8E3-451B-44B8-9B60-CFE257913270}.Testing|Any CPU.Build.0 = Testing|Any CPU
	EndGlobalSection
	GlobalSection(SolutionProperties) = preSolution
		HideSolutionNode = FALSE
	EndGlobalSection
	GlobalSection(ExtensibilityGlobals) = postSolution
		SolutionGuid = {001BC0DC-5658-43E3-9BF3-C02AFACA971F}
	EndGlobalSection
EndGlobal
