Microsoft Visual Studio Solution File, Format Version 12.00
Project("{34EAC930-E0CA-420B-BD8C-86042DD9E676}") = "JustinWritesCode.Usings", "JustinWritesCode.Usings.slnproj", "{5330DBE5-1782-492B-9403-59279E792B0D}"
EndProject
Project("{DCDA4A0A-0A5E-4522-B6C4-80513D0753CD}") = "AnyOf", "AnyOf.usings", "{F22B7A78-4383-4EA5-89E2-E4939BB71736}"
EndProject
Project("{DCDA4A0A-0A5E-4522-B6C4-80513D0753CD}") = "AzureFunctions", "AzureFunctions.usings", "{F6EF4201-900B-4072-ACCE-9D0E66F18913}"
EndProject
Project("{DCDA4A0A-0A5E-4522-B6C4-80513D0753CD}") = "Microsoft.EntityFrameworkCore", "Microsoft.EntityFrameworkCore.usings", "{A4DEDF35-1D4C-4B7C-BC4A-F383B50F9730}"
EndProject
Project("{DCDA4A0A-0A5E-4522-B6C4-80513D0753CD}") = "System.All", "System.All.usings", "{14B8119D-2FFD-47B8-AE6D-8E9A99CA7617}"
EndProject
Project("{DCDA4A0A-0A5E-4522-B6C4-80513D0753CD}") = "System.Collections.Generic", "System.Collections.Generic.usings", "{C758FE2D-1927-4DE7-B34B-399A1BBCEF97}"
EndProject
Project("{DCDA4A0A-0A5E-4522-B6C4-80513D0753CD}") = "System.Collections.ObjectModel", "System.Collections.ObjectModel.usings", "{7C322342-E972-4FAE-BA94-D0876C7A2B40}"
EndProject
Project("{DCDA4A0A-0A5E-4522-B6C4-80513D0753CD}") = "System.Collections", "System.Collections.usings", "{23D8B95C-7393-44FB-BA0F-73866EF189D4}"
EndProject
Project("{DCDA4A0A-0A5E-4522-B6C4-80513D0753CD}") = "System.Security", "System.Security.usings", "{A3186F36-0FD4-4C0A-819B-E628ED6B2F3E}"
EndProject
Project("{DCDA4A0A-0A5E-4522-B6C4-80513D0753CD}") = "System.Threading.Tasks", "System.Threading.Tasks.usings", "{6E369478-B78C-4624-966C-7B874B05A5E6}"
EndProject
Project("{DCDA4A0A-0A5E-4522-B6C4-80513D0753CD}") = "System", "System.usings", "{A0FAB9AD-5256-4CBC-A647-D220BE75470F}"
EndProject
Project("{2150E333-8FDC-42A3-9474-1A3956D46DE8}") = "usings", "usings", "{0CA59417-42DA-4B59-9051-049E6F11AEC7}"
EndProject
Project("{2150E333-8FDC-42A3-9474-1A3956D46DE8}") = "src", "src", "{98BDE58D-EE49-4391-810B-6381547AB8D1}"
EndProject
Global
	GlobalSection(SolutionConfigurationPlatforms) = preSolution
		Local|Any CPU = Local|Any CPU
		Debug|Any CPU = Debug|Any CPU
		Staging|Any CPU = Staging|Any CPU
		Release|Any CPU = Release|Any CPU
		Testing|Any CPU = Testing|Any CPU
		Dev|Any CPU = Dev|Any CPU
		Stage|Any CPU = Stage|Any CPU
	EndGlobalSection
	GlobalSection(ProjectConfigurationPlatforms) = postSolution
		{5330DBE5-1782-492B-9403-59279E792B0D}.Local|Any CPU.ActiveCfg = Local|Any CPU
		{5330DBE5-1782-492B-9403-59279E792B0D}.Local|Any CPU.Build.0 = Local|Any CPU
		{5330DBE5-1782-492B-9403-59279E792B0D}.Debug|Any CPU.ActiveCfg = Debug|Any CPU
		{5330DBE5-1782-492B-9403-59279E792B0D}.Debug|Any CPU.Build.0 = Debug|Any CPU
		{5330DBE5-1782-492B-9403-59279E792B0D}.Staging|Any CPU.ActiveCfg = Staging|Any CPU
		{5330DBE5-1782-492B-9403-59279E792B0D}.Staging|Any CPU.Build.0 = Staging|Any CPU
		{5330DBE5-1782-492B-9403-59279E792B0D}.Release|Any CPU.ActiveCfg = Release|Any CPU
		{5330DBE5-1782-492B-9403-59279E792B0D}.Release|Any CPU.Build.0 = Release|Any CPU
		{5330DBE5-1782-492B-9403-59279E792B0D}.Testing|Any CPU.ActiveCfg = Testing|Any CPU
		{5330DBE5-1782-492B-9403-59279E792B0D}.Testing|Any CPU.Build.0 = Testing|Any CPU
		{5330DBE5-1782-492B-9403-59279E792B0D}.Dev|Any CPU.ActiveCfg = Dev|Any CPU
		{5330DBE5-1782-492B-9403-59279E792B0D}.Dev|Any CPU.Build.0 = Dev|Any CPU
		{5330DBE5-1782-492B-9403-59279E792B0D}.Stage|Any CPU.ActiveCfg = Stage|Any CPU
		{5330DBE5-1782-492B-9403-59279E792B0D}.Stage|Any CPU.Build.0 = Stage|Any CPU
		{F22B7A78-4383-4EA5-89E2-E4939BB71736}.Local|Any CPU.ActiveCfg = Local|Any CPU
		{F22B7A78-4383-4EA5-89E2-E4939BB71736}.Local|Any CPU.Build.0 = Local|Any CPU
		{F22B7A78-4383-4EA5-89E2-E4939BB71736}.Debug|Any CPU.ActiveCfg = Debug|Any CPU
		{F22B7A78-4383-4EA5-89E2-E4939BB71736}.Debug|Any CPU.Build.0 = Debug|Any CPU
		{F22B7A78-4383-4EA5-89E2-E4939BB71736}.Staging|Any CPU.ActiveCfg = Staging|Any CPU
		{F22B7A78-4383-4EA5-89E2-E4939BB71736}.Staging|Any CPU.Build.0 = Staging|Any CPU
		{F22B7A78-4383-4EA5-89E2-E4939BB71736}.Release|Any CPU.ActiveCfg = Release|Any CPU
		{F22B7A78-4383-4EA5-89E2-E4939BB71736}.Release|Any CPU.Build.0 = Release|Any CPU
		{F22B7A78-4383-4EA5-89E2-E4939BB71736}.Testing|Any CPU.ActiveCfg = Testing|Any CPU
		{F22B7A78-4383-4EA5-89E2-E4939BB71736}.Testing|Any CPU.Build.0 = Testing|Any CPU
		{F22B7A78-4383-4EA5-89E2-E4939BB71736}.Dev|Any CPU.ActiveCfg = Testing|Any CPU
		{F22B7A78-4383-4EA5-89E2-E4939BB71736}.Stage|Any CPU.ActiveCfg = Testing|Any CPU
		{F6EF4201-900B-4072-ACCE-9D0E66F18913}.Local|Any CPU.ActiveCfg = Local|Any CPU
		{F6EF4201-900B-4072-ACCE-9D0E66F18913}.Local|Any CPU.Build.0 = Local|Any CPU
		{F6EF4201-900B-4072-ACCE-9D0E66F18913}.Debug|Any CPU.ActiveCfg = Debug|Any CPU
		{F6EF4201-900B-4072-ACCE-9D0E66F18913}.Debug|Any CPU.Build.0 = Debug|Any CPU
		{F6EF4201-900B-4072-ACCE-9D0E66F18913}.Staging|Any CPU.ActiveCfg = Staging|Any CPU
		{F6EF4201-900B-4072-ACCE-9D0E66F18913}.Staging|Any CPU.Build.0 = Staging|Any CPU
		{F6EF4201-900B-4072-ACCE-9D0E66F18913}.Release|Any CPU.ActiveCfg = Release|Any CPU
		{F6EF4201-900B-4072-ACCE-9D0E66F18913}.Release|Any CPU.Build.0 = Release|Any CPU
		{F6EF4201-900B-4072-ACCE-9D0E66F18913}.Testing|Any CPU.ActiveCfg = Testing|Any CPU
		{F6EF4201-900B-4072-ACCE-9D0E66F18913}.Testing|Any CPU.Build.0 = Testing|Any CPU
		{F6EF4201-900B-4072-ACCE-9D0E66F18913}.Dev|Any CPU.ActiveCfg = Testing|Any CPU
		{F6EF4201-900B-4072-ACCE-9D0E66F18913}.Stage|Any CPU.ActiveCfg = Testing|Any CPU
		{A4DEDF35-1D4C-4B7C-BC4A-F383B50F9730}.Local|Any CPU.ActiveCfg = Local|Any CPU
		{A4DEDF35-1D4C-4B7C-BC4A-F383B50F9730}.Local|Any CPU.Build.0 = Local|Any CPU
		{A4DEDF35-1D4C-4B7C-BC4A-F383B50F9730}.Debug|Any CPU.ActiveCfg = Debug|Any CPU
		{A4DEDF35-1D4C-4B7C-BC4A-F383B50F9730}.Debug|Any CPU.Build.0 = Debug|Any CPU
		{A4DEDF35-1D4C-4B7C-BC4A-F383B50F9730}.Staging|Any CPU.ActiveCfg = Staging|Any CPU
		{A4DEDF35-1D4C-4B7C-BC4A-F383B50F9730}.Staging|Any CPU.Build.0 = Staging|Any CPU
		{A4DEDF35-1D4C-4B7C-BC4A-F383B50F9730}.Release|Any CPU.ActiveCfg = Release|Any CPU
		{A4DEDF35-1D4C-4B7C-BC4A-F383B50F9730}.Release|Any CPU.Build.0 = Release|Any CPU
		{A4DEDF35-1D4C-4B7C-BC4A-F383B50F9730}.Testing|Any CPU.ActiveCfg = Testing|Any CPU
		{A4DEDF35-1D4C-4B7C-BC4A-F383B50F9730}.Testing|Any CPU.Build.0 = Testing|Any CPU
		{A4DEDF35-1D4C-4B7C-BC4A-F383B50F9730}.Dev|Any CPU.ActiveCfg = Testing|Any CPU
		{A4DEDF35-1D4C-4B7C-BC4A-F383B50F9730}.Stage|Any CPU.ActiveCfg = Testing|Any CPU
		{14B8119D-2FFD-47B8-AE6D-8E9A99CA7617}.Local|Any CPU.ActiveCfg = Local|Any CPU
		{14B8119D-2FFD-47B8-AE6D-8E9A99CA7617}.Local|Any CPU.Build.0 = Local|Any CPU
		{14B8119D-2FFD-47B8-AE6D-8E9A99CA7617}.Debug|Any CPU.ActiveCfg = Debug|Any CPU
		{14B8119D-2FFD-47B8-AE6D-8E9A99CA7617}.Debug|Any CPU.Build.0 = Debug|Any CPU
		{14B8119D-2FFD-47B8-AE6D-8E9A99CA7617}.Staging|Any CPU.ActiveCfg = Staging|Any CPU
		{14B8119D-2FFD-47B8-AE6D-8E9A99CA7617}.Staging|Any CPU.Build.0 = Staging|Any CPU
		{14B8119D-2FFD-47B8-AE6D-8E9A99CA7617}.Release|Any CPU.ActiveCfg = Release|Any CPU
		{14B8119D-2FFD-47B8-AE6D-8E9A99CA7617}.Release|Any CPU.Build.0 = Release|Any CPU
		{14B8119D-2FFD-47B8-AE6D-8E9A99CA7617}.Testing|Any CPU.ActiveCfg = Testing|Any CPU
		{14B8119D-2FFD-47B8-AE6D-8E9A99CA7617}.Testing|Any CPU.Build.0 = Testing|Any CPU
		{14B8119D-2FFD-47B8-AE6D-8E9A99CA7617}.Dev|Any CPU.ActiveCfg = Testing|Any CPU
		{14B8119D-2FFD-47B8-AE6D-8E9A99CA7617}.Stage|Any CPU.ActiveCfg = Testing|Any CPU
		{C758FE2D-1927-4DE7-B34B-399A1BBCEF97}.Local|Any CPU.ActiveCfg = Local|Any CPU
		{C758FE2D-1927-4DE7-B34B-399A1BBCEF97}.Local|Any CPU.Build.0 = Local|Any CPU
		{C758FE2D-1927-4DE7-B34B-399A1BBCEF97}.Debug|Any CPU.ActiveCfg = Debug|Any CPU
		{C758FE2D-1927-4DE7-B34B-399A1BBCEF97}.Debug|Any CPU.Build.0 = Debug|Any CPU
		{C758FE2D-1927-4DE7-B34B-399A1BBCEF97}.Staging|Any CPU.ActiveCfg = Staging|Any CPU
		{C758FE2D-1927-4DE7-B34B-399A1BBCEF97}.Staging|Any CPU.Build.0 = Staging|Any CPU
		{C758FE2D-1927-4DE7-B34B-399A1BBCEF97}.Release|Any CPU.ActiveCfg = Release|Any CPU
		{C758FE2D-1927-4DE7-B34B-399A1BBCEF97}.Release|Any CPU.Build.0 = Release|Any CPU
		{C758FE2D-1927-4DE7-B34B-399A1BBCEF97}.Testing|Any CPU.ActiveCfg = Testing|Any CPU
		{C758FE2D-1927-4DE7-B34B-399A1BBCEF97}.Testing|Any CPU.Build.0 = Testing|Any CPU
		{C758FE2D-1927-4DE7-B34B-399A1BBCEF97}.Dev|Any CPU.ActiveCfg = Testing|Any CPU
		{C758FE2D-1927-4DE7-B34B-399A1BBCEF97}.Stage|Any CPU.ActiveCfg = Testing|Any CPU
		{7C322342-E972-4FAE-BA94-D0876C7A2B40}.Local|Any CPU.ActiveCfg = Local|Any CPU
		{7C322342-E972-4FAE-BA94-D0876C7A2B40}.Local|Any CPU.Build.0 = Local|Any CPU
		{7C322342-E972-4FAE-BA94-D0876C7A2B40}.Debug|Any CPU.ActiveCfg = Debug|Any CPU
		{7C322342-E972-4FAE-BA94-D0876C7A2B40}.Debug|Any CPU.Build.0 = Debug|Any CPU
		{7C322342-E972-4FAE-BA94-D0876C7A2B40}.Staging|Any CPU.ActiveCfg = Staging|Any CPU
		{7C322342-E972-4FAE-BA94-D0876C7A2B40}.Staging|Any CPU.Build.0 = Staging|Any CPU
		{7C322342-E972-4FAE-BA94-D0876C7A2B40}.Release|Any CPU.ActiveCfg = Release|Any CPU
		{7C322342-E972-4FAE-BA94-D0876C7A2B40}.Release|Any CPU.Build.0 = Release|Any CPU
		{7C322342-E972-4FAE-BA94-D0876C7A2B40}.Testing|Any CPU.ActiveCfg = Testing|Any CPU
		{7C322342-E972-4FAE-BA94-D0876C7A2B40}.Testing|Any CPU.Build.0 = Testing|Any CPU
		{7C322342-E972-4FAE-BA94-D0876C7A2B40}.Dev|Any CPU.ActiveCfg = Testing|Any CPU
		{7C322342-E972-4FAE-BA94-D0876C7A2B40}.Stage|Any CPU.ActiveCfg = Testing|Any CPU
		{23D8B95C-7393-44FB-BA0F-73866EF189D4}.Local|Any CPU.ActiveCfg = Local|Any CPU
		{23D8B95C-7393-44FB-BA0F-73866EF189D4}.Local|Any CPU.Build.0 = Local|Any CPU
		{23D8B95C-7393-44FB-BA0F-73866EF189D4}.Debug|Any CPU.ActiveCfg = Debug|Any CPU
		{23D8B95C-7393-44FB-BA0F-73866EF189D4}.Debug|Any CPU.Build.0 = Debug|Any CPU
		{23D8B95C-7393-44FB-BA0F-73866EF189D4}.Staging|Any CPU.ActiveCfg = Staging|Any CPU
		{23D8B95C-7393-44FB-BA0F-73866EF189D4}.Staging|Any CPU.Build.0 = Staging|Any CPU
		{23D8B95C-7393-44FB-BA0F-73866EF189D4}.Release|Any CPU.ActiveCfg = Release|Any CPU
		{23D8B95C-7393-44FB-BA0F-73866EF189D4}.Release|Any CPU.Build.0 = Release|Any CPU
		{23D8B95C-7393-44FB-BA0F-73866EF189D4}.Testing|Any CPU.ActiveCfg = Testing|Any CPU
		{23D8B95C-7393-44FB-BA0F-73866EF189D4}.Testing|Any CPU.Build.0 = Testing|Any CPU
		{23D8B95C-7393-44FB-BA0F-73866EF189D4}.Dev|Any CPU.ActiveCfg = Testing|Any CPU
		{23D8B95C-7393-44FB-BA0F-73866EF189D4}.Stage|Any CPU.ActiveCfg = Testing|Any CPU
		{A3186F36-0FD4-4C0A-819B-E628ED6B2F3E}.Local|Any CPU.ActiveCfg = Local|Any CPU
		{A3186F36-0FD4-4C0A-819B-E628ED6B2F3E}.Local|Any CPU.Build.0 = Local|Any CPU
		{A3186F36-0FD4-4C0A-819B-E628ED6B2F3E}.Debug|Any CPU.ActiveCfg = Debug|Any CPU
		{A3186F36-0FD4-4C0A-819B-E628ED6B2F3E}.Debug|Any CPU.Build.0 = Debug|Any CPU
		{A3186F36-0FD4-4C0A-819B-E628ED6B2F3E}.Staging|Any CPU.ActiveCfg = Staging|Any CPU
		{A3186F36-0FD4-4C0A-819B-E628ED6B2F3E}.Staging|Any CPU.Build.0 = Staging|Any CPU
		{A3186F36-0FD4-4C0A-819B-E628ED6B2F3E}.Release|Any CPU.ActiveCfg = Release|Any CPU
		{A3186F36-0FD4-4C0A-819B-E628ED6B2F3E}.Release|Any CPU.Build.0 = Release|Any CPU
		{A3186F36-0FD4-4C0A-819B-E628ED6B2F3E}.Testing|Any CPU.ActiveCfg = Testing|Any CPU
		{A3186F36-0FD4-4C0A-819B-E628ED6B2F3E}.Testing|Any CPU.Build.0 = Testing|Any CPU
		{A3186F36-0FD4-4C0A-819B-E628ED6B2F3E}.Dev|Any CPU.ActiveCfg = Testing|Any CPU
		{A3186F36-0FD4-4C0A-819B-E628ED6B2F3E}.Stage|Any CPU.ActiveCfg = Testing|Any CPU
		{6E369478-B78C-4624-966C-7B874B05A5E6}.Local|Any CPU.ActiveCfg = Local|Any CPU
		{6E369478-B78C-4624-966C-7B874B05A5E6}.Local|Any CPU.Build.0 = Local|Any CPU
		{6E369478-B78C-4624-966C-7B874B05A5E6}.Debug|Any CPU.ActiveCfg = Debug|Any CPU
		{6E369478-B78C-4624-966C-7B874B05A5E6}.Debug|Any CPU.Build.0 = Debug|Any CPU
		{6E369478-B78C-4624-966C-7B874B05A5E6}.Staging|Any CPU.ActiveCfg = Staging|Any CPU
		{6E369478-B78C-4624-966C-7B874B05A5E6}.Staging|Any CPU.Build.0 = Staging|Any CPU
		{6E369478-B78C-4624-966C-7B874B05A5E6}.Release|Any CPU.ActiveCfg = Release|Any CPU
		{6E369478-B78C-4624-966C-7B874B05A5E6}.Release|Any CPU.Build.0 = Release|Any CPU
		{6E369478-B78C-4624-966C-7B874B05A5E6}.Testing|Any CPU.ActiveCfg = Testing|Any CPU
		{6E369478-B78C-4624-966C-7B874B05A5E6}.Testing|Any CPU.Build.0 = Testing|Any CPU
		{6E369478-B78C-4624-966C-7B874B05A5E6}.Dev|Any CPU.ActiveCfg = Testing|Any CPU
		{6E369478-B78C-4624-966C-7B874B05A5E6}.Stage|Any CPU.ActiveCfg = Testing|Any CPU
		{A0FAB9AD-5256-4CBC-A647-D220BE75470F}.Local|Any CPU.ActiveCfg = Local|Any CPU
		{A0FAB9AD-5256-4CBC-A647-D220BE75470F}.Local|Any CPU.Build.0 = Local|Any CPU
		{A0FAB9AD-5256-4CBC-A647-D220BE75470F}.Debug|Any CPU.ActiveCfg = Debug|Any CPU
		{A0FAB9AD-5256-4CBC-A647-D220BE75470F}.Debug|Any CPU.Build.0 = Debug|Any CPU
		{A0FAB9AD-5256-4CBC-A647-D220BE75470F}.Staging|Any CPU.ActiveCfg = Staging|Any CPU
		{A0FAB9AD-5256-4CBC-A647-D220BE75470F}.Staging|Any CPU.Build.0 = Staging|Any CPU
		{A0FAB9AD-5256-4CBC-A647-D220BE75470F}.Release|Any CPU.ActiveCfg = Release|Any CPU
		{A0FAB9AD-5256-4CBC-A647-D220BE75470F}.Release|Any CPU.Build.0 = Release|Any CPU
		{A0FAB9AD-5256-4CBC-A647-D220BE75470F}.Testing|Any CPU.ActiveCfg = Testing|Any CPU
		{A0FAB9AD-5256-4CBC-A647-D220BE75470F}.Testing|Any CPU.Build.0 = Testing|Any CPU
		{A0FAB9AD-5256-4CBC-A647-D220BE75470F}.Dev|Any CPU.ActiveCfg = Testing|Any CPU
		{A0FAB9AD-5256-4CBC-A647-D220BE75470F}.Stage|Any CPU.ActiveCfg = Testing|Any CPU
	EndGlobalSection
	GlobalSection(SolutionProperties) = preSolution
		HideSolutionNode = FALSE
	EndGlobalSection
	GlobalSection(NestedProjects) = preSolution
		{5330DBE5-1782-492B-9403-59279E792B0D} = {0CA59417-42DA-4B59-9051-049E6F11AEC7}
		{F22B7A78-4383-4EA5-89E2-E4939BB71736} = {98BDE58D-EE49-4391-810B-6381547AB8D1}
		{F6EF4201-900B-4072-ACCE-9D0E66F18913} = {98BDE58D-EE49-4391-810B-6381547AB8D1}
		{A4DEDF35-1D4C-4B7C-BC4A-F383B50F9730} = {98BDE58D-EE49-4391-810B-6381547AB8D1}
		{14B8119D-2FFD-47B8-AE6D-8E9A99CA7617} = {98BDE58D-EE49-4391-810B-6381547AB8D1}
		{C758FE2D-1927-4DE7-B34B-399A1BBCEF97} = {98BDE58D-EE49-4391-810B-6381547AB8D1}
		{7C322342-E972-4FAE-BA94-D0876C7A2B40} = {98BDE58D-EE49-4391-810B-6381547AB8D1}
		{23D8B95C-7393-44FB-BA0F-73866EF189D4} = {98BDE58D-EE49-4391-810B-6381547AB8D1}
		{A3186F36-0FD4-4C0A-819B-E628ED6B2F3E} = {98BDE58D-EE49-4391-810B-6381547AB8D1}
		{6E369478-B78C-4624-966C-7B874B05A5E6} = {98BDE58D-EE49-4391-810B-6381547AB8D1}
		{A0FAB9AD-5256-4CBC-A647-D220BE75470F} = {98BDE58D-EE49-4391-810B-6381547AB8D1}
	EndGlobalSection
	GlobalSection(ExtensibilityGlobals) = postSolution
		SolutionGuid = {001BC0DC-5658-43E3-9BF3-C02AFACA971F}
	EndGlobalSection
EndGlobal
