Microsoft Visual Studio Solution File, Format Version 12.00
Project("{FF286327-C783-4F7A-AB73-9BCBAD0D4460}") = "NuGetPush", "NuGetPush.nuproj", "{E9B82438-A5DF-481E-A781-B1F538148AA6}"
EndProject
Global
	GlobalSection(SolutionConfigurationPlatforms) = preSolution
		Local|Any CPU = Local|Any CPU
		Debug|Any CPU = Debug|Any CPU
		Staging|Any CPU = Staging|Any CPU
		Release|Any CPU = Release|Any CPU
		Testing|Any CPU = Testing|Any CPU
	EndGlobalSection
	GlobalSection(ProjectConfigurationPlatforms) = postSolution
		{E9B82438-A5DF-481E-A781-B1F538148AA6}.Local|Any CPU.ActiveCfg = Local|Any CPU
		{E9B82438-A5DF-481E-A781-B1F538148AA6}.Local|Any CPU.Build.0 = Local|Any CPU
		{E9B82438-A5DF-481E-A781-B1F538148AA6}.Debug|Any CPU.ActiveCfg = Debug|Any CPU
		{E9B82438-A5DF-481E-A781-B1F538148AA6}.Debug|Any CPU.Build.0 = Debug|Any CPU
		{E9B82438-A5DF-481E-A781-B1F538148AA6}.Staging|Any CPU.ActiveCfg = Staging|Any CPU
		{E9B82438-A5DF-481E-A781-B1F538148AA6}.Staging|Any CPU.Build.0 = Staging|Any CPU
		{E9B82438-A5DF-481E-A781-B1F538148AA6}.Release|Any CPU.ActiveCfg = Release|Any CPU
		{E9B82438-A5DF-481E-A781-B1F538148AA6}.Release|Any CPU.Build.0 = Release|Any CPU
		{E9B82438-A5DF-481E-A781-B1F538148AA6}.Testing|Any CPU.ActiveCfg = Testing|Any CPU
		{E9B82438-A5DF-481E-A781-B1F538148AA6}.Testing|Any CPU.Build.0 = Testing|Any CPU
	EndGlobalSection
	GlobalSection(SolutionProperties) = preSolution
		HideSolutionNode = FALSE
	EndGlobalSection
	GlobalSection(ExtensibilityGlobals) = postSolution
		SolutionGuid = {E0337594-9B03-40C1-B39A-B45C5A8BFA42}
	EndGlobalSection
EndGlobal
