Microsoft Visual Studio Solution File, Format Version 12.00
Project("{34EAC930-E0CA-420B-BD8C-86042DD9E676}") = "Usings", "Usings.slnproj", "{B8480F0F-D578-4FDE-B261-861F803605A1}"
EndProject
Project("{DCDA4A0A-0A5E-4522-B6C4-80513D0753CD}") = "Aardvark", "Aardvark.usings", "{6F042BC7-61FF-44EE-998D-531C1E71FBCB}"
EndProject
Project("{DCDA4A0A-0A5E-4522-B6C4-80513D0753CD}") = "AnyOf", "AnyOf.usings", "{FA19C4D9-9817-4F36-AC19-E02C952F80C4}"
EndProject
Project("{DCDA4A0A-0A5E-4522-B6C4-80513D0753CD}") = "AspNetCore.Versioning", "AspNetCore.Versioning.usings", "{27CD26A6-400E-4CEA-9B9D-871B8518C958}"
EndProject
Project("{DCDA4A0A-0A5E-4522-B6C4-80513D0753CD}") = "Azure.Config", "Azure.Config.usings", "{1566336D-B5F2-465E-9FC8-C0F4AF06D74B}"
EndProject
Project("{DCDA4A0A-0A5E-4522-B6C4-80513D0753CD}") = "Azure.Identity", "Azure.Identity.usings", "{8B2E2F56-B7A4-4E28-9E6D-C5CD7F8F876E}"
EndProject
Project("{DCDA4A0A-0A5E-4522-B6C4-80513D0753CD}") = "Azure", "Azure.usings", "{79D9B889-94E3-4D7B-8F69-8B609F9CDAB6}"
EndProject
Project("{DCDA4A0A-0A5E-4522-B6C4-80513D0753CD}") = "AzureFunctions", "AzureFunctions.usings", "{1B83224B-9221-483E-906C-10DF082CD893}"
EndProject
Project("{DCDA4A0A-0A5E-4522-B6C4-80513D0753CD}") = "ConfigurationSubstitution", "ConfigurationSubstitution.usings", "{AA12A0A4-1D20-4498-AA10-BA81140E5447}"
EndProject
Project("{DCDA4A0A-0A5E-4522-B6C4-80513D0753CD}") = "FluentValidation", "FluentValidation.usings", "{69B1C8FA-2A07-4BD1-B485-739195D5C7F7}"
EndProject
Project("{DCDA4A0A-0A5E-4522-B6C4-80513D0753CD}") = "MediatR", "MediatR.usings", "{ACB57137-E949-4C3F-8B18-23AA7DFBEF25}"
EndProject
Project("{DCDA4A0A-0A5E-4522-B6C4-80513D0753CD}") = "Microsoft.EntityFrameworkCore", "Microsoft.EntityFrameworkCore.usings", "{B582A953-1F88-4093-BBC5-FE9C4C00FA4D}"
EndProject
Project("{DCDA4A0A-0A5E-4522-B6C4-80513D0753CD}") = "Microsoft.Extensions.Configuration.All", "Microsoft.Extensions.Configuration.All.usings", "{A49B3EE8-8551-4DBE-905A-9DC2118886C0}"
EndProject
Project("{DCDA4A0A-0A5E-4522-B6C4-80513D0753CD}") = "Microsoft.Extensions.Configuration.EnvironmentVariables", "Microsoft.Extensions.Configuration.EnvironmentVariables.usings", "{28E1E9C9-6B69-4FD4-A320-816AC0B6C1FF}"
EndProject
Project("{DCDA4A0A-0A5E-4522-B6C4-80513D0753CD}") = "Microsoft.Extensions.Configuration.Files", "Microsoft.Extensions.Configuration.Files.usings", "{696F23B7-9013-49DD-9E58-F23EAB13CB09}"
EndProject
Project("{DCDA4A0A-0A5E-4522-B6C4-80513D0753CD}") = "Microsoft.Extensions.Configuration.Json", "Microsoft.Extensions.Configuration.Json.usings", "{0A9AE575-E9A2-42EB-9E79-8DFEBB8E7386}"
EndProject
Project("{DCDA4A0A-0A5E-4522-B6C4-80513D0753CD}") = "Microsoft.Extensions.Configuration.UserSecrets", "Microsoft.Extensions.Configuration.UserSecrets.usings", "{84B917A3-F1EA-4BCB-8350-A3749971175D}"
EndProject
Project("{DCDA4A0A-0A5E-4522-B6C4-80513D0753CD}") = "Microsoft.Extensions.Configuration.Xml", "Microsoft.Extensions.Configuration.Xml.usings", "{1701C53F-1EB3-4080-9AD9-8F11C1497151}"
EndProject
Project("{DCDA4A0A-0A5E-4522-B6C4-80513D0753CD}") = "Microsoft.Extensions.DependencyInjection", "Microsoft.Extensions.DependencyInjection.usings", "{979A926D-C356-44B8-98AE-5876E6CD340C}"
EndProject
Project("{DCDA4A0A-0A5E-4522-B6C4-80513D0753CD}") = "Microsoft.Extensions.Logging", "Microsoft.Extensions.Logging.usings", "{1AFA354E-C764-4191-A1BC-0851C0CE39B7}"
EndProject
Project("{DCDA4A0A-0A5E-4522-B6C4-80513D0753CD}") = "Microsoft.Extensions.Options", "Microsoft.Extensions.Options.usings", "{03398EFD-E451-4196-B00B-127E58F36D1E}"
EndProject
Project("{DCDA4A0A-0A5E-4522-B6C4-80513D0753CD}") = "Microsoft.Extensions", "Microsoft.Extensions.usings", "{C4AE99CD-9F83-4682-8BD7-1C9E1F69DEB2}"
EndProject
Project("{DCDA4A0A-0A5E-4522-B6C4-80513D0753CD}") = "MSBuild", "MSBuild.usings", "{FC2285D2-777A-4069-B7F6-5398222E34A8}"
EndProject
Project("{DCDA4A0A-0A5E-4522-B6C4-80513D0753CD}") = "Newtonsoft.Json", "Newtonsoft.Json.usings", "{78474752-79BD-4893-8EA4-1AECE92EFB4C}"
EndProject
Project("{DCDA4A0A-0A5E-4522-B6C4-80513D0753CD}") = "Swashbuckle", "Swashbuckle.usings", "{CD9D6AFF-C395-40E1-99CC-B06F85A0D087}"
EndProject
Project("{DCDA4A0A-0A5E-4522-B6C4-80513D0753CD}") = "System.All", "System.All.usings", "{530E68C6-73B6-484B-A0D8-4F4C96D6BB28}"
EndProject
Project("{DCDA4A0A-0A5E-4522-B6C4-80513D0753CD}") = "System.Collections.Generic", "System.Collections.Generic.usings", "{412C10C7-A00E-4817-A43F-0F51CC95E059}"
EndProject
Project("{DCDA4A0A-0A5E-4522-B6C4-80513D0753CD}") = "System.Collections.ObjectModel", "System.Collections.ObjectModel.usings", "{12B2F839-5341-40AF-8516-4F6D03FD6B0F}"
EndProject
Project("{DCDA4A0A-0A5E-4522-B6C4-80513D0753CD}") = "System.Collections", "System.Collections.usings", "{BE4958BC-3FCC-4FBA-9A79-54BDFE91E515}"
EndProject
Project("{DCDA4A0A-0A5E-4522-B6C4-80513D0753CD}") = "System.ComponentModel", "System.ComponentModel.usings", "{EF8345D4-3555-4007-9D1E-D25CC54A34AA}"
EndProject
Project("{DCDA4A0A-0A5E-4522-B6C4-80513D0753CD}") = "System.Linq", "System.Linq.usings", "{5119772D-1C45-4C95-AD35-AA7EAA84EFA0}"
EndProject
Project("{DCDA4A0A-0A5E-4522-B6C4-80513D0753CD}") = "System.Net.Mime.MediaTypeNames", "System.Net.Mime.MediaTypeNames.usings", "{EB725B9F-D469-4BA5-8AB3-FF98F85DD6D5}"
EndProject
Project("{DCDA4A0A-0A5E-4522-B6C4-80513D0753CD}") = "System.Reflection", "System.Reflection.usings", "{EF4EF483-8437-4CF9-8C0C-65B6A7E4B8E2}"
EndProject
Project("{DCDA4A0A-0A5E-4522-B6C4-80513D0753CD}") = "System.Security", "System.Security.usings", "{B91D75D6-E81B-4C7F-8331-216E19952A33}"
EndProject
Project("{DCDA4A0A-0A5E-4522-B6C4-80513D0753CD}") = "System.Text.Json", "System.Text.Json.usings", "{07A813F6-07C1-4A7B-8AC2-7208F5F22DA9}"
EndProject
Project("{DCDA4A0A-0A5E-4522-B6C4-80513D0753CD}") = "System.Text.RegularExpressions", "System.Text.RegularExpressions.usings", "{AC1B9BB7-0A14-45AE-8566-EF0DC41E13B2}"
EndProject
Project("{DCDA4A0A-0A5E-4522-B6C4-80513D0753CD}") = "System.Text", "System.Text.usings", "{2DD0CCF9-C433-4C57-83B2-B24DB17621B4}"
EndProject
Project("{DCDA4A0A-0A5E-4522-B6C4-80513D0753CD}") = "System.Threading.Tasks", "System.Threading.Tasks.usings", "{1710B1D4-01AF-459D-8DD0-63F016F18C7E}"
EndProject
Project("{DCDA4A0A-0A5E-4522-B6C4-80513D0753CD}") = "System", "System.usings", "{A751A243-20F3-4225-AB1E-9D9B93729992}"
EndProject
Project("{DCDA4A0A-0A5E-4522-B6C4-80513D0753CD}") = "Web-Net", "Web-Net.usings", "{9459115F-0A66-4F1F-B0BF-27DBC72F20E7}"
EndProject
Project("{DCDA4A0A-0A5E-4522-B6C4-80513D0753CD}") = "Xunit", "Xunit.usings", "{A7B874DC-6079-44E4-AA7C-3FC0EEB6CEAA}"
EndProject
Project("{2150E333-8FDC-42A3-9474-1A3956D46DE8}") = "usings", "usings", "{0CA59417-42DA-4B59-9051-049E6F11AEC7}"
EndProject
Project("{2150E333-8FDC-42A3-9474-1A3956D46DE8}") = "src", "src", "{1F88C967-05D2-45E4-A7EA-1345E96BAA38}"
EndProject
Global
	GlobalSection(SolutionConfigurationPlatforms) = preSolution
		Local|Any CPU = Local|Any CPU
		Debug|Any CPU = Debug|Any CPU
		Staging|Any CPU = Staging|Any CPU
		Release|Any CPU = Release|Any CPU
		Testing|Any CPU = Testing|Any CPU
		Dev|Any CPU = Dev|Any CPU
		Stage|Any CPU = Stage|Any CPU
	EndGlobalSection
	GlobalSection(ProjectConfigurationPlatforms) = postSolution
		{B8480F0F-D578-4FDE-B261-861F803605A1}.Local|Any CPU.ActiveCfg = Local|Any CPU
		{B8480F0F-D578-4FDE-B261-861F803605A1}.Local|Any CPU.Build.0 = Local|Any CPU
		{B8480F0F-D578-4FDE-B261-861F803605A1}.Debug|Any CPU.ActiveCfg = Debug|Any CPU
		{B8480F0F-D578-4FDE-B261-861F803605A1}.Debug|Any CPU.Build.0 = Debug|Any CPU
		{B8480F0F-D578-4FDE-B261-861F803605A1}.Staging|Any CPU.ActiveCfg = Staging|Any CPU
		{B8480F0F-D578-4FDE-B261-861F803605A1}.Staging|Any CPU.Build.0 = Staging|Any CPU
		{B8480F0F-D578-4FDE-B261-861F803605A1}.Release|Any CPU.ActiveCfg = Release|Any CPU
		{B8480F0F-D578-4FDE-B261-861F803605A1}.Release|Any CPU.Build.0 = Release|Any CPU
		{B8480F0F-D578-4FDE-B261-861F803605A1}.Testing|Any CPU.ActiveCfg = Testing|Any CPU
		{B8480F0F-D578-4FDE-B261-861F803605A1}.Testing|Any CPU.Build.0 = Testing|Any CPU
		{B8480F0F-D578-4FDE-B261-861F803605A1}.Dev|Any CPU.ActiveCfg = Dev|Any CPU
		{B8480F0F-D578-4FDE-B261-861F803605A1}.Dev|Any CPU.Build.0 = Dev|Any CPU
		{B8480F0F-D578-4FDE-B261-861F803605A1}.Stage|Any CPU.ActiveCfg = Stage|Any CPU
		{B8480F0F-D578-4FDE-B261-861F803605A1}.Stage|Any CPU.Build.0 = Stage|Any CPU
		{6F042BC7-61FF-44EE-998D-531C1E71FBCB}.Local|Any CPU.ActiveCfg = Local|Any CPU
		{6F042BC7-61FF-44EE-998D-531C1E71FBCB}.Local|Any CPU.Build.0 = Local|Any CPU
		{6F042BC7-61FF-44EE-998D-531C1E71FBCB}.Debug|Any CPU.ActiveCfg = Debug|Any CPU
		{6F042BC7-61FF-44EE-998D-531C1E71FBCB}.Debug|Any CPU.Build.0 = Debug|Any CPU
		{6F042BC7-61FF-44EE-998D-531C1E71FBCB}.Staging|Any CPU.ActiveCfg = Staging|Any CPU
		{6F042BC7-61FF-44EE-998D-531C1E71FBCB}.Staging|Any CPU.Build.0 = Staging|Any CPU
		{6F042BC7-61FF-44EE-998D-531C1E71FBCB}.Release|Any CPU.ActiveCfg = Release|Any CPU
		{6F042BC7-61FF-44EE-998D-531C1E71FBCB}.Release|Any CPU.Build.0 = Release|Any CPU
		{6F042BC7-61FF-44EE-998D-531C1E71FBCB}.Testing|Any CPU.ActiveCfg = Testing|Any CPU
		{6F042BC7-61FF-44EE-998D-531C1E71FBCB}.Testing|Any CPU.Build.0 = Testing|Any CPU
		{6F042BC7-61FF-44EE-998D-531C1E71FBCB}.Dev|Any CPU.ActiveCfg = Testing|Any CPU
		{6F042BC7-61FF-44EE-998D-531C1E71FBCB}.Stage|Any CPU.ActiveCfg = Testing|Any CPU
		{FA19C4D9-9817-4F36-AC19-E02C952F80C4}.Local|Any CPU.ActiveCfg = Local|Any CPU
		{FA19C4D9-9817-4F36-AC19-E02C952F80C4}.Local|Any CPU.Build.0 = Local|Any CPU
		{FA19C4D9-9817-4F36-AC19-E02C952F80C4}.Debug|Any CPU.ActiveCfg = Debug|Any CPU
		{FA19C4D9-9817-4F36-AC19-E02C952F80C4}.Debug|Any CPU.Build.0 = Debug|Any CPU
		{FA19C4D9-9817-4F36-AC19-E02C952F80C4}.Staging|Any CPU.ActiveCfg = Staging|Any CPU
		{FA19C4D9-9817-4F36-AC19-E02C952F80C4}.Staging|Any CPU.Build.0 = Staging|Any CPU
		{FA19C4D9-9817-4F36-AC19-E02C952F80C4}.Release|Any CPU.ActiveCfg = Release|Any CPU
		{FA19C4D9-9817-4F36-AC19-E02C952F80C4}.Release|Any CPU.Build.0 = Release|Any CPU
		{FA19C4D9-9817-4F36-AC19-E02C952F80C4}.Testing|Any CPU.ActiveCfg = Testing|Any CPU
		{FA19C4D9-9817-4F36-AC19-E02C952F80C4}.Testing|Any CPU.Build.0 = Testing|Any CPU
		{FA19C4D9-9817-4F36-AC19-E02C952F80C4}.Dev|Any CPU.ActiveCfg = Testing|Any CPU
		{FA19C4D9-9817-4F36-AC19-E02C952F80C4}.Stage|Any CPU.ActiveCfg = Testing|Any CPU
		{27CD26A6-400E-4CEA-9B9D-871B8518C958}.Local|Any CPU.ActiveCfg = Local|Any CPU
		{27CD26A6-400E-4CEA-9B9D-871B8518C958}.Local|Any CPU.Build.0 = Local|Any CPU
		{27CD26A6-400E-4CEA-9B9D-871B8518C958}.Debug|Any CPU.ActiveCfg = Debug|Any CPU
		{27CD26A6-400E-4CEA-9B9D-871B8518C958}.Debug|Any CPU.Build.0 = Debug|Any CPU
		{27CD26A6-400E-4CEA-9B9D-871B8518C958}.Staging|Any CPU.ActiveCfg = Staging|Any CPU
		{27CD26A6-400E-4CEA-9B9D-871B8518C958}.Staging|Any CPU.Build.0 = Staging|Any CPU
		{27CD26A6-400E-4CEA-9B9D-871B8518C958}.Release|Any CPU.ActiveCfg = Release|Any CPU
		{27CD26A6-400E-4CEA-9B9D-871B8518C958}.Release|Any CPU.Build.0 = Release|Any CPU
		{27CD26A6-400E-4CEA-9B9D-871B8518C958}.Testing|Any CPU.ActiveCfg = Testing|Any CPU
		{27CD26A6-400E-4CEA-9B9D-871B8518C958}.Testing|Any CPU.Build.0 = Testing|Any CPU
		{27CD26A6-400E-4CEA-9B9D-871B8518C958}.Dev|Any CPU.ActiveCfg = Testing|Any CPU
		{27CD26A6-400E-4CEA-9B9D-871B8518C958}.Stage|Any CPU.ActiveCfg = Testing|Any CPU
		{1566336D-B5F2-465E-9FC8-C0F4AF06D74B}.Local|Any CPU.ActiveCfg = Local|Any CPU
		{1566336D-B5F2-465E-9FC8-C0F4AF06D74B}.Local|Any CPU.Build.0 = Local|Any CPU
		{1566336D-B5F2-465E-9FC8-C0F4AF06D74B}.Debug|Any CPU.ActiveCfg = Debug|Any CPU
		{1566336D-B5F2-465E-9FC8-C0F4AF06D74B}.Debug|Any CPU.Build.0 = Debug|Any CPU
		{1566336D-B5F2-465E-9FC8-C0F4AF06D74B}.Staging|Any CPU.ActiveCfg = Staging|Any CPU
		{1566336D-B5F2-465E-9FC8-C0F4AF06D74B}.Staging|Any CPU.Build.0 = Staging|Any CPU
		{1566336D-B5F2-465E-9FC8-C0F4AF06D74B}.Release|Any CPU.ActiveCfg = Release|Any CPU
		{1566336D-B5F2-465E-9FC8-C0F4AF06D74B}.Release|Any CPU.Build.0 = Release|Any CPU
		{1566336D-B5F2-465E-9FC8-C0F4AF06D74B}.Testing|Any CPU.ActiveCfg = Testing|Any CPU
		{1566336D-B5F2-465E-9FC8-C0F4AF06D74B}.Testing|Any CPU.Build.0 = Testing|Any CPU
		{1566336D-B5F2-465E-9FC8-C0F4AF06D74B}.Dev|Any CPU.ActiveCfg = Testing|Any CPU
		{1566336D-B5F2-465E-9FC8-C0F4AF06D74B}.Stage|Any CPU.ActiveCfg = Testing|Any CPU
		{8B2E2F56-B7A4-4E28-9E6D-C5CD7F8F876E}.Local|Any CPU.ActiveCfg = Local|Any CPU
		{8B2E2F56-B7A4-4E28-9E6D-C5CD7F8F876E}.Local|Any CPU.Build.0 = Local|Any CPU
		{8B2E2F56-B7A4-4E28-9E6D-C5CD7F8F876E}.Debug|Any CPU.ActiveCfg = Debug|Any CPU
		{8B2E2F56-B7A4-4E28-9E6D-C5CD7F8F876E}.Debug|Any CPU.Build.0 = Debug|Any CPU
		{8B2E2F56-B7A4-4E28-9E6D-C5CD7F8F876E}.Staging|Any CPU.ActiveCfg = Staging|Any CPU
		{8B2E2F56-B7A4-4E28-9E6D-C5CD7F8F876E}.Staging|Any CPU.Build.0 = Staging|Any CPU
		{8B2E2F56-B7A4-4E28-9E6D-C5CD7F8F876E}.Release|Any CPU.ActiveCfg = Release|Any CPU
		{8B2E2F56-B7A4-4E28-9E6D-C5CD7F8F876E}.Release|Any CPU.Build.0 = Release|Any CPU
		{8B2E2F56-B7A4-4E28-9E6D-C5CD7F8F876E}.Testing|Any CPU.ActiveCfg = Testing|Any CPU
		{8B2E2F56-B7A4-4E28-9E6D-C5CD7F8F876E}.Testing|Any CPU.Build.0 = Testing|Any CPU
		{8B2E2F56-B7A4-4E28-9E6D-C5CD7F8F876E}.Dev|Any CPU.ActiveCfg = Testing|Any CPU
		{8B2E2F56-B7A4-4E28-9E6D-C5CD7F8F876E}.Stage|Any CPU.ActiveCfg = Testing|Any CPU
		{79D9B889-94E3-4D7B-8F69-8B609F9CDAB6}.Local|Any CPU.ActiveCfg = Local|Any CPU
		{79D9B889-94E3-4D7B-8F69-8B609F9CDAB6}.Local|Any CPU.Build.0 = Local|Any CPU
		{79D9B889-94E3-4D7B-8F69-8B609F9CDAB6}.Debug|Any CPU.ActiveCfg = Debug|Any CPU
		{79D9B889-94E3-4D7B-8F69-8B609F9CDAB6}.Debug|Any CPU.Build.0 = Debug|Any CPU
		{79D9B889-94E3-4D7B-8F69-8B609F9CDAB6}.Staging|Any CPU.ActiveCfg = Staging|Any CPU
		{79D9B889-94E3-4D7B-8F69-8B609F9CDAB6}.Staging|Any CPU.Build.0 = Staging|Any CPU
		{79D9B889-94E3-4D7B-8F69-8B609F9CDAB6}.Release|Any CPU.ActiveCfg = Release|Any CPU
		{79D9B889-94E3-4D7B-8F69-8B609F9CDAB6}.Release|Any CPU.Build.0 = Release|Any CPU
		{79D9B889-94E3-4D7B-8F69-8B609F9CDAB6}.Testing|Any CPU.ActiveCfg = Testing|Any CPU
		{79D9B889-94E3-4D7B-8F69-8B609F9CDAB6}.Testing|Any CPU.Build.0 = Testing|Any CPU
		{79D9B889-94E3-4D7B-8F69-8B609F9CDAB6}.Dev|Any CPU.ActiveCfg = Testing|Any CPU
		{79D9B889-94E3-4D7B-8F69-8B609F9CDAB6}.Stage|Any CPU.ActiveCfg = Testing|Any CPU
		{1B83224B-9221-483E-906C-10DF082CD893}.Local|Any CPU.ActiveCfg = Local|Any CPU
		{1B83224B-9221-483E-906C-10DF082CD893}.Local|Any CPU.Build.0 = Local|Any CPU
		{1B83224B-9221-483E-906C-10DF082CD893}.Debug|Any CPU.ActiveCfg = Debug|Any CPU
		{1B83224B-9221-483E-906C-10DF082CD893}.Debug|Any CPU.Build.0 = Debug|Any CPU
		{1B83224B-9221-483E-906C-10DF082CD893}.Staging|Any CPU.ActiveCfg = Staging|Any CPU
		{1B83224B-9221-483E-906C-10DF082CD893}.Staging|Any CPU.Build.0 = Staging|Any CPU
		{1B83224B-9221-483E-906C-10DF082CD893}.Release|Any CPU.ActiveCfg = Release|Any CPU
		{1B83224B-9221-483E-906C-10DF082CD893}.Release|Any CPU.Build.0 = Release|Any CPU
		{1B83224B-9221-483E-906C-10DF082CD893}.Testing|Any CPU.ActiveCfg = Testing|Any CPU
		{1B83224B-9221-483E-906C-10DF082CD893}.Testing|Any CPU.Build.0 = Testing|Any CPU
		{1B83224B-9221-483E-906C-10DF082CD893}.Dev|Any CPU.ActiveCfg = Testing|Any CPU
		{1B83224B-9221-483E-906C-10DF082CD893}.Stage|Any CPU.ActiveCfg = Testing|Any CPU
		{AA12A0A4-1D20-4498-AA10-BA81140E5447}.Local|Any CPU.ActiveCfg = Local|Any CPU
		{AA12A0A4-1D20-4498-AA10-BA81140E5447}.Local|Any CPU.Build.0 = Local|Any CPU
		{AA12A0A4-1D20-4498-AA10-BA81140E5447}.Debug|Any CPU.ActiveCfg = Debug|Any CPU
		{AA12A0A4-1D20-4498-AA10-BA81140E5447}.Debug|Any CPU.Build.0 = Debug|Any CPU
		{AA12A0A4-1D20-4498-AA10-BA81140E5447}.Staging|Any CPU.ActiveCfg = Staging|Any CPU
		{AA12A0A4-1D20-4498-AA10-BA81140E5447}.Staging|Any CPU.Build.0 = Staging|Any CPU
		{AA12A0A4-1D20-4498-AA10-BA81140E5447}.Release|Any CPU.ActiveCfg = Release|Any CPU
		{AA12A0A4-1D20-4498-AA10-BA81140E5447}.Release|Any CPU.Build.0 = Release|Any CPU
		{AA12A0A4-1D20-4498-AA10-BA81140E5447}.Testing|Any CPU.ActiveCfg = Testing|Any CPU
		{AA12A0A4-1D20-4498-AA10-BA81140E5447}.Testing|Any CPU.Build.0 = Testing|Any CPU
		{AA12A0A4-1D20-4498-AA10-BA81140E5447}.Dev|Any CPU.ActiveCfg = Testing|Any CPU
		{AA12A0A4-1D20-4498-AA10-BA81140E5447}.Stage|Any CPU.ActiveCfg = Testing|Any CPU
		{69B1C8FA-2A07-4BD1-B485-739195D5C7F7}.Local|Any CPU.ActiveCfg = Local|Any CPU
		{69B1C8FA-2A07-4BD1-B485-739195D5C7F7}.Local|Any CPU.Build.0 = Local|Any CPU
		{69B1C8FA-2A07-4BD1-B485-739195D5C7F7}.Debug|Any CPU.ActiveCfg = Debug|Any CPU
		{69B1C8FA-2A07-4BD1-B485-739195D5C7F7}.Debug|Any CPU.Build.0 = Debug|Any CPU
		{69B1C8FA-2A07-4BD1-B485-739195D5C7F7}.Staging|Any CPU.ActiveCfg = Staging|Any CPU
		{69B1C8FA-2A07-4BD1-B485-739195D5C7F7}.Staging|Any CPU.Build.0 = Staging|Any CPU
		{69B1C8FA-2A07-4BD1-B485-739195D5C7F7}.Release|Any CPU.ActiveCfg = Release|Any CPU
		{69B1C8FA-2A07-4BD1-B485-739195D5C7F7}.Release|Any CPU.Build.0 = Release|Any CPU
		{69B1C8FA-2A07-4BD1-B485-739195D5C7F7}.Testing|Any CPU.ActiveCfg = Testing|Any CPU
		{69B1C8FA-2A07-4BD1-B485-739195D5C7F7}.Testing|Any CPU.Build.0 = Testing|Any CPU
		{69B1C8FA-2A07-4BD1-B485-739195D5C7F7}.Dev|Any CPU.ActiveCfg = Testing|Any CPU
		{69B1C8FA-2A07-4BD1-B485-739195D5C7F7}.Stage|Any CPU.ActiveCfg = Testing|Any CPU
		{ACB57137-E949-4C3F-8B18-23AA7DFBEF25}.Local|Any CPU.ActiveCfg = Local|Any CPU
		{ACB57137-E949-4C3F-8B18-23AA7DFBEF25}.Local|Any CPU.Build.0 = Local|Any CPU
		{ACB57137-E949-4C3F-8B18-23AA7DFBEF25}.Debug|Any CPU.ActiveCfg = Debug|Any CPU
		{ACB57137-E949-4C3F-8B18-23AA7DFBEF25}.Debug|Any CPU.Build.0 = Debug|Any CPU
		{ACB57137-E949-4C3F-8B18-23AA7DFBEF25}.Staging|Any CPU.ActiveCfg = Staging|Any CPU
		{ACB57137-E949-4C3F-8B18-23AA7DFBEF25}.Staging|Any CPU.Build.0 = Staging|Any CPU
		{ACB57137-E949-4C3F-8B18-23AA7DFBEF25}.Release|Any CPU.ActiveCfg = Release|Any CPU
		{ACB57137-E949-4C3F-8B18-23AA7DFBEF25}.Release|Any CPU.Build.0 = Release|Any CPU
		{ACB57137-E949-4C3F-8B18-23AA7DFBEF25}.Testing|Any CPU.ActiveCfg = Testing|Any CPU
		{ACB57137-E949-4C3F-8B18-23AA7DFBEF25}.Testing|Any CPU.Build.0 = Testing|Any CPU
		{ACB57137-E949-4C3F-8B18-23AA7DFBEF25}.Dev|Any CPU.ActiveCfg = Testing|Any CPU
		{ACB57137-E949-4C3F-8B18-23AA7DFBEF25}.Stage|Any CPU.ActiveCfg = Testing|Any CPU
		{B582A953-1F88-4093-BBC5-FE9C4C00FA4D}.Local|Any CPU.ActiveCfg = Local|Any CPU
		{B582A953-1F88-4093-BBC5-FE9C4C00FA4D}.Local|Any CPU.Build.0 = Local|Any CPU
		{B582A953-1F88-4093-BBC5-FE9C4C00FA4D}.Debug|Any CPU.ActiveCfg = Debug|Any CPU
		{B582A953-1F88-4093-BBC5-FE9C4C00FA4D}.Debug|Any CPU.Build.0 = Debug|Any CPU
		{B582A953-1F88-4093-BBC5-FE9C4C00FA4D}.Staging|Any CPU.ActiveCfg = Staging|Any CPU
		{B582A953-1F88-4093-BBC5-FE9C4C00FA4D}.Staging|Any CPU.Build.0 = Staging|Any CPU
		{B582A953-1F88-4093-BBC5-FE9C4C00FA4D}.Release|Any CPU.ActiveCfg = Release|Any CPU
		{B582A953-1F88-4093-BBC5-FE9C4C00FA4D}.Release|Any CPU.Build.0 = Release|Any CPU
		{B582A953-1F88-4093-BBC5-FE9C4C00FA4D}.Testing|Any CPU.ActiveCfg = Testing|Any CPU
		{B582A953-1F88-4093-BBC5-FE9C4C00FA4D}.Testing|Any CPU.Build.0 = Testing|Any CPU
		{B582A953-1F88-4093-BBC5-FE9C4C00FA4D}.Dev|Any CPU.ActiveCfg = Testing|Any CPU
		{B582A953-1F88-4093-BBC5-FE9C4C00FA4D}.Stage|Any CPU.ActiveCfg = Testing|Any CPU
		{A49B3EE8-8551-4DBE-905A-9DC2118886C0}.Local|Any CPU.ActiveCfg = Local|Any CPU
		{A49B3EE8-8551-4DBE-905A-9DC2118886C0}.Local|Any CPU.Build.0 = Local|Any CPU
		{A49B3EE8-8551-4DBE-905A-9DC2118886C0}.Debug|Any CPU.ActiveCfg = Debug|Any CPU
		{A49B3EE8-8551-4DBE-905A-9DC2118886C0}.Debug|Any CPU.Build.0 = Debug|Any CPU
		{A49B3EE8-8551-4DBE-905A-9DC2118886C0}.Staging|Any CPU.ActiveCfg = Staging|Any CPU
		{A49B3EE8-8551-4DBE-905A-9DC2118886C0}.Staging|Any CPU.Build.0 = Staging|Any CPU
		{A49B3EE8-8551-4DBE-905A-9DC2118886C0}.Release|Any CPU.ActiveCfg = Release|Any CPU
		{A49B3EE8-8551-4DBE-905A-9DC2118886C0}.Release|Any CPU.Build.0 = Release|Any CPU
		{A49B3EE8-8551-4DBE-905A-9DC2118886C0}.Testing|Any CPU.ActiveCfg = Testing|Any CPU
		{A49B3EE8-8551-4DBE-905A-9DC2118886C0}.Testing|Any CPU.Build.0 = Testing|Any CPU
		{A49B3EE8-8551-4DBE-905A-9DC2118886C0}.Dev|Any CPU.ActiveCfg = Testing|Any CPU
		{A49B3EE8-8551-4DBE-905A-9DC2118886C0}.Stage|Any CPU.ActiveCfg = Testing|Any CPU
		{28E1E9C9-6B69-4FD4-A320-816AC0B6C1FF}.Local|Any CPU.ActiveCfg = Local|Any CPU
		{28E1E9C9-6B69-4FD4-A320-816AC0B6C1FF}.Local|Any CPU.Build.0 = Local|Any CPU
		{28E1E9C9-6B69-4FD4-A320-816AC0B6C1FF}.Debug|Any CPU.ActiveCfg = Debug|Any CPU
		{28E1E9C9-6B69-4FD4-A320-816AC0B6C1FF}.Debug|Any CPU.Build.0 = Debug|Any CPU
		{28E1E9C9-6B69-4FD4-A320-816AC0B6C1FF}.Staging|Any CPU.ActiveCfg = Staging|Any CPU
		{28E1E9C9-6B69-4FD4-A320-816AC0B6C1FF}.Staging|Any CPU.Build.0 = Staging|Any CPU
		{28E1E9C9-6B69-4FD4-A320-816AC0B6C1FF}.Release|Any CPU.ActiveCfg = Release|Any CPU
		{28E1E9C9-6B69-4FD4-A320-816AC0B6C1FF}.Release|Any CPU.Build.0 = Release|Any CPU
		{28E1E9C9-6B69-4FD4-A320-816AC0B6C1FF}.Testing|Any CPU.ActiveCfg = Testing|Any CPU
		{28E1E9C9-6B69-4FD4-A320-816AC0B6C1FF}.Testing|Any CPU.Build.0 = Testing|Any CPU
		{28E1E9C9-6B69-4FD4-A320-816AC0B6C1FF}.Dev|Any CPU.ActiveCfg = Testing|Any CPU
		{28E1E9C9-6B69-4FD4-A320-816AC0B6C1FF}.Stage|Any CPU.ActiveCfg = Testing|Any CPU
		{696F23B7-9013-49DD-9E58-F23EAB13CB09}.Local|Any CPU.ActiveCfg = Local|Any CPU
		{696F23B7-9013-49DD-9E58-F23EAB13CB09}.Local|Any CPU.Build.0 = Local|Any CPU
		{696F23B7-9013-49DD-9E58-F23EAB13CB09}.Debug|Any CPU.ActiveCfg = Debug|Any CPU
		{696F23B7-9013-49DD-9E58-F23EAB13CB09}.Debug|Any CPU.Build.0 = Debug|Any CPU
		{696F23B7-9013-49DD-9E58-F23EAB13CB09}.Staging|Any CPU.ActiveCfg = Staging|Any CPU
		{696F23B7-9013-49DD-9E58-F23EAB13CB09}.Staging|Any CPU.Build.0 = Staging|Any CPU
		{696F23B7-9013-49DD-9E58-F23EAB13CB09}.Release|Any CPU.ActiveCfg = Release|Any CPU
		{696F23B7-9013-49DD-9E58-F23EAB13CB09}.Release|Any CPU.Build.0 = Release|Any CPU
		{696F23B7-9013-49DD-9E58-F23EAB13CB09}.Testing|Any CPU.ActiveCfg = Testing|Any CPU
		{696F23B7-9013-49DD-9E58-F23EAB13CB09}.Testing|Any CPU.Build.0 = Testing|Any CPU
		{696F23B7-9013-49DD-9E58-F23EAB13CB09}.Dev|Any CPU.ActiveCfg = Testing|Any CPU
		{696F23B7-9013-49DD-9E58-F23EAB13CB09}.Stage|Any CPU.ActiveCfg = Testing|Any CPU
		{0A9AE575-E9A2-42EB-9E79-8DFEBB8E7386}.Local|Any CPU.ActiveCfg = Local|Any CPU
		{0A9AE575-E9A2-42EB-9E79-8DFEBB8E7386}.Local|Any CPU.Build.0 = Local|Any CPU
		{0A9AE575-E9A2-42EB-9E79-8DFEBB8E7386}.Debug|Any CPU.ActiveCfg = Debug|Any CPU
		{0A9AE575-E9A2-42EB-9E79-8DFEBB8E7386}.Debug|Any CPU.Build.0 = Debug|Any CPU
		{0A9AE575-E9A2-42EB-9E79-8DFEBB8E7386}.Staging|Any CPU.ActiveCfg = Staging|Any CPU
		{0A9AE575-E9A2-42EB-9E79-8DFEBB8E7386}.Staging|Any CPU.Build.0 = Staging|Any CPU
		{0A9AE575-E9A2-42EB-9E79-8DFEBB8E7386}.Release|Any CPU.ActiveCfg = Release|Any CPU
		{0A9AE575-E9A2-42EB-9E79-8DFEBB8E7386}.Release|Any CPU.Build.0 = Release|Any CPU
		{0A9AE575-E9A2-42EB-9E79-8DFEBB8E7386}.Testing|Any CPU.ActiveCfg = Testing|Any CPU
		{0A9AE575-E9A2-42EB-9E79-8DFEBB8E7386}.Testing|Any CPU.Build.0 = Testing|Any CPU
		{0A9AE575-E9A2-42EB-9E79-8DFEBB8E7386}.Dev|Any CPU.ActiveCfg = Testing|Any CPU
		{0A9AE575-E9A2-42EB-9E79-8DFEBB8E7386}.Stage|Any CPU.ActiveCfg = Testing|Any CPU
		{84B917A3-F1EA-4BCB-8350-A3749971175D}.Local|Any CPU.ActiveCfg = Local|Any CPU
		{84B917A3-F1EA-4BCB-8350-A3749971175D}.Local|Any CPU.Build.0 = Local|Any CPU
		{84B917A3-F1EA-4BCB-8350-A3749971175D}.Debug|Any CPU.ActiveCfg = Debug|Any CPU
		{84B917A3-F1EA-4BCB-8350-A3749971175D}.Debug|Any CPU.Build.0 = Debug|Any CPU
		{84B917A3-F1EA-4BCB-8350-A3749971175D}.Staging|Any CPU.ActiveCfg = Staging|Any CPU
		{84B917A3-F1EA-4BCB-8350-A3749971175D}.Staging|Any CPU.Build.0 = Staging|Any CPU
		{84B917A3-F1EA-4BCB-8350-A3749971175D}.Release|Any CPU.ActiveCfg = Release|Any CPU
		{84B917A3-F1EA-4BCB-8350-A3749971175D}.Release|Any CPU.Build.0 = Release|Any CPU
		{84B917A3-F1EA-4BCB-8350-A3749971175D}.Testing|Any CPU.ActiveCfg = Testing|Any CPU
		{84B917A3-F1EA-4BCB-8350-A3749971175D}.Testing|Any CPU.Build.0 = Testing|Any CPU
		{84B917A3-F1EA-4BCB-8350-A3749971175D}.Dev|Any CPU.ActiveCfg = Testing|Any CPU
		{84B917A3-F1EA-4BCB-8350-A3749971175D}.Stage|Any CPU.ActiveCfg = Testing|Any CPU
		{1701C53F-1EB3-4080-9AD9-8F11C1497151}.Local|Any CPU.ActiveCfg = Local|Any CPU
		{1701C53F-1EB3-4080-9AD9-8F11C1497151}.Local|Any CPU.Build.0 = Local|Any CPU
		{1701C53F-1EB3-4080-9AD9-8F11C1497151}.Debug|Any CPU.ActiveCfg = Debug|Any CPU
		{1701C53F-1EB3-4080-9AD9-8F11C1497151}.Debug|Any CPU.Build.0 = Debug|Any CPU
		{1701C53F-1EB3-4080-9AD9-8F11C1497151}.Staging|Any CPU.ActiveCfg = Staging|Any CPU
		{1701C53F-1EB3-4080-9AD9-8F11C1497151}.Staging|Any CPU.Build.0 = Staging|Any CPU
		{1701C53F-1EB3-4080-9AD9-8F11C1497151}.Release|Any CPU.ActiveCfg = Release|Any CPU
		{1701C53F-1EB3-4080-9AD9-8F11C1497151}.Release|Any CPU.Build.0 = Release|Any CPU
		{1701C53F-1EB3-4080-9AD9-8F11C1497151}.Testing|Any CPU.ActiveCfg = Testing|Any CPU
		{1701C53F-1EB3-4080-9AD9-8F11C1497151}.Testing|Any CPU.Build.0 = Testing|Any CPU
		{1701C53F-1EB3-4080-9AD9-8F11C1497151}.Dev|Any CPU.ActiveCfg = Testing|Any CPU
		{1701C53F-1EB3-4080-9AD9-8F11C1497151}.Stage|Any CPU.ActiveCfg = Testing|Any CPU
		{979A926D-C356-44B8-98AE-5876E6CD340C}.Local|Any CPU.ActiveCfg = Local|Any CPU
		{979A926D-C356-44B8-98AE-5876E6CD340C}.Local|Any CPU.Build.0 = Local|Any CPU
		{979A926D-C356-44B8-98AE-5876E6CD340C}.Debug|Any CPU.ActiveCfg = Debug|Any CPU
		{979A926D-C356-44B8-98AE-5876E6CD340C}.Debug|Any CPU.Build.0 = Debug|Any CPU
		{979A926D-C356-44B8-98AE-5876E6CD340C}.Staging|Any CPU.ActiveCfg = Staging|Any CPU
		{979A926D-C356-44B8-98AE-5876E6CD340C}.Staging|Any CPU.Build.0 = Staging|Any CPU
		{979A926D-C356-44B8-98AE-5876E6CD340C}.Release|Any CPU.ActiveCfg = Release|Any CPU
		{979A926D-C356-44B8-98AE-5876E6CD340C}.Release|Any CPU.Build.0 = Release|Any CPU
		{979A926D-C356-44B8-98AE-5876E6CD340C}.Testing|Any CPU.ActiveCfg = Testing|Any CPU
		{979A926D-C356-44B8-98AE-5876E6CD340C}.Testing|Any CPU.Build.0 = Testing|Any CPU
		{979A926D-C356-44B8-98AE-5876E6CD340C}.Dev|Any CPU.ActiveCfg = Testing|Any CPU
		{979A926D-C356-44B8-98AE-5876E6CD340C}.Stage|Any CPU.ActiveCfg = Testing|Any CPU
		{1AFA354E-C764-4191-A1BC-0851C0CE39B7}.Local|Any CPU.ActiveCfg = Local|Any CPU
		{1AFA354E-C764-4191-A1BC-0851C0CE39B7}.Local|Any CPU.Build.0 = Local|Any CPU
		{1AFA354E-C764-4191-A1BC-0851C0CE39B7}.Debug|Any CPU.ActiveCfg = Debug|Any CPU
		{1AFA354E-C764-4191-A1BC-0851C0CE39B7}.Debug|Any CPU.Build.0 = Debug|Any CPU
		{1AFA354E-C764-4191-A1BC-0851C0CE39B7}.Staging|Any CPU.ActiveCfg = Staging|Any CPU
		{1AFA354E-C764-4191-A1BC-0851C0CE39B7}.Staging|Any CPU.Build.0 = Staging|Any CPU
		{1AFA354E-C764-4191-A1BC-0851C0CE39B7}.Release|Any CPU.ActiveCfg = Release|Any CPU
		{1AFA354E-C764-4191-A1BC-0851C0CE39B7}.Release|Any CPU.Build.0 = Release|Any CPU
		{1AFA354E-C764-4191-A1BC-0851C0CE39B7}.Testing|Any CPU.ActiveCfg = Testing|Any CPU
		{1AFA354E-C764-4191-A1BC-0851C0CE39B7}.Testing|Any CPU.Build.0 = Testing|Any CPU
		{1AFA354E-C764-4191-A1BC-0851C0CE39B7}.Dev|Any CPU.ActiveCfg = Testing|Any CPU
		{1AFA354E-C764-4191-A1BC-0851C0CE39B7}.Stage|Any CPU.ActiveCfg = Testing|Any CPU
		{03398EFD-E451-4196-B00B-127E58F36D1E}.Local|Any CPU.ActiveCfg = Local|Any CPU
		{03398EFD-E451-4196-B00B-127E58F36D1E}.Local|Any CPU.Build.0 = Local|Any CPU
		{03398EFD-E451-4196-B00B-127E58F36D1E}.Debug|Any CPU.ActiveCfg = Debug|Any CPU
		{03398EFD-E451-4196-B00B-127E58F36D1E}.Debug|Any CPU.Build.0 = Debug|Any CPU
		{03398EFD-E451-4196-B00B-127E58F36D1E}.Staging|Any CPU.ActiveCfg = Staging|Any CPU
		{03398EFD-E451-4196-B00B-127E58F36D1E}.Staging|Any CPU.Build.0 = Staging|Any CPU
		{03398EFD-E451-4196-B00B-127E58F36D1E}.Release|Any CPU.ActiveCfg = Release|Any CPU
		{03398EFD-E451-4196-B00B-127E58F36D1E}.Release|Any CPU.Build.0 = Release|Any CPU
		{03398EFD-E451-4196-B00B-127E58F36D1E}.Testing|Any CPU.ActiveCfg = Testing|Any CPU
		{03398EFD-E451-4196-B00B-127E58F36D1E}.Testing|Any CPU.Build.0 = Testing|Any CPU
		{03398EFD-E451-4196-B00B-127E58F36D1E}.Dev|Any CPU.ActiveCfg = Testing|Any CPU
		{03398EFD-E451-4196-B00B-127E58F36D1E}.Stage|Any CPU.ActiveCfg = Testing|Any CPU
		{C4AE99CD-9F83-4682-8BD7-1C9E1F69DEB2}.Local|Any CPU.ActiveCfg = Local|Any CPU
		{C4AE99CD-9F83-4682-8BD7-1C9E1F69DEB2}.Local|Any CPU.Build.0 = Local|Any CPU
		{C4AE99CD-9F83-4682-8BD7-1C9E1F69DEB2}.Debug|Any CPU.ActiveCfg = Debug|Any CPU
		{C4AE99CD-9F83-4682-8BD7-1C9E1F69DEB2}.Debug|Any CPU.Build.0 = Debug|Any CPU
		{C4AE99CD-9F83-4682-8BD7-1C9E1F69DEB2}.Staging|Any CPU.ActiveCfg = Staging|Any CPU
		{C4AE99CD-9F83-4682-8BD7-1C9E1F69DEB2}.Staging|Any CPU.Build.0 = Staging|Any CPU
		{C4AE99CD-9F83-4682-8BD7-1C9E1F69DEB2}.Release|Any CPU.ActiveCfg = Release|Any CPU
		{C4AE99CD-9F83-4682-8BD7-1C9E1F69DEB2}.Release|Any CPU.Build.0 = Release|Any CPU
		{C4AE99CD-9F83-4682-8BD7-1C9E1F69DEB2}.Testing|Any CPU.ActiveCfg = Testing|Any CPU
		{C4AE99CD-9F83-4682-8BD7-1C9E1F69DEB2}.Testing|Any CPU.Build.0 = Testing|Any CPU
		{C4AE99CD-9F83-4682-8BD7-1C9E1F69DEB2}.Dev|Any CPU.ActiveCfg = Testing|Any CPU
		{C4AE99CD-9F83-4682-8BD7-1C9E1F69DEB2}.Stage|Any CPU.ActiveCfg = Testing|Any CPU
		{FC2285D2-777A-4069-B7F6-5398222E34A8}.Local|Any CPU.ActiveCfg = Local|Any CPU
		{FC2285D2-777A-4069-B7F6-5398222E34A8}.Local|Any CPU.Build.0 = Local|Any CPU
		{FC2285D2-777A-4069-B7F6-5398222E34A8}.Debug|Any CPU.ActiveCfg = Debug|Any CPU
		{FC2285D2-777A-4069-B7F6-5398222E34A8}.Debug|Any CPU.Build.0 = Debug|Any CPU
		{FC2285D2-777A-4069-B7F6-5398222E34A8}.Staging|Any CPU.ActiveCfg = Staging|Any CPU
		{FC2285D2-777A-4069-B7F6-5398222E34A8}.Staging|Any CPU.Build.0 = Staging|Any CPU
		{FC2285D2-777A-4069-B7F6-5398222E34A8}.Release|Any CPU.ActiveCfg = Release|Any CPU
		{FC2285D2-777A-4069-B7F6-5398222E34A8}.Release|Any CPU.Build.0 = Release|Any CPU
		{FC2285D2-777A-4069-B7F6-5398222E34A8}.Testing|Any CPU.ActiveCfg = Testing|Any CPU
		{FC2285D2-777A-4069-B7F6-5398222E34A8}.Testing|Any CPU.Build.0 = Testing|Any CPU
		{FC2285D2-777A-4069-B7F6-5398222E34A8}.Dev|Any CPU.ActiveCfg = Testing|Any CPU
		{FC2285D2-777A-4069-B7F6-5398222E34A8}.Stage|Any CPU.ActiveCfg = Testing|Any CPU
		{78474752-79BD-4893-8EA4-1AECE92EFB4C}.Local|Any CPU.ActiveCfg = Local|Any CPU
		{78474752-79BD-4893-8EA4-1AECE92EFB4C}.Local|Any CPU.Build.0 = Local|Any CPU
		{78474752-79BD-4893-8EA4-1AECE92EFB4C}.Debug|Any CPU.ActiveCfg = Debug|Any CPU
		{78474752-79BD-4893-8EA4-1AECE92EFB4C}.Debug|Any CPU.Build.0 = Debug|Any CPU
		{78474752-79BD-4893-8EA4-1AECE92EFB4C}.Staging|Any CPU.ActiveCfg = Staging|Any CPU
		{78474752-79BD-4893-8EA4-1AECE92EFB4C}.Staging|Any CPU.Build.0 = Staging|Any CPU
		{78474752-79BD-4893-8EA4-1AECE92EFB4C}.Release|Any CPU.ActiveCfg = Release|Any CPU
		{78474752-79BD-4893-8EA4-1AECE92EFB4C}.Release|Any CPU.Build.0 = Release|Any CPU
		{78474752-79BD-4893-8EA4-1AECE92EFB4C}.Testing|Any CPU.ActiveCfg = Testing|Any CPU
		{78474752-79BD-4893-8EA4-1AECE92EFB4C}.Testing|Any CPU.Build.0 = Testing|Any CPU
		{78474752-79BD-4893-8EA4-1AECE92EFB4C}.Dev|Any CPU.ActiveCfg = Testing|Any CPU
		{78474752-79BD-4893-8EA4-1AECE92EFB4C}.Stage|Any CPU.ActiveCfg = Testing|Any CPU
		{CD9D6AFF-C395-40E1-99CC-B06F85A0D087}.Local|Any CPU.ActiveCfg = Local|Any CPU
		{CD9D6AFF-C395-40E1-99CC-B06F85A0D087}.Local|Any CPU.Build.0 = Local|Any CPU
		{CD9D6AFF-C395-40E1-99CC-B06F85A0D087}.Debug|Any CPU.ActiveCfg = Debug|Any CPU
		{CD9D6AFF-C395-40E1-99CC-B06F85A0D087}.Debug|Any CPU.Build.0 = Debug|Any CPU
		{CD9D6AFF-C395-40E1-99CC-B06F85A0D087}.Staging|Any CPU.ActiveCfg = Staging|Any CPU
		{CD9D6AFF-C395-40E1-99CC-B06F85A0D087}.Staging|Any CPU.Build.0 = Staging|Any CPU
		{CD9D6AFF-C395-40E1-99CC-B06F85A0D087}.Release|Any CPU.ActiveCfg = Release|Any CPU
		{CD9D6AFF-C395-40E1-99CC-B06F85A0D087}.Release|Any CPU.Build.0 = Release|Any CPU
		{CD9D6AFF-C395-40E1-99CC-B06F85A0D087}.Testing|Any CPU.ActiveCfg = Testing|Any CPU
		{CD9D6AFF-C395-40E1-99CC-B06F85A0D087}.Testing|Any CPU.Build.0 = Testing|Any CPU
		{CD9D6AFF-C395-40E1-99CC-B06F85A0D087}.Dev|Any CPU.ActiveCfg = Testing|Any CPU
		{CD9D6AFF-C395-40E1-99CC-B06F85A0D087}.Stage|Any CPU.ActiveCfg = Testing|Any CPU
		{530E68C6-73B6-484B-A0D8-4F4C96D6BB28}.Local|Any CPU.ActiveCfg = Local|Any CPU
		{530E68C6-73B6-484B-A0D8-4F4C96D6BB28}.Local|Any CPU.Build.0 = Local|Any CPU
		{530E68C6-73B6-484B-A0D8-4F4C96D6BB28}.Debug|Any CPU.ActiveCfg = Debug|Any CPU
		{530E68C6-73B6-484B-A0D8-4F4C96D6BB28}.Debug|Any CPU.Build.0 = Debug|Any CPU
		{530E68C6-73B6-484B-A0D8-4F4C96D6BB28}.Staging|Any CPU.ActiveCfg = Staging|Any CPU
		{530E68C6-73B6-484B-A0D8-4F4C96D6BB28}.Staging|Any CPU.Build.0 = Staging|Any CPU
		{530E68C6-73B6-484B-A0D8-4F4C96D6BB28}.Release|Any CPU.ActiveCfg = Release|Any CPU
		{530E68C6-73B6-484B-A0D8-4F4C96D6BB28}.Release|Any CPU.Build.0 = Release|Any CPU
		{530E68C6-73B6-484B-A0D8-4F4C96D6BB28}.Testing|Any CPU.ActiveCfg = Testing|Any CPU
		{530E68C6-73B6-484B-A0D8-4F4C96D6BB28}.Testing|Any CPU.Build.0 = Testing|Any CPU
		{530E68C6-73B6-484B-A0D8-4F4C96D6BB28}.Dev|Any CPU.ActiveCfg = Testing|Any CPU
		{530E68C6-73B6-484B-A0D8-4F4C96D6BB28}.Stage|Any CPU.ActiveCfg = Testing|Any CPU
		{412C10C7-A00E-4817-A43F-0F51CC95E059}.Local|Any CPU.ActiveCfg = Local|Any CPU
		{412C10C7-A00E-4817-A43F-0F51CC95E059}.Local|Any CPU.Build.0 = Local|Any CPU
		{412C10C7-A00E-4817-A43F-0F51CC95E059}.Debug|Any CPU.ActiveCfg = Debug|Any CPU
		{412C10C7-A00E-4817-A43F-0F51CC95E059}.Debug|Any CPU.Build.0 = Debug|Any CPU
		{412C10C7-A00E-4817-A43F-0F51CC95E059}.Staging|Any CPU.ActiveCfg = Staging|Any CPU
		{412C10C7-A00E-4817-A43F-0F51CC95E059}.Staging|Any CPU.Build.0 = Staging|Any CPU
		{412C10C7-A00E-4817-A43F-0F51CC95E059}.Release|Any CPU.ActiveCfg = Release|Any CPU
		{412C10C7-A00E-4817-A43F-0F51CC95E059}.Release|Any CPU.Build.0 = Release|Any CPU
		{412C10C7-A00E-4817-A43F-0F51CC95E059}.Testing|Any CPU.ActiveCfg = Testing|Any CPU
		{412C10C7-A00E-4817-A43F-0F51CC95E059}.Testing|Any CPU.Build.0 = Testing|Any CPU
		{412C10C7-A00E-4817-A43F-0F51CC95E059}.Dev|Any CPU.ActiveCfg = Testing|Any CPU
		{412C10C7-A00E-4817-A43F-0F51CC95E059}.Stage|Any CPU.ActiveCfg = Testing|Any CPU
		{12B2F839-5341-40AF-8516-4F6D03FD6B0F}.Local|Any CPU.ActiveCfg = Local|Any CPU
		{12B2F839-5341-40AF-8516-4F6D03FD6B0F}.Local|Any CPU.Build.0 = Local|Any CPU
		{12B2F839-5341-40AF-8516-4F6D03FD6B0F}.Debug|Any CPU.ActiveCfg = Debug|Any CPU
		{12B2F839-5341-40AF-8516-4F6D03FD6B0F}.Debug|Any CPU.Build.0 = Debug|Any CPU
		{12B2F839-5341-40AF-8516-4F6D03FD6B0F}.Staging|Any CPU.ActiveCfg = Staging|Any CPU
		{12B2F839-5341-40AF-8516-4F6D03FD6B0F}.Staging|Any CPU.Build.0 = Staging|Any CPU
		{12B2F839-5341-40AF-8516-4F6D03FD6B0F}.Release|Any CPU.ActiveCfg = Release|Any CPU
		{12B2F839-5341-40AF-8516-4F6D03FD6B0F}.Release|Any CPU.Build.0 = Release|Any CPU
		{12B2F839-5341-40AF-8516-4F6D03FD6B0F}.Testing|Any CPU.ActiveCfg = Testing|Any CPU
		{12B2F839-5341-40AF-8516-4F6D03FD6B0F}.Testing|Any CPU.Build.0 = Testing|Any CPU
		{12B2F839-5341-40AF-8516-4F6D03FD6B0F}.Dev|Any CPU.ActiveCfg = Testing|Any CPU
		{12B2F839-5341-40AF-8516-4F6D03FD6B0F}.Stage|Any CPU.ActiveCfg = Testing|Any CPU
		{BE4958BC-3FCC-4FBA-9A79-54BDFE91E515}.Local|Any CPU.ActiveCfg = Local|Any CPU
		{BE4958BC-3FCC-4FBA-9A79-54BDFE91E515}.Local|Any CPU.Build.0 = Local|Any CPU
		{BE4958BC-3FCC-4FBA-9A79-54BDFE91E515}.Debug|Any CPU.ActiveCfg = Debug|Any CPU
		{BE4958BC-3FCC-4FBA-9A79-54BDFE91E515}.Debug|Any CPU.Build.0 = Debug|Any CPU
		{BE4958BC-3FCC-4FBA-9A79-54BDFE91E515}.Staging|Any CPU.ActiveCfg = Staging|Any CPU
		{BE4958BC-3FCC-4FBA-9A79-54BDFE91E515}.Staging|Any CPU.Build.0 = Staging|Any CPU
		{BE4958BC-3FCC-4FBA-9A79-54BDFE91E515}.Release|Any CPU.ActiveCfg = Release|Any CPU
		{BE4958BC-3FCC-4FBA-9A79-54BDFE91E515}.Release|Any CPU.Build.0 = Release|Any CPU
		{BE4958BC-3FCC-4FBA-9A79-54BDFE91E515}.Testing|Any CPU.ActiveCfg = Testing|Any CPU
		{BE4958BC-3FCC-4FBA-9A79-54BDFE91E515}.Testing|Any CPU.Build.0 = Testing|Any CPU
		{BE4958BC-3FCC-4FBA-9A79-54BDFE91E515}.Dev|Any CPU.ActiveCfg = Testing|Any CPU
		{BE4958BC-3FCC-4FBA-9A79-54BDFE91E515}.Stage|Any CPU.ActiveCfg = Testing|Any CPU
		{EF8345D4-3555-4007-9D1E-D25CC54A34AA}.Local|Any CPU.ActiveCfg = Local|Any CPU
		{EF8345D4-3555-4007-9D1E-D25CC54A34AA}.Local|Any CPU.Build.0 = Local|Any CPU
		{EF8345D4-3555-4007-9D1E-D25CC54A34AA}.Debug|Any CPU.ActiveCfg = Debug|Any CPU
		{EF8345D4-3555-4007-9D1E-D25CC54A34AA}.Debug|Any CPU.Build.0 = Debug|Any CPU
		{EF8345D4-3555-4007-9D1E-D25CC54A34AA}.Staging|Any CPU.ActiveCfg = Staging|Any CPU
		{EF8345D4-3555-4007-9D1E-D25CC54A34AA}.Staging|Any CPU.Build.0 = Staging|Any CPU
		{EF8345D4-3555-4007-9D1E-D25CC54A34AA}.Release|Any CPU.ActiveCfg = Release|Any CPU
		{EF8345D4-3555-4007-9D1E-D25CC54A34AA}.Release|Any CPU.Build.0 = Release|Any CPU
		{EF8345D4-3555-4007-9D1E-D25CC54A34AA}.Testing|Any CPU.ActiveCfg = Testing|Any CPU
		{EF8345D4-3555-4007-9D1E-D25CC54A34AA}.Testing|Any CPU.Build.0 = Testing|Any CPU
		{EF8345D4-3555-4007-9D1E-D25CC54A34AA}.Dev|Any CPU.ActiveCfg = Testing|Any CPU
		{EF8345D4-3555-4007-9D1E-D25CC54A34AA}.Stage|Any CPU.ActiveCfg = Testing|Any CPU
		{5119772D-1C45-4C95-AD35-AA7EAA84EFA0}.Local|Any CPU.ActiveCfg = Local|Any CPU
		{5119772D-1C45-4C95-AD35-AA7EAA84EFA0}.Local|Any CPU.Build.0 = Local|Any CPU
		{5119772D-1C45-4C95-AD35-AA7EAA84EFA0}.Debug|Any CPU.ActiveCfg = Debug|Any CPU
		{5119772D-1C45-4C95-AD35-AA7EAA84EFA0}.Debug|Any CPU.Build.0 = Debug|Any CPU
		{5119772D-1C45-4C95-AD35-AA7EAA84EFA0}.Staging|Any CPU.ActiveCfg = Staging|Any CPU
		{5119772D-1C45-4C95-AD35-AA7EAA84EFA0}.Staging|Any CPU.Build.0 = Staging|Any CPU
		{5119772D-1C45-4C95-AD35-AA7EAA84EFA0}.Release|Any CPU.ActiveCfg = Release|Any CPU
		{5119772D-1C45-4C95-AD35-AA7EAA84EFA0}.Release|Any CPU.Build.0 = Release|Any CPU
		{5119772D-1C45-4C95-AD35-AA7EAA84EFA0}.Testing|Any CPU.ActiveCfg = Testing|Any CPU
		{5119772D-1C45-4C95-AD35-AA7EAA84EFA0}.Testing|Any CPU.Build.0 = Testing|Any CPU
		{5119772D-1C45-4C95-AD35-AA7EAA84EFA0}.Dev|Any CPU.ActiveCfg = Testing|Any CPU
		{5119772D-1C45-4C95-AD35-AA7EAA84EFA0}.Stage|Any CPU.ActiveCfg = Testing|Any CPU
		{EB725B9F-D469-4BA5-8AB3-FF98F85DD6D5}.Local|Any CPU.ActiveCfg = Local|Any CPU
		{EB725B9F-D469-4BA5-8AB3-FF98F85DD6D5}.Local|Any CPU.Build.0 = Local|Any CPU
		{EB725B9F-D469-4BA5-8AB3-FF98F85DD6D5}.Debug|Any CPU.ActiveCfg = Debug|Any CPU
		{EB725B9F-D469-4BA5-8AB3-FF98F85DD6D5}.Debug|Any CPU.Build.0 = Debug|Any CPU
		{EB725B9F-D469-4BA5-8AB3-FF98F85DD6D5}.Staging|Any CPU.ActiveCfg = Staging|Any CPU
		{EB725B9F-D469-4BA5-8AB3-FF98F85DD6D5}.Staging|Any CPU.Build.0 = Staging|Any CPU
		{EB725B9F-D469-4BA5-8AB3-FF98F85DD6D5}.Release|Any CPU.ActiveCfg = Release|Any CPU
		{EB725B9F-D469-4BA5-8AB3-FF98F85DD6D5}.Release|Any CPU.Build.0 = Release|Any CPU
		{EB725B9F-D469-4BA5-8AB3-FF98F85DD6D5}.Testing|Any CPU.ActiveCfg = Testing|Any CPU
		{EB725B9F-D469-4BA5-8AB3-FF98F85DD6D5}.Testing|Any CPU.Build.0 = Testing|Any CPU
		{EB725B9F-D469-4BA5-8AB3-FF98F85DD6D5}.Dev|Any CPU.ActiveCfg = Testing|Any CPU
		{EB725B9F-D469-4BA5-8AB3-FF98F85DD6D5}.Stage|Any CPU.ActiveCfg = Testing|Any CPU
		{EF4EF483-8437-4CF9-8C0C-65B6A7E4B8E2}.Local|Any CPU.ActiveCfg = Local|Any CPU
		{EF4EF483-8437-4CF9-8C0C-65B6A7E4B8E2}.Local|Any CPU.Build.0 = Local|Any CPU
		{EF4EF483-8437-4CF9-8C0C-65B6A7E4B8E2}.Debug|Any CPU.ActiveCfg = Debug|Any CPU
		{EF4EF483-8437-4CF9-8C0C-65B6A7E4B8E2}.Debug|Any CPU.Build.0 = Debug|Any CPU
		{EF4EF483-8437-4CF9-8C0C-65B6A7E4B8E2}.Staging|Any CPU.ActiveCfg = Staging|Any CPU
		{EF4EF483-8437-4CF9-8C0C-65B6A7E4B8E2}.Staging|Any CPU.Build.0 = Staging|Any CPU
		{EF4EF483-8437-4CF9-8C0C-65B6A7E4B8E2}.Release|Any CPU.ActiveCfg = Release|Any CPU
		{EF4EF483-8437-4CF9-8C0C-65B6A7E4B8E2}.Release|Any CPU.Build.0 = Release|Any CPU
		{EF4EF483-8437-4CF9-8C0C-65B6A7E4B8E2}.Testing|Any CPU.ActiveCfg = Testing|Any CPU
		{EF4EF483-8437-4CF9-8C0C-65B6A7E4B8E2}.Testing|Any CPU.Build.0 = Testing|Any CPU
		{EF4EF483-8437-4CF9-8C0C-65B6A7E4B8E2}.Dev|Any CPU.ActiveCfg = Testing|Any CPU
		{EF4EF483-8437-4CF9-8C0C-65B6A7E4B8E2}.Stage|Any CPU.ActiveCfg = Testing|Any CPU
		{B91D75D6-E81B-4C7F-8331-216E19952A33}.Local|Any CPU.ActiveCfg = Local|Any CPU
		{B91D75D6-E81B-4C7F-8331-216E19952A33}.Local|Any CPU.Build.0 = Local|Any CPU
		{B91D75D6-E81B-4C7F-8331-216E19952A33}.Debug|Any CPU.ActiveCfg = Debug|Any CPU
		{B91D75D6-E81B-4C7F-8331-216E19952A33}.Debug|Any CPU.Build.0 = Debug|Any CPU
		{B91D75D6-E81B-4C7F-8331-216E19952A33}.Staging|Any CPU.ActiveCfg = Staging|Any CPU
		{B91D75D6-E81B-4C7F-8331-216E19952A33}.Staging|Any CPU.Build.0 = Staging|Any CPU
		{B91D75D6-E81B-4C7F-8331-216E19952A33}.Release|Any CPU.ActiveCfg = Release|Any CPU
		{B91D75D6-E81B-4C7F-8331-216E19952A33}.Release|Any CPU.Build.0 = Release|Any CPU
		{B91D75D6-E81B-4C7F-8331-216E19952A33}.Testing|Any CPU.ActiveCfg = Testing|Any CPU
		{B91D75D6-E81B-4C7F-8331-216E19952A33}.Testing|Any CPU.Build.0 = Testing|Any CPU
		{B91D75D6-E81B-4C7F-8331-216E19952A33}.Dev|Any CPU.ActiveCfg = Testing|Any CPU
		{B91D75D6-E81B-4C7F-8331-216E19952A33}.Stage|Any CPU.ActiveCfg = Testing|Any CPU
		{07A813F6-07C1-4A7B-8AC2-7208F5F22DA9}.Local|Any CPU.ActiveCfg = Local|Any CPU
		{07A813F6-07C1-4A7B-8AC2-7208F5F22DA9}.Local|Any CPU.Build.0 = Local|Any CPU
		{07A813F6-07C1-4A7B-8AC2-7208F5F22DA9}.Debug|Any CPU.ActiveCfg = Debug|Any CPU
		{07A813F6-07C1-4A7B-8AC2-7208F5F22DA9}.Debug|Any CPU.Build.0 = Debug|Any CPU
		{07A813F6-07C1-4A7B-8AC2-7208F5F22DA9}.Staging|Any CPU.ActiveCfg = Staging|Any CPU
		{07A813F6-07C1-4A7B-8AC2-7208F5F22DA9}.Staging|Any CPU.Build.0 = Staging|Any CPU
		{07A813F6-07C1-4A7B-8AC2-7208F5F22DA9}.Release|Any CPU.ActiveCfg = Release|Any CPU
		{07A813F6-07C1-4A7B-8AC2-7208F5F22DA9}.Release|Any CPU.Build.0 = Release|Any CPU
		{07A813F6-07C1-4A7B-8AC2-7208F5F22DA9}.Testing|Any CPU.ActiveCfg = Testing|Any CPU
		{07A813F6-07C1-4A7B-8AC2-7208F5F22DA9}.Testing|Any CPU.Build.0 = Testing|Any CPU
		{07A813F6-07C1-4A7B-8AC2-7208F5F22DA9}.Dev|Any CPU.ActiveCfg = Testing|Any CPU
		{07A813F6-07C1-4A7B-8AC2-7208F5F22DA9}.Stage|Any CPU.ActiveCfg = Testing|Any CPU
		{AC1B9BB7-0A14-45AE-8566-EF0DC41E13B2}.Local|Any CPU.ActiveCfg = Local|Any CPU
		{AC1B9BB7-0A14-45AE-8566-EF0DC41E13B2}.Local|Any CPU.Build.0 = Local|Any CPU
		{AC1B9BB7-0A14-45AE-8566-EF0DC41E13B2}.Debug|Any CPU.ActiveCfg = Debug|Any CPU
		{AC1B9BB7-0A14-45AE-8566-EF0DC41E13B2}.Debug|Any CPU.Build.0 = Debug|Any CPU
		{AC1B9BB7-0A14-45AE-8566-EF0DC41E13B2}.Staging|Any CPU.ActiveCfg = Staging|Any CPU
		{AC1B9BB7-0A14-45AE-8566-EF0DC41E13B2}.Staging|Any CPU.Build.0 = Staging|Any CPU
		{AC1B9BB7-0A14-45AE-8566-EF0DC41E13B2}.Release|Any CPU.ActiveCfg = Release|Any CPU
		{AC1B9BB7-0A14-45AE-8566-EF0DC41E13B2}.Release|Any CPU.Build.0 = Release|Any CPU
		{AC1B9BB7-0A14-45AE-8566-EF0DC41E13B2}.Testing|Any CPU.ActiveCfg = Testing|Any CPU
		{AC1B9BB7-0A14-45AE-8566-EF0DC41E13B2}.Testing|Any CPU.Build.0 = Testing|Any CPU
		{AC1B9BB7-0A14-45AE-8566-EF0DC41E13B2}.Dev|Any CPU.ActiveCfg = Testing|Any CPU
		{AC1B9BB7-0A14-45AE-8566-EF0DC41E13B2}.Stage|Any CPU.ActiveCfg = Testing|Any CPU
		{2DD0CCF9-C433-4C57-83B2-B24DB17621B4}.Local|Any CPU.ActiveCfg = Local|Any CPU
		{2DD0CCF9-C433-4C57-83B2-B24DB17621B4}.Local|Any CPU.Build.0 = Local|Any CPU
		{2DD0CCF9-C433-4C57-83B2-B24DB17621B4}.Debug|Any CPU.ActiveCfg = Debug|Any CPU
		{2DD0CCF9-C433-4C57-83B2-B24DB17621B4}.Debug|Any CPU.Build.0 = Debug|Any CPU
		{2DD0CCF9-C433-4C57-83B2-B24DB17621B4}.Staging|Any CPU.ActiveCfg = Staging|Any CPU
		{2DD0CCF9-C433-4C57-83B2-B24DB17621B4}.Staging|Any CPU.Build.0 = Staging|Any CPU
		{2DD0CCF9-C433-4C57-83B2-B24DB17621B4}.Release|Any CPU.ActiveCfg = Release|Any CPU
		{2DD0CCF9-C433-4C57-83B2-B24DB17621B4}.Release|Any CPU.Build.0 = Release|Any CPU
		{2DD0CCF9-C433-4C57-83B2-B24DB17621B4}.Testing|Any CPU.ActiveCfg = Testing|Any CPU
		{2DD0CCF9-C433-4C57-83B2-B24DB17621B4}.Testing|Any CPU.Build.0 = Testing|Any CPU
		{2DD0CCF9-C433-4C57-83B2-B24DB17621B4}.Dev|Any CPU.ActiveCfg = Testing|Any CPU
		{2DD0CCF9-C433-4C57-83B2-B24DB17621B4}.Stage|Any CPU.ActiveCfg = Testing|Any CPU
		{1710B1D4-01AF-459D-8DD0-63F016F18C7E}.Local|Any CPU.ActiveCfg = Local|Any CPU
		{1710B1D4-01AF-459D-8DD0-63F016F18C7E}.Local|Any CPU.Build.0 = Local|Any CPU
		{1710B1D4-01AF-459D-8DD0-63F016F18C7E}.Debug|Any CPU.ActiveCfg = Debug|Any CPU
		{1710B1D4-01AF-459D-8DD0-63F016F18C7E}.Debug|Any CPU.Build.0 = Debug|Any CPU
		{1710B1D4-01AF-459D-8DD0-63F016F18C7E}.Staging|Any CPU.ActiveCfg = Staging|Any CPU
		{1710B1D4-01AF-459D-8DD0-63F016F18C7E}.Staging|Any CPU.Build.0 = Staging|Any CPU
		{1710B1D4-01AF-459D-8DD0-63F016F18C7E}.Release|Any CPU.ActiveCfg = Release|Any CPU
		{1710B1D4-01AF-459D-8DD0-63F016F18C7E}.Release|Any CPU.Build.0 = Release|Any CPU
		{1710B1D4-01AF-459D-8DD0-63F016F18C7E}.Testing|Any CPU.ActiveCfg = Testing|Any CPU
		{1710B1D4-01AF-459D-8DD0-63F016F18C7E}.Testing|Any CPU.Build.0 = Testing|Any CPU
		{1710B1D4-01AF-459D-8DD0-63F016F18C7E}.Dev|Any CPU.ActiveCfg = Testing|Any CPU
		{1710B1D4-01AF-459D-8DD0-63F016F18C7E}.Stage|Any CPU.ActiveCfg = Testing|Any CPU
		{A751A243-20F3-4225-AB1E-9D9B93729992}.Local|Any CPU.ActiveCfg = Local|Any CPU
		{A751A243-20F3-4225-AB1E-9D9B93729992}.Local|Any CPU.Build.0 = Local|Any CPU
		{A751A243-20F3-4225-AB1E-9D9B93729992}.Debug|Any CPU.ActiveCfg = Debug|Any CPU
		{A751A243-20F3-4225-AB1E-9D9B93729992}.Debug|Any CPU.Build.0 = Debug|Any CPU
		{A751A243-20F3-4225-AB1E-9D9B93729992}.Staging|Any CPU.ActiveCfg = Staging|Any CPU
		{A751A243-20F3-4225-AB1E-9D9B93729992}.Staging|Any CPU.Build.0 = Staging|Any CPU
		{A751A243-20F3-4225-AB1E-9D9B93729992}.Release|Any CPU.ActiveCfg = Release|Any CPU
		{A751A243-20F3-4225-AB1E-9D9B93729992}.Release|Any CPU.Build.0 = Release|Any CPU
		{A751A243-20F3-4225-AB1E-9D9B93729992}.Testing|Any CPU.ActiveCfg = Testing|Any CPU
		{A751A243-20F3-4225-AB1E-9D9B93729992}.Testing|Any CPU.Build.0 = Testing|Any CPU
		{A751A243-20F3-4225-AB1E-9D9B93729992}.Dev|Any CPU.ActiveCfg = Testing|Any CPU
		{A751A243-20F3-4225-AB1E-9D9B93729992}.Stage|Any CPU.ActiveCfg = Testing|Any CPU
		{9459115F-0A66-4F1F-B0BF-27DBC72F20E7}.Local|Any CPU.ActiveCfg = Local|Any CPU
		{9459115F-0A66-4F1F-B0BF-27DBC72F20E7}.Local|Any CPU.Build.0 = Local|Any CPU
		{9459115F-0A66-4F1F-B0BF-27DBC72F20E7}.Debug|Any CPU.ActiveCfg = Debug|Any CPU
		{9459115F-0A66-4F1F-B0BF-27DBC72F20E7}.Debug|Any CPU.Build.0 = Debug|Any CPU
		{9459115F-0A66-4F1F-B0BF-27DBC72F20E7}.Staging|Any CPU.ActiveCfg = Staging|Any CPU
		{9459115F-0A66-4F1F-B0BF-27DBC72F20E7}.Staging|Any CPU.Build.0 = Staging|Any CPU
		{9459115F-0A66-4F1F-B0BF-27DBC72F20E7}.Release|Any CPU.ActiveCfg = Release|Any CPU
		{9459115F-0A66-4F1F-B0BF-27DBC72F20E7}.Release|Any CPU.Build.0 = Release|Any CPU
		{9459115F-0A66-4F1F-B0BF-27DBC72F20E7}.Testing|Any CPU.ActiveCfg = Testing|Any CPU
		{9459115F-0A66-4F1F-B0BF-27DBC72F20E7}.Testing|Any CPU.Build.0 = Testing|Any CPU
		{9459115F-0A66-4F1F-B0BF-27DBC72F20E7}.Dev|Any CPU.ActiveCfg = Testing|Any CPU
		{9459115F-0A66-4F1F-B0BF-27DBC72F20E7}.Stage|Any CPU.ActiveCfg = Testing|Any CPU
		{A7B874DC-6079-44E4-AA7C-3FC0EEB6CEAA}.Local|Any CPU.ActiveCfg = Local|Any CPU
		{A7B874DC-6079-44E4-AA7C-3FC0EEB6CEAA}.Local|Any CPU.Build.0 = Local|Any CPU
		{A7B874DC-6079-44E4-AA7C-3FC0EEB6CEAA}.Debug|Any CPU.ActiveCfg = Debug|Any CPU
		{A7B874DC-6079-44E4-AA7C-3FC0EEB6CEAA}.Debug|Any CPU.Build.0 = Debug|Any CPU
		{A7B874DC-6079-44E4-AA7C-3FC0EEB6CEAA}.Staging|Any CPU.ActiveCfg = Staging|Any CPU
		{A7B874DC-6079-44E4-AA7C-3FC0EEB6CEAA}.Staging|Any CPU.Build.0 = Staging|Any CPU
		{A7B874DC-6079-44E4-AA7C-3FC0EEB6CEAA}.Release|Any CPU.ActiveCfg = Release|Any CPU
		{A7B874DC-6079-44E4-AA7C-3FC0EEB6CEAA}.Release|Any CPU.Build.0 = Release|Any CPU
		{A7B874DC-6079-44E4-AA7C-3FC0EEB6CEAA}.Testing|Any CPU.ActiveCfg = Testing|Any CPU
		{A7B874DC-6079-44E4-AA7C-3FC0EEB6CEAA}.Testing|Any CPU.Build.0 = Testing|Any CPU
		{A7B874DC-6079-44E4-AA7C-3FC0EEB6CEAA}.Dev|Any CPU.ActiveCfg = Testing|Any CPU
		{A7B874DC-6079-44E4-AA7C-3FC0EEB6CEAA}.Stage|Any CPU.ActiveCfg = Testing|Any CPU
	EndGlobalSection
	GlobalSection(SolutionProperties) = preSolution
		HideSolutionNode = FALSE
	EndGlobalSection
	GlobalSection(NestedProjects) = preSolution
		{B8480F0F-D578-4FDE-B261-861F803605A1} = {0CA59417-42DA-4B59-9051-049E6F11AEC7}
		{6F042BC7-61FF-44EE-998D-531C1E71FBCB} = {1F88C967-05D2-45E4-A7EA-1345E96BAA38}
		{FA19C4D9-9817-4F36-AC19-E02C952F80C4} = {1F88C967-05D2-45E4-A7EA-1345E96BAA38}
		{27CD26A6-400E-4CEA-9B9D-871B8518C958} = {1F88C967-05D2-45E4-A7EA-1345E96BAA38}
		{1566336D-B5F2-465E-9FC8-C0F4AF06D74B} = {1F88C967-05D2-45E4-A7EA-1345E96BAA38}
		{8B2E2F56-B7A4-4E28-9E6D-C5CD7F8F876E} = {1F88C967-05D2-45E4-A7EA-1345E96BAA38}
		{79D9B889-94E3-4D7B-8F69-8B609F9CDAB6} = {1F88C967-05D2-45E4-A7EA-1345E96BAA38}
		{1B83224B-9221-483E-906C-10DF082CD893} = {1F88C967-05D2-45E4-A7EA-1345E96BAA38}
		{AA12A0A4-1D20-4498-AA10-BA81140E5447} = {1F88C967-05D2-45E4-A7EA-1345E96BAA38}
		{69B1C8FA-2A07-4BD1-B485-739195D5C7F7} = {1F88C967-05D2-45E4-A7EA-1345E96BAA38}
		{ACB57137-E949-4C3F-8B18-23AA7DFBEF25} = {1F88C967-05D2-45E4-A7EA-1345E96BAA38}
		{B582A953-1F88-4093-BBC5-FE9C4C00FA4D} = {1F88C967-05D2-45E4-A7EA-1345E96BAA38}
		{A49B3EE8-8551-4DBE-905A-9DC2118886C0} = {1F88C967-05D2-45E4-A7EA-1345E96BAA38}
		{28E1E9C9-6B69-4FD4-A320-816AC0B6C1FF} = {1F88C967-05D2-45E4-A7EA-1345E96BAA38}
		{696F23B7-9013-49DD-9E58-F23EAB13CB09} = {1F88C967-05D2-45E4-A7EA-1345E96BAA38}
		{0A9AE575-E9A2-42EB-9E79-8DFEBB8E7386} = {1F88C967-05D2-45E4-A7EA-1345E96BAA38}
		{84B917A3-F1EA-4BCB-8350-A3749971175D} = {1F88C967-05D2-45E4-A7EA-1345E96BAA38}
		{1701C53F-1EB3-4080-9AD9-8F11C1497151} = {1F88C967-05D2-45E4-A7EA-1345E96BAA38}
		{979A926D-C356-44B8-98AE-5876E6CD340C} = {1F88C967-05D2-45E4-A7EA-1345E96BAA38}
		{1AFA354E-C764-4191-A1BC-0851C0CE39B7} = {1F88C967-05D2-45E4-A7EA-1345E96BAA38}
		{03398EFD-E451-4196-B00B-127E58F36D1E} = {1F88C967-05D2-45E4-A7EA-1345E96BAA38}
		{C4AE99CD-9F83-4682-8BD7-1C9E1F69DEB2} = {1F88C967-05D2-45E4-A7EA-1345E96BAA38}
		{FC2285D2-777A-4069-B7F6-5398222E34A8} = {1F88C967-05D2-45E4-A7EA-1345E96BAA38}
		{78474752-79BD-4893-8EA4-1AECE92EFB4C} = {1F88C967-05D2-45E4-A7EA-1345E96BAA38}
		{CD9D6AFF-C395-40E1-99CC-B06F85A0D087} = {1F88C967-05D2-45E4-A7EA-1345E96BAA38}
		{530E68C6-73B6-484B-A0D8-4F4C96D6BB28} = {1F88C967-05D2-45E4-A7EA-1345E96BAA38}
		{412C10C7-A00E-4817-A43F-0F51CC95E059} = {1F88C967-05D2-45E4-A7EA-1345E96BAA38}
		{12B2F839-5341-40AF-8516-4F6D03FD6B0F} = {1F88C967-05D2-45E4-A7EA-1345E96BAA38}
		{BE4958BC-3FCC-4FBA-9A79-54BDFE91E515} = {1F88C967-05D2-45E4-A7EA-1345E96BAA38}
		{EF8345D4-3555-4007-9D1E-D25CC54A34AA} = {1F88C967-05D2-45E4-A7EA-1345E96BAA38}
		{5119772D-1C45-4C95-AD35-AA7EAA84EFA0} = {1F88C967-05D2-45E4-A7EA-1345E96BAA38}
		{EB725B9F-D469-4BA5-8AB3-FF98F85DD6D5} = {1F88C967-05D2-45E4-A7EA-1345E96BAA38}
		{EF4EF483-8437-4CF9-8C0C-65B6A7E4B8E2} = {1F88C967-05D2-45E4-A7EA-1345E96BAA38}
		{B91D75D6-E81B-4C7F-8331-216E19952A33} = {1F88C967-05D2-45E4-A7EA-1345E96BAA38}
		{07A813F6-07C1-4A7B-8AC2-7208F5F22DA9} = {1F88C967-05D2-45E4-A7EA-1345E96BAA38}
		{AC1B9BB7-0A14-45AE-8566-EF0DC41E13B2} = {1F88C967-05D2-45E4-A7EA-1345E96BAA38}
		{2DD0CCF9-C433-4C57-83B2-B24DB17621B4} = {1F88C967-05D2-45E4-A7EA-1345E96BAA38}
		{1710B1D4-01AF-459D-8DD0-63F016F18C7E} = {1F88C967-05D2-45E4-A7EA-1345E96BAA38}
		{A751A243-20F3-4225-AB1E-9D9B93729992} = {1F88C967-05D2-45E4-A7EA-1345E96BAA38}
		{9459115F-0A66-4F1F-B0BF-27DBC72F20E7} = {1F88C967-05D2-45E4-A7EA-1345E96BAA38}
		{A7B874DC-6079-44E4-AA7C-3FC0EEB6CEAA} = {1F88C967-05D2-45E4-A7EA-1345E96BAA38}
	EndGlobalSection
	GlobalSection(ExtensibilityGlobals) = postSolution
		SolutionGuid = {001BC0DC-5658-43E3-9BF3-C02AFACA971F}
	EndGlobalSection
EndGlobal
