Microsoft Visual Studio Solution File, Format Version 12.00
Project("{34EAC930-E0CA-420B-BD8C-86042DD9E676}") = "Usings", "Usings.slnproj", "{B8480F0F-D578-4FDE-B261-861F803605A1}"
EndProject
Project("{DCDA4A0A-0A5E-4522-B6C4-80513D0753CD}") = "Aardvark", "Aardvark.usings", "{82199A80-A108-40BE-B605-F0626E899BF8}"
EndProject
Project("{DCDA4A0A-0A5E-4522-B6C4-80513D0753CD}") = "AnyOf", "AnyOf.usings", "{96F415A4-223B-4E8B-8FFB-B50797940BEC}"
EndProject
Project("{DCDA4A0A-0A5E-4522-B6C4-80513D0753CD}") = "AspNetCore.Versioning", "AspNetCore.Versioning.usings", "{930D1F0F-9C66-4CC8-9CCB-785EE7CBF44C}"
EndProject
Project("{DCDA4A0A-0A5E-4522-B6C4-80513D0753CD}") = "Azure.Config", "Azure.Config.usings", "{78B00530-8AA0-424A-8F9E-7763A00EA42D}"
EndProject
Project("{DCDA4A0A-0A5E-4522-B6C4-80513D0753CD}") = "Azure.Identity", "Azure.Identity.usings", "{380C9DE5-452E-4505-8729-E2F33C91FAC5}"
EndProject
Project("{DCDA4A0A-0A5E-4522-B6C4-80513D0753CD}") = "Azure", "Azure.usings", "{AC296272-7B5C-45EE-B785-E5FFCD930C9C}"
EndProject
Project("{DCDA4A0A-0A5E-4522-B6C4-80513D0753CD}") = "AzureFunctions", "AzureFunctions.usings", "{2FDD3EDC-FFD9-45CB-B859-BB75F166B550}"
EndProject
Project("{DCDA4A0A-0A5E-4522-B6C4-80513D0753CD}") = "ConfigurationSubstitution", "ConfigurationSubstitution.usings", "{77B15C00-F563-4ECF-8641-3BA92A11C5EA}"
EndProject
Project("{DCDA4A0A-0A5E-4522-B6C4-80513D0753CD}") = "FluentValidation", "FluentValidation.usings", "{3C094BFB-0049-4302-B576-746E10EA442C}"
EndProject
Project("{DCDA4A0A-0A5E-4522-B6C4-80513D0753CD}") = "MediatR", "MediatR.usings", "{FCFE037F-16E6-4467-894B-7D994022225E}"
EndProject
Project("{DCDA4A0A-0A5E-4522-B6C4-80513D0753CD}") = "Microsoft.EntityFrameworkCore", "Microsoft.EntityFrameworkCore.usings", "{E1526BB1-2057-4D67-80A4-984E7380C06D}"
EndProject
Project("{DCDA4A0A-0A5E-4522-B6C4-80513D0753CD}") = "Microsoft.Extensions.Configuration.All", "Microsoft.Extensions.Configuration.All.usings", "{3A23DC4B-A234-44E4-B435-191B02C6F544}"
EndProject
Project("{DCDA4A0A-0A5E-4522-B6C4-80513D0753CD}") = "Microsoft.Extensions.Configuration.EnvironmentVariables", "Microsoft.Extensions.Configuration.EnvironmentVariables.usings", "{74C35285-3560-442D-8D46-4EF6A03A1982}"
EndProject
Project("{DCDA4A0A-0A5E-4522-B6C4-80513D0753CD}") = "Microsoft.Extensions.Configuration.Files", "Microsoft.Extensions.Configuration.Files.usings", "{0F7691A8-A9C4-4FDF-B36B-27B7B6FF0B26}"
EndProject
Project("{DCDA4A0A-0A5E-4522-B6C4-80513D0753CD}") = "Microsoft.Extensions.Configuration.Json", "Microsoft.Extensions.Configuration.Json.usings", "{04F9B866-CB98-4DA2-A56A-5AD752A0C89C}"
EndProject
Project("{DCDA4A0A-0A5E-4522-B6C4-80513D0753CD}") = "Microsoft.Extensions.Configuration.UserSecrets", "Microsoft.Extensions.Configuration.UserSecrets.usings", "{4C9F4074-79C3-406C-BEC0-430121D60008}"
EndProject
Project("{DCDA4A0A-0A5E-4522-B6C4-80513D0753CD}") = "Microsoft.Extensions.Configuration.Xml", "Microsoft.Extensions.Configuration.Xml.usings", "{6B00D887-3CE9-43C2-BC4B-4CEEBFFA6DD3}"
EndProject
Project("{DCDA4A0A-0A5E-4522-B6C4-80513D0753CD}") = "Microsoft.Extensions.DependencyInjection", "Microsoft.Extensions.DependencyInjection.usings", "{BABC8EAA-4BB7-44D3-99FB-5A9E9E5029C0}"
EndProject
Project("{DCDA4A0A-0A5E-4522-B6C4-80513D0753CD}") = "Microsoft.Extensions.Logging", "Microsoft.Extensions.Logging.usings", "{0F3ABD70-51CB-4D85-892E-713CCF11640B}"
EndProject
Project("{DCDA4A0A-0A5E-4522-B6C4-80513D0753CD}") = "Microsoft.Extensions.Options", "Microsoft.Extensions.Options.usings", "{C20E62B7-3824-40BC-B919-6A4C3E8F7D44}"
EndProject
Project("{DCDA4A0A-0A5E-4522-B6C4-80513D0753CD}") = "Microsoft.Extensions", "Microsoft.Extensions.usings", "{49B1E000-94FE-4510-A659-E1FD37E69B07}"
EndProject
Project("{DCDA4A0A-0A5E-4522-B6C4-80513D0753CD}") = "MSBuild", "MSBuild.usings", "{1D92EFE4-20D7-4F5B-BBDF-FF84D57D1CDC}"
EndProject
Project("{DCDA4A0A-0A5E-4522-B6C4-80513D0753CD}") = "Newtonsoft.Json", "Newtonsoft.Json.usings", "{BB452D30-8865-4A9B-A8BB-BC287DEA7CDD}"
EndProject
Project("{DCDA4A0A-0A5E-4522-B6C4-80513D0753CD}") = "Swashbuckle", "Swashbuckle.usings", "{3D7BF3CA-8A7A-4CA0-9C2F-04C767F08EC1}"
EndProject
Project("{DCDA4A0A-0A5E-4522-B6C4-80513D0753CD}") = "System.All", "System.All.usings", "{A0485A62-9772-4485-BFD9-6A366ACD1E04}"
EndProject
Project("{DCDA4A0A-0A5E-4522-B6C4-80513D0753CD}") = "System.Collections.Generic", "System.Collections.Generic.usings", "{B9EF0351-906B-43B8-86C8-BEEC88E76B8C}"
EndProject
Project("{DCDA4A0A-0A5E-4522-B6C4-80513D0753CD}") = "System.Collections.ObjectModel", "System.Collections.ObjectModel.usings", "{BE8B31FA-184B-4180-9203-5F79660AE1B1}"
EndProject
Project("{DCDA4A0A-0A5E-4522-B6C4-80513D0753CD}") = "System.Collections", "System.Collections.usings", "{843D1044-69CD-4C90-A9B1-2F8F04165DB1}"
EndProject
Project("{DCDA4A0A-0A5E-4522-B6C4-80513D0753CD}") = "System.ComponentModel", "System.ComponentModel.usings", "{46F002E1-158C-49B5-9D93-0AA2C9D4D154}"
EndProject
Project("{DCDA4A0A-0A5E-4522-B6C4-80513D0753CD}") = "System.Linq", "System.Linq.usings", "{155E53CE-88DB-44E7-9AFF-66D5F175170E}"
EndProject
Project("{DCDA4A0A-0A5E-4522-B6C4-80513D0753CD}") = "System.Net.Mime.MediaTypeNames", "System.Net.Mime.MediaTypeNames.usings", "{2356E8E6-21AB-4811-A35C-F96299522F7A}"
EndProject
Project("{DCDA4A0A-0A5E-4522-B6C4-80513D0753CD}") = "System.Reflection", "System.Reflection.usings", "{0BDB1E25-E3DE-44DE-82F6-A2E73529D59D}"
EndProject
Project("{DCDA4A0A-0A5E-4522-B6C4-80513D0753CD}") = "System.Security", "System.Security.usings", "{BD6DD4AF-AA4F-4E79-9CEA-EF10A4D6747C}"
EndProject
Project("{DCDA4A0A-0A5E-4522-B6C4-80513D0753CD}") = "System.Text.Json", "System.Text.Json.usings", "{B5141593-AAFE-4FAD-8DD0-686A849D1CE4}"
EndProject
Project("{DCDA4A0A-0A5E-4522-B6C4-80513D0753CD}") = "System.Text.RegularExpressions", "System.Text.RegularExpressions.usings", "{3A058FEC-E616-443F-AB50-88A0210C6A28}"
EndProject
Project("{DCDA4A0A-0A5E-4522-B6C4-80513D0753CD}") = "System.Text", "System.Text.usings", "{E12F3CEB-AA3C-4A5F-BE05-6CB5334EF56C}"
EndProject
Project("{DCDA4A0A-0A5E-4522-B6C4-80513D0753CD}") = "System.Threading.Tasks", "System.Threading.Tasks.usings", "{C38A63A8-D97A-4D31-A45A-FE164D29E2D9}"
EndProject
Project("{DCDA4A0A-0A5E-4522-B6C4-80513D0753CD}") = "System", "System.usings", "{7D828F1D-C40A-4879-BC77-E33C6FC897A6}"
EndProject
Project("{DCDA4A0A-0A5E-4522-B6C4-80513D0753CD}") = "Web-Net", "Web-Net.usings", "{89E87DC2-05A5-4006-B614-816CCA85534F}"
EndProject
Project("{DCDA4A0A-0A5E-4522-B6C4-80513D0753CD}") = "Xunit", "Xunit.usings", "{10101707-FAE6-47D2-9133-4A035A2760BC}"
EndProject
Project("{2150E333-8FDC-42A3-9474-1A3956D46DE8}") = "usings", "usings", "{0CA59417-42DA-4B59-9051-049E6F11AEC7}"
EndProject
Project("{2150E333-8FDC-42A3-9474-1A3956D46DE8}") = "src", "src", "{B0423108-3F0B-48E6-8C08-50D599E79978}"
EndProject
Global
	GlobalSection(SolutionConfigurationPlatforms) = preSolution
		Local|Any CPU = Local|Any CPU
		Debug|Any CPU = Debug|Any CPU
		Staging|Any CPU = Staging|Any CPU
		Release|Any CPU = Release|Any CPU
		Testing|Any CPU = Testing|Any CPU
		Dev|Any CPU = Dev|Any CPU
		Stage|Any CPU = Stage|Any CPU
	EndGlobalSection
	GlobalSection(ProjectConfigurationPlatforms) = postSolution
		{B8480F0F-D578-4FDE-B261-861F803605A1}.Local|Any CPU.ActiveCfg = Local|Any CPU
		{B8480F0F-D578-4FDE-B261-861F803605A1}.Local|Any CPU.Build.0 = Local|Any CPU
		{B8480F0F-D578-4FDE-B261-861F803605A1}.Debug|Any CPU.ActiveCfg = Debug|Any CPU
		{B8480F0F-D578-4FDE-B261-861F803605A1}.Debug|Any CPU.Build.0 = Debug|Any CPU
		{B8480F0F-D578-4FDE-B261-861F803605A1}.Staging|Any CPU.ActiveCfg = Staging|Any CPU
		{B8480F0F-D578-4FDE-B261-861F803605A1}.Staging|Any CPU.Build.0 = Staging|Any CPU
		{B8480F0F-D578-4FDE-B261-861F803605A1}.Release|Any CPU.ActiveCfg = Release|Any CPU
		{B8480F0F-D578-4FDE-B261-861F803605A1}.Release|Any CPU.Build.0 = Release|Any CPU
		{B8480F0F-D578-4FDE-B261-861F803605A1}.Testing|Any CPU.ActiveCfg = Testing|Any CPU
		{B8480F0F-D578-4FDE-B261-861F803605A1}.Testing|Any CPU.Build.0 = Testing|Any CPU
		{B8480F0F-D578-4FDE-B261-861F803605A1}.Dev|Any CPU.ActiveCfg = Dev|Any CPU
		{B8480F0F-D578-4FDE-B261-861F803605A1}.Dev|Any CPU.Build.0 = Dev|Any CPU
		{B8480F0F-D578-4FDE-B261-861F803605A1}.Stage|Any CPU.ActiveCfg = Stage|Any CPU
		{B8480F0F-D578-4FDE-B261-861F803605A1}.Stage|Any CPU.Build.0 = Stage|Any CPU
		{82199A80-A108-40BE-B605-F0626E899BF8}.Local|Any CPU.ActiveCfg = Local|Any CPU
		{82199A80-A108-40BE-B605-F0626E899BF8}.Local|Any CPU.Build.0 = Local|Any CPU
		{82199A80-A108-40BE-B605-F0626E899BF8}.Debug|Any CPU.ActiveCfg = Debug|Any CPU
		{82199A80-A108-40BE-B605-F0626E899BF8}.Debug|Any CPU.Build.0 = Debug|Any CPU
		{82199A80-A108-40BE-B605-F0626E899BF8}.Staging|Any CPU.ActiveCfg = Staging|Any CPU
		{82199A80-A108-40BE-B605-F0626E899BF8}.Staging|Any CPU.Build.0 = Staging|Any CPU
		{82199A80-A108-40BE-B605-F0626E899BF8}.Release|Any CPU.ActiveCfg = Release|Any CPU
		{82199A80-A108-40BE-B605-F0626E899BF8}.Release|Any CPU.Build.0 = Release|Any CPU
		{82199A80-A108-40BE-B605-F0626E899BF8}.Testing|Any CPU.ActiveCfg = Testing|Any CPU
		{82199A80-A108-40BE-B605-F0626E899BF8}.Testing|Any CPU.Build.0 = Testing|Any CPU
		{82199A80-A108-40BE-B605-F0626E899BF8}.Dev|Any CPU.ActiveCfg = Testing|Any CPU
		{82199A80-A108-40BE-B605-F0626E899BF8}.Stage|Any CPU.ActiveCfg = Testing|Any CPU
		{96F415A4-223B-4E8B-8FFB-B50797940BEC}.Local|Any CPU.ActiveCfg = Local|Any CPU
		{96F415A4-223B-4E8B-8FFB-B50797940BEC}.Local|Any CPU.Build.0 = Local|Any CPU
		{96F415A4-223B-4E8B-8FFB-B50797940BEC}.Debug|Any CPU.ActiveCfg = Debug|Any CPU
		{96F415A4-223B-4E8B-8FFB-B50797940BEC}.Debug|Any CPU.Build.0 = Debug|Any CPU
		{96F415A4-223B-4E8B-8FFB-B50797940BEC}.Staging|Any CPU.ActiveCfg = Staging|Any CPU
		{96F415A4-223B-4E8B-8FFB-B50797940BEC}.Staging|Any CPU.Build.0 = Staging|Any CPU
		{96F415A4-223B-4E8B-8FFB-B50797940BEC}.Release|Any CPU.ActiveCfg = Release|Any CPU
		{96F415A4-223B-4E8B-8FFB-B50797940BEC}.Release|Any CPU.Build.0 = Release|Any CPU
		{96F415A4-223B-4E8B-8FFB-B50797940BEC}.Testing|Any CPU.ActiveCfg = Testing|Any CPU
		{96F415A4-223B-4E8B-8FFB-B50797940BEC}.Testing|Any CPU.Build.0 = Testing|Any CPU
		{96F415A4-223B-4E8B-8FFB-B50797940BEC}.Dev|Any CPU.ActiveCfg = Testing|Any CPU
		{96F415A4-223B-4E8B-8FFB-B50797940BEC}.Stage|Any CPU.ActiveCfg = Testing|Any CPU
		{930D1F0F-9C66-4CC8-9CCB-785EE7CBF44C}.Local|Any CPU.ActiveCfg = Local|Any CPU
		{930D1F0F-9C66-4CC8-9CCB-785EE7CBF44C}.Local|Any CPU.Build.0 = Local|Any CPU
		{930D1F0F-9C66-4CC8-9CCB-785EE7CBF44C}.Debug|Any CPU.ActiveCfg = Debug|Any CPU
		{930D1F0F-9C66-4CC8-9CCB-785EE7CBF44C}.Debug|Any CPU.Build.0 = Debug|Any CPU
		{930D1F0F-9C66-4CC8-9CCB-785EE7CBF44C}.Staging|Any CPU.ActiveCfg = Staging|Any CPU
		{930D1F0F-9C66-4CC8-9CCB-785EE7CBF44C}.Staging|Any CPU.Build.0 = Staging|Any CPU
		{930D1F0F-9C66-4CC8-9CCB-785EE7CBF44C}.Release|Any CPU.ActiveCfg = Release|Any CPU
		{930D1F0F-9C66-4CC8-9CCB-785EE7CBF44C}.Release|Any CPU.Build.0 = Release|Any CPU
		{930D1F0F-9C66-4CC8-9CCB-785EE7CBF44C}.Testing|Any CPU.ActiveCfg = Testing|Any CPU
		{930D1F0F-9C66-4CC8-9CCB-785EE7CBF44C}.Testing|Any CPU.Build.0 = Testing|Any CPU
		{930D1F0F-9C66-4CC8-9CCB-785EE7CBF44C}.Dev|Any CPU.ActiveCfg = Testing|Any CPU
		{930D1F0F-9C66-4CC8-9CCB-785EE7CBF44C}.Stage|Any CPU.ActiveCfg = Testing|Any CPU
		{78B00530-8AA0-424A-8F9E-7763A00EA42D}.Local|Any CPU.ActiveCfg = Local|Any CPU
		{78B00530-8AA0-424A-8F9E-7763A00EA42D}.Local|Any CPU.Build.0 = Local|Any CPU
		{78B00530-8AA0-424A-8F9E-7763A00EA42D}.Debug|Any CPU.ActiveCfg = Debug|Any CPU
		{78B00530-8AA0-424A-8F9E-7763A00EA42D}.Debug|Any CPU.Build.0 = Debug|Any CPU
		{78B00530-8AA0-424A-8F9E-7763A00EA42D}.Staging|Any CPU.ActiveCfg = Staging|Any CPU
		{78B00530-8AA0-424A-8F9E-7763A00EA42D}.Staging|Any CPU.Build.0 = Staging|Any CPU
		{78B00530-8AA0-424A-8F9E-7763A00EA42D}.Release|Any CPU.ActiveCfg = Release|Any CPU
		{78B00530-8AA0-424A-8F9E-7763A00EA42D}.Release|Any CPU.Build.0 = Release|Any CPU
		{78B00530-8AA0-424A-8F9E-7763A00EA42D}.Testing|Any CPU.ActiveCfg = Testing|Any CPU
		{78B00530-8AA0-424A-8F9E-7763A00EA42D}.Testing|Any CPU.Build.0 = Testing|Any CPU
		{78B00530-8AA0-424A-8F9E-7763A00EA42D}.Dev|Any CPU.ActiveCfg = Testing|Any CPU
		{78B00530-8AA0-424A-8F9E-7763A00EA42D}.Stage|Any CPU.ActiveCfg = Testing|Any CPU
		{380C9DE5-452E-4505-8729-E2F33C91FAC5}.Local|Any CPU.ActiveCfg = Local|Any CPU
		{380C9DE5-452E-4505-8729-E2F33C91FAC5}.Local|Any CPU.Build.0 = Local|Any CPU
		{380C9DE5-452E-4505-8729-E2F33C91FAC5}.Debug|Any CPU.ActiveCfg = Debug|Any CPU
		{380C9DE5-452E-4505-8729-E2F33C91FAC5}.Debug|Any CPU.Build.0 = Debug|Any CPU
		{380C9DE5-452E-4505-8729-E2F33C91FAC5}.Staging|Any CPU.ActiveCfg = Staging|Any CPU
		{380C9DE5-452E-4505-8729-E2F33C91FAC5}.Staging|Any CPU.Build.0 = Staging|Any CPU
		{380C9DE5-452E-4505-8729-E2F33C91FAC5}.Release|Any CPU.ActiveCfg = Release|Any CPU
		{380C9DE5-452E-4505-8729-E2F33C91FAC5}.Release|Any CPU.Build.0 = Release|Any CPU
		{380C9DE5-452E-4505-8729-E2F33C91FAC5}.Testing|Any CPU.ActiveCfg = Testing|Any CPU
		{380C9DE5-452E-4505-8729-E2F33C91FAC5}.Testing|Any CPU.Build.0 = Testing|Any CPU
		{380C9DE5-452E-4505-8729-E2F33C91FAC5}.Dev|Any CPU.ActiveCfg = Testing|Any CPU
		{380C9DE5-452E-4505-8729-E2F33C91FAC5}.Stage|Any CPU.ActiveCfg = Testing|Any CPU
		{AC296272-7B5C-45EE-B785-E5FFCD930C9C}.Local|Any CPU.ActiveCfg = Local|Any CPU
		{AC296272-7B5C-45EE-B785-E5FFCD930C9C}.Local|Any CPU.Build.0 = Local|Any CPU
		{AC296272-7B5C-45EE-B785-E5FFCD930C9C}.Debug|Any CPU.ActiveCfg = Debug|Any CPU
		{AC296272-7B5C-45EE-B785-E5FFCD930C9C}.Debug|Any CPU.Build.0 = Debug|Any CPU
		{AC296272-7B5C-45EE-B785-E5FFCD930C9C}.Staging|Any CPU.ActiveCfg = Staging|Any CPU
		{AC296272-7B5C-45EE-B785-E5FFCD930C9C}.Staging|Any CPU.Build.0 = Staging|Any CPU
		{AC296272-7B5C-45EE-B785-E5FFCD930C9C}.Release|Any CPU.ActiveCfg = Release|Any CPU
		{AC296272-7B5C-45EE-B785-E5FFCD930C9C}.Release|Any CPU.Build.0 = Release|Any CPU
		{AC296272-7B5C-45EE-B785-E5FFCD930C9C}.Testing|Any CPU.ActiveCfg = Testing|Any CPU
		{AC296272-7B5C-45EE-B785-E5FFCD930C9C}.Testing|Any CPU.Build.0 = Testing|Any CPU
		{AC296272-7B5C-45EE-B785-E5FFCD930C9C}.Dev|Any CPU.ActiveCfg = Testing|Any CPU
		{AC296272-7B5C-45EE-B785-E5FFCD930C9C}.Stage|Any CPU.ActiveCfg = Testing|Any CPU
		{2FDD3EDC-FFD9-45CB-B859-BB75F166B550}.Local|Any CPU.ActiveCfg = Local|Any CPU
		{2FDD3EDC-FFD9-45CB-B859-BB75F166B550}.Local|Any CPU.Build.0 = Local|Any CPU
		{2FDD3EDC-FFD9-45CB-B859-BB75F166B550}.Debug|Any CPU.ActiveCfg = Debug|Any CPU
		{2FDD3EDC-FFD9-45CB-B859-BB75F166B550}.Debug|Any CPU.Build.0 = Debug|Any CPU
		{2FDD3EDC-FFD9-45CB-B859-BB75F166B550}.Staging|Any CPU.ActiveCfg = Staging|Any CPU
		{2FDD3EDC-FFD9-45CB-B859-BB75F166B550}.Staging|Any CPU.Build.0 = Staging|Any CPU
		{2FDD3EDC-FFD9-45CB-B859-BB75F166B550}.Release|Any CPU.ActiveCfg = Release|Any CPU
		{2FDD3EDC-FFD9-45CB-B859-BB75F166B550}.Release|Any CPU.Build.0 = Release|Any CPU
		{2FDD3EDC-FFD9-45CB-B859-BB75F166B550}.Testing|Any CPU.ActiveCfg = Testing|Any CPU
		{2FDD3EDC-FFD9-45CB-B859-BB75F166B550}.Testing|Any CPU.Build.0 = Testing|Any CPU
		{2FDD3EDC-FFD9-45CB-B859-BB75F166B550}.Dev|Any CPU.ActiveCfg = Testing|Any CPU
		{2FDD3EDC-FFD9-45CB-B859-BB75F166B550}.Stage|Any CPU.ActiveCfg = Testing|Any CPU
		{77B15C00-F563-4ECF-8641-3BA92A11C5EA}.Local|Any CPU.ActiveCfg = Local|Any CPU
		{77B15C00-F563-4ECF-8641-3BA92A11C5EA}.Local|Any CPU.Build.0 = Local|Any CPU
		{77B15C00-F563-4ECF-8641-3BA92A11C5EA}.Debug|Any CPU.ActiveCfg = Debug|Any CPU
		{77B15C00-F563-4ECF-8641-3BA92A11C5EA}.Debug|Any CPU.Build.0 = Debug|Any CPU
		{77B15C00-F563-4ECF-8641-3BA92A11C5EA}.Staging|Any CPU.ActiveCfg = Staging|Any CPU
		{77B15C00-F563-4ECF-8641-3BA92A11C5EA}.Staging|Any CPU.Build.0 = Staging|Any CPU
		{77B15C00-F563-4ECF-8641-3BA92A11C5EA}.Release|Any CPU.ActiveCfg = Release|Any CPU
		{77B15C00-F563-4ECF-8641-3BA92A11C5EA}.Release|Any CPU.Build.0 = Release|Any CPU
		{77B15C00-F563-4ECF-8641-3BA92A11C5EA}.Testing|Any CPU.ActiveCfg = Testing|Any CPU
		{77B15C00-F563-4ECF-8641-3BA92A11C5EA}.Testing|Any CPU.Build.0 = Testing|Any CPU
		{77B15C00-F563-4ECF-8641-3BA92A11C5EA}.Dev|Any CPU.ActiveCfg = Testing|Any CPU
		{77B15C00-F563-4ECF-8641-3BA92A11C5EA}.Stage|Any CPU.ActiveCfg = Testing|Any CPU
		{3C094BFB-0049-4302-B576-746E10EA442C}.Local|Any CPU.ActiveCfg = Local|Any CPU
		{3C094BFB-0049-4302-B576-746E10EA442C}.Local|Any CPU.Build.0 = Local|Any CPU
		{3C094BFB-0049-4302-B576-746E10EA442C}.Debug|Any CPU.ActiveCfg = Debug|Any CPU
		{3C094BFB-0049-4302-B576-746E10EA442C}.Debug|Any CPU.Build.0 = Debug|Any CPU
		{3C094BFB-0049-4302-B576-746E10EA442C}.Staging|Any CPU.ActiveCfg = Staging|Any CPU
		{3C094BFB-0049-4302-B576-746E10EA442C}.Staging|Any CPU.Build.0 = Staging|Any CPU
		{3C094BFB-0049-4302-B576-746E10EA442C}.Release|Any CPU.ActiveCfg = Release|Any CPU
		{3C094BFB-0049-4302-B576-746E10EA442C}.Release|Any CPU.Build.0 = Release|Any CPU
		{3C094BFB-0049-4302-B576-746E10EA442C}.Testing|Any CPU.ActiveCfg = Testing|Any CPU
		{3C094BFB-0049-4302-B576-746E10EA442C}.Testing|Any CPU.Build.0 = Testing|Any CPU
		{3C094BFB-0049-4302-B576-746E10EA442C}.Dev|Any CPU.ActiveCfg = Testing|Any CPU
		{3C094BFB-0049-4302-B576-746E10EA442C}.Stage|Any CPU.ActiveCfg = Testing|Any CPU
		{FCFE037F-16E6-4467-894B-7D994022225E}.Local|Any CPU.ActiveCfg = Local|Any CPU
		{FCFE037F-16E6-4467-894B-7D994022225E}.Local|Any CPU.Build.0 = Local|Any CPU
		{FCFE037F-16E6-4467-894B-7D994022225E}.Debug|Any CPU.ActiveCfg = Debug|Any CPU
		{FCFE037F-16E6-4467-894B-7D994022225E}.Debug|Any CPU.Build.0 = Debug|Any CPU
		{FCFE037F-16E6-4467-894B-7D994022225E}.Staging|Any CPU.ActiveCfg = Staging|Any CPU
		{FCFE037F-16E6-4467-894B-7D994022225E}.Staging|Any CPU.Build.0 = Staging|Any CPU
		{FCFE037F-16E6-4467-894B-7D994022225E}.Release|Any CPU.ActiveCfg = Release|Any CPU
		{FCFE037F-16E6-4467-894B-7D994022225E}.Release|Any CPU.Build.0 = Release|Any CPU
		{FCFE037F-16E6-4467-894B-7D994022225E}.Testing|Any CPU.ActiveCfg = Testing|Any CPU
		{FCFE037F-16E6-4467-894B-7D994022225E}.Testing|Any CPU.Build.0 = Testing|Any CPU
		{FCFE037F-16E6-4467-894B-7D994022225E}.Dev|Any CPU.ActiveCfg = Testing|Any CPU
		{FCFE037F-16E6-4467-894B-7D994022225E}.Stage|Any CPU.ActiveCfg = Testing|Any CPU
		{E1526BB1-2057-4D67-80A4-984E7380C06D}.Local|Any CPU.ActiveCfg = Local|Any CPU
		{E1526BB1-2057-4D67-80A4-984E7380C06D}.Local|Any CPU.Build.0 = Local|Any CPU
		{E1526BB1-2057-4D67-80A4-984E7380C06D}.Debug|Any CPU.ActiveCfg = Debug|Any CPU
		{E1526BB1-2057-4D67-80A4-984E7380C06D}.Debug|Any CPU.Build.0 = Debug|Any CPU
		{E1526BB1-2057-4D67-80A4-984E7380C06D}.Staging|Any CPU.ActiveCfg = Staging|Any CPU
		{E1526BB1-2057-4D67-80A4-984E7380C06D}.Staging|Any CPU.Build.0 = Staging|Any CPU
		{E1526BB1-2057-4D67-80A4-984E7380C06D}.Release|Any CPU.ActiveCfg = Release|Any CPU
		{E1526BB1-2057-4D67-80A4-984E7380C06D}.Release|Any CPU.Build.0 = Release|Any CPU
		{E1526BB1-2057-4D67-80A4-984E7380C06D}.Testing|Any CPU.ActiveCfg = Testing|Any CPU
		{E1526BB1-2057-4D67-80A4-984E7380C06D}.Testing|Any CPU.Build.0 = Testing|Any CPU
		{E1526BB1-2057-4D67-80A4-984E7380C06D}.Dev|Any CPU.ActiveCfg = Testing|Any CPU
		{E1526BB1-2057-4D67-80A4-984E7380C06D}.Stage|Any CPU.ActiveCfg = Testing|Any CPU
		{3A23DC4B-A234-44E4-B435-191B02C6F544}.Local|Any CPU.ActiveCfg = Local|Any CPU
		{3A23DC4B-A234-44E4-B435-191B02C6F544}.Local|Any CPU.Build.0 = Local|Any CPU
		{3A23DC4B-A234-44E4-B435-191B02C6F544}.Debug|Any CPU.ActiveCfg = Debug|Any CPU
		{3A23DC4B-A234-44E4-B435-191B02C6F544}.Debug|Any CPU.Build.0 = Debug|Any CPU
		{3A23DC4B-A234-44E4-B435-191B02C6F544}.Staging|Any CPU.ActiveCfg = Staging|Any CPU
		{3A23DC4B-A234-44E4-B435-191B02C6F544}.Staging|Any CPU.Build.0 = Staging|Any CPU
		{3A23DC4B-A234-44E4-B435-191B02C6F544}.Release|Any CPU.ActiveCfg = Release|Any CPU
		{3A23DC4B-A234-44E4-B435-191B02C6F544}.Release|Any CPU.Build.0 = Release|Any CPU
		{3A23DC4B-A234-44E4-B435-191B02C6F544}.Testing|Any CPU.ActiveCfg = Testing|Any CPU
		{3A23DC4B-A234-44E4-B435-191B02C6F544}.Testing|Any CPU.Build.0 = Testing|Any CPU
		{3A23DC4B-A234-44E4-B435-191B02C6F544}.Dev|Any CPU.ActiveCfg = Testing|Any CPU
		{3A23DC4B-A234-44E4-B435-191B02C6F544}.Stage|Any CPU.ActiveCfg = Testing|Any CPU
		{74C35285-3560-442D-8D46-4EF6A03A1982}.Local|Any CPU.ActiveCfg = Local|Any CPU
		{74C35285-3560-442D-8D46-4EF6A03A1982}.Local|Any CPU.Build.0 = Local|Any CPU
		{74C35285-3560-442D-8D46-4EF6A03A1982}.Debug|Any CPU.ActiveCfg = Debug|Any CPU
		{74C35285-3560-442D-8D46-4EF6A03A1982}.Debug|Any CPU.Build.0 = Debug|Any CPU
		{74C35285-3560-442D-8D46-4EF6A03A1982}.Staging|Any CPU.ActiveCfg = Staging|Any CPU
		{74C35285-3560-442D-8D46-4EF6A03A1982}.Staging|Any CPU.Build.0 = Staging|Any CPU
		{74C35285-3560-442D-8D46-4EF6A03A1982}.Release|Any CPU.ActiveCfg = Release|Any CPU
		{74C35285-3560-442D-8D46-4EF6A03A1982}.Release|Any CPU.Build.0 = Release|Any CPU
		{74C35285-3560-442D-8D46-4EF6A03A1982}.Testing|Any CPU.ActiveCfg = Testing|Any CPU
		{74C35285-3560-442D-8D46-4EF6A03A1982}.Testing|Any CPU.Build.0 = Testing|Any CPU
		{74C35285-3560-442D-8D46-4EF6A03A1982}.Dev|Any CPU.ActiveCfg = Testing|Any CPU
		{74C35285-3560-442D-8D46-4EF6A03A1982}.Stage|Any CPU.ActiveCfg = Testing|Any CPU
		{0F7691A8-A9C4-4FDF-B36B-27B7B6FF0B26}.Local|Any CPU.ActiveCfg = Local|Any CPU
		{0F7691A8-A9C4-4FDF-B36B-27B7B6FF0B26}.Local|Any CPU.Build.0 = Local|Any CPU
		{0F7691A8-A9C4-4FDF-B36B-27B7B6FF0B26}.Debug|Any CPU.ActiveCfg = Debug|Any CPU
		{0F7691A8-A9C4-4FDF-B36B-27B7B6FF0B26}.Debug|Any CPU.Build.0 = Debug|Any CPU
		{0F7691A8-A9C4-4FDF-B36B-27B7B6FF0B26}.Staging|Any CPU.ActiveCfg = Staging|Any CPU
		{0F7691A8-A9C4-4FDF-B36B-27B7B6FF0B26}.Staging|Any CPU.Build.0 = Staging|Any CPU
		{0F7691A8-A9C4-4FDF-B36B-27B7B6FF0B26}.Release|Any CPU.ActiveCfg = Release|Any CPU
		{0F7691A8-A9C4-4FDF-B36B-27B7B6FF0B26}.Release|Any CPU.Build.0 = Release|Any CPU
		{0F7691A8-A9C4-4FDF-B36B-27B7B6FF0B26}.Testing|Any CPU.ActiveCfg = Testing|Any CPU
		{0F7691A8-A9C4-4FDF-B36B-27B7B6FF0B26}.Testing|Any CPU.Build.0 = Testing|Any CPU
		{0F7691A8-A9C4-4FDF-B36B-27B7B6FF0B26}.Dev|Any CPU.ActiveCfg = Testing|Any CPU
		{0F7691A8-A9C4-4FDF-B36B-27B7B6FF0B26}.Stage|Any CPU.ActiveCfg = Testing|Any CPU
		{04F9B866-CB98-4DA2-A56A-5AD752A0C89C}.Local|Any CPU.ActiveCfg = Local|Any CPU
		{04F9B866-CB98-4DA2-A56A-5AD752A0C89C}.Local|Any CPU.Build.0 = Local|Any CPU
		{04F9B866-CB98-4DA2-A56A-5AD752A0C89C}.Debug|Any CPU.ActiveCfg = Debug|Any CPU
		{04F9B866-CB98-4DA2-A56A-5AD752A0C89C}.Debug|Any CPU.Build.0 = Debug|Any CPU
		{04F9B866-CB98-4DA2-A56A-5AD752A0C89C}.Staging|Any CPU.ActiveCfg = Staging|Any CPU
		{04F9B866-CB98-4DA2-A56A-5AD752A0C89C}.Staging|Any CPU.Build.0 = Staging|Any CPU
		{04F9B866-CB98-4DA2-A56A-5AD752A0C89C}.Release|Any CPU.ActiveCfg = Release|Any CPU
		{04F9B866-CB98-4DA2-A56A-5AD752A0C89C}.Release|Any CPU.Build.0 = Release|Any CPU
		{04F9B866-CB98-4DA2-A56A-5AD752A0C89C}.Testing|Any CPU.ActiveCfg = Testing|Any CPU
		{04F9B866-CB98-4DA2-A56A-5AD752A0C89C}.Testing|Any CPU.Build.0 = Testing|Any CPU
		{04F9B866-CB98-4DA2-A56A-5AD752A0C89C}.Dev|Any CPU.ActiveCfg = Testing|Any CPU
		{04F9B866-CB98-4DA2-A56A-5AD752A0C89C}.Stage|Any CPU.ActiveCfg = Testing|Any CPU
		{4C9F4074-79C3-406C-BEC0-430121D60008}.Local|Any CPU.ActiveCfg = Local|Any CPU
		{4C9F4074-79C3-406C-BEC0-430121D60008}.Local|Any CPU.Build.0 = Local|Any CPU
		{4C9F4074-79C3-406C-BEC0-430121D60008}.Debug|Any CPU.ActiveCfg = Debug|Any CPU
		{4C9F4074-79C3-406C-BEC0-430121D60008}.Debug|Any CPU.Build.0 = Debug|Any CPU
		{4C9F4074-79C3-406C-BEC0-430121D60008}.Staging|Any CPU.ActiveCfg = Staging|Any CPU
		{4C9F4074-79C3-406C-BEC0-430121D60008}.Staging|Any CPU.Build.0 = Staging|Any CPU
		{4C9F4074-79C3-406C-BEC0-430121D60008}.Release|Any CPU.ActiveCfg = Release|Any CPU
		{4C9F4074-79C3-406C-BEC0-430121D60008}.Release|Any CPU.Build.0 = Release|Any CPU
		{4C9F4074-79C3-406C-BEC0-430121D60008}.Testing|Any CPU.ActiveCfg = Testing|Any CPU
		{4C9F4074-79C3-406C-BEC0-430121D60008}.Testing|Any CPU.Build.0 = Testing|Any CPU
		{4C9F4074-79C3-406C-BEC0-430121D60008}.Dev|Any CPU.ActiveCfg = Testing|Any CPU
		{4C9F4074-79C3-406C-BEC0-430121D60008}.Stage|Any CPU.ActiveCfg = Testing|Any CPU
		{6B00D887-3CE9-43C2-BC4B-4CEEBFFA6DD3}.Local|Any CPU.ActiveCfg = Local|Any CPU
		{6B00D887-3CE9-43C2-BC4B-4CEEBFFA6DD3}.Local|Any CPU.Build.0 = Local|Any CPU
		{6B00D887-3CE9-43C2-BC4B-4CEEBFFA6DD3}.Debug|Any CPU.ActiveCfg = Debug|Any CPU
		{6B00D887-3CE9-43C2-BC4B-4CEEBFFA6DD3}.Debug|Any CPU.Build.0 = Debug|Any CPU
		{6B00D887-3CE9-43C2-BC4B-4CEEBFFA6DD3}.Staging|Any CPU.ActiveCfg = Staging|Any CPU
		{6B00D887-3CE9-43C2-BC4B-4CEEBFFA6DD3}.Staging|Any CPU.Build.0 = Staging|Any CPU
		{6B00D887-3CE9-43C2-BC4B-4CEEBFFA6DD3}.Release|Any CPU.ActiveCfg = Release|Any CPU
		{6B00D887-3CE9-43C2-BC4B-4CEEBFFA6DD3}.Release|Any CPU.Build.0 = Release|Any CPU
		{6B00D887-3CE9-43C2-BC4B-4CEEBFFA6DD3}.Testing|Any CPU.ActiveCfg = Testing|Any CPU
		{6B00D887-3CE9-43C2-BC4B-4CEEBFFA6DD3}.Testing|Any CPU.Build.0 = Testing|Any CPU
		{6B00D887-3CE9-43C2-BC4B-4CEEBFFA6DD3}.Dev|Any CPU.ActiveCfg = Testing|Any CPU
		{6B00D887-3CE9-43C2-BC4B-4CEEBFFA6DD3}.Stage|Any CPU.ActiveCfg = Testing|Any CPU
		{BABC8EAA-4BB7-44D3-99FB-5A9E9E5029C0}.Local|Any CPU.ActiveCfg = Local|Any CPU
		{BABC8EAA-4BB7-44D3-99FB-5A9E9E5029C0}.Local|Any CPU.Build.0 = Local|Any CPU
		{BABC8EAA-4BB7-44D3-99FB-5A9E9E5029C0}.Debug|Any CPU.ActiveCfg = Debug|Any CPU
		{BABC8EAA-4BB7-44D3-99FB-5A9E9E5029C0}.Debug|Any CPU.Build.0 = Debug|Any CPU
		{BABC8EAA-4BB7-44D3-99FB-5A9E9E5029C0}.Staging|Any CPU.ActiveCfg = Staging|Any CPU
		{BABC8EAA-4BB7-44D3-99FB-5A9E9E5029C0}.Staging|Any CPU.Build.0 = Staging|Any CPU
		{BABC8EAA-4BB7-44D3-99FB-5A9E9E5029C0}.Release|Any CPU.ActiveCfg = Release|Any CPU
		{BABC8EAA-4BB7-44D3-99FB-5A9E9E5029C0}.Release|Any CPU.Build.0 = Release|Any CPU
		{BABC8EAA-4BB7-44D3-99FB-5A9E9E5029C0}.Testing|Any CPU.ActiveCfg = Testing|Any CPU
		{BABC8EAA-4BB7-44D3-99FB-5A9E9E5029C0}.Testing|Any CPU.Build.0 = Testing|Any CPU
		{BABC8EAA-4BB7-44D3-99FB-5A9E9E5029C0}.Dev|Any CPU.ActiveCfg = Testing|Any CPU
		{BABC8EAA-4BB7-44D3-99FB-5A9E9E5029C0}.Stage|Any CPU.ActiveCfg = Testing|Any CPU
		{0F3ABD70-51CB-4D85-892E-713CCF11640B}.Local|Any CPU.ActiveCfg = Local|Any CPU
		{0F3ABD70-51CB-4D85-892E-713CCF11640B}.Local|Any CPU.Build.0 = Local|Any CPU
		{0F3ABD70-51CB-4D85-892E-713CCF11640B}.Debug|Any CPU.ActiveCfg = Debug|Any CPU
		{0F3ABD70-51CB-4D85-892E-713CCF11640B}.Debug|Any CPU.Build.0 = Debug|Any CPU
		{0F3ABD70-51CB-4D85-892E-713CCF11640B}.Staging|Any CPU.ActiveCfg = Staging|Any CPU
		{0F3ABD70-51CB-4D85-892E-713CCF11640B}.Staging|Any CPU.Build.0 = Staging|Any CPU
		{0F3ABD70-51CB-4D85-892E-713CCF11640B}.Release|Any CPU.ActiveCfg = Release|Any CPU
		{0F3ABD70-51CB-4D85-892E-713CCF11640B}.Release|Any CPU.Build.0 = Release|Any CPU
		{0F3ABD70-51CB-4D85-892E-713CCF11640B}.Testing|Any CPU.ActiveCfg = Testing|Any CPU
		{0F3ABD70-51CB-4D85-892E-713CCF11640B}.Testing|Any CPU.Build.0 = Testing|Any CPU
		{0F3ABD70-51CB-4D85-892E-713CCF11640B}.Dev|Any CPU.ActiveCfg = Testing|Any CPU
		{0F3ABD70-51CB-4D85-892E-713CCF11640B}.Stage|Any CPU.ActiveCfg = Testing|Any CPU
		{C20E62B7-3824-40BC-B919-6A4C3E8F7D44}.Local|Any CPU.ActiveCfg = Local|Any CPU
		{C20E62B7-3824-40BC-B919-6A4C3E8F7D44}.Local|Any CPU.Build.0 = Local|Any CPU
		{C20E62B7-3824-40BC-B919-6A4C3E8F7D44}.Debug|Any CPU.ActiveCfg = Debug|Any CPU
		{C20E62B7-3824-40BC-B919-6A4C3E8F7D44}.Debug|Any CPU.Build.0 = Debug|Any CPU
		{C20E62B7-3824-40BC-B919-6A4C3E8F7D44}.Staging|Any CPU.ActiveCfg = Staging|Any CPU
		{C20E62B7-3824-40BC-B919-6A4C3E8F7D44}.Staging|Any CPU.Build.0 = Staging|Any CPU
		{C20E62B7-3824-40BC-B919-6A4C3E8F7D44}.Release|Any CPU.ActiveCfg = Release|Any CPU
		{C20E62B7-3824-40BC-B919-6A4C3E8F7D44}.Release|Any CPU.Build.0 = Release|Any CPU
		{C20E62B7-3824-40BC-B919-6A4C3E8F7D44}.Testing|Any CPU.ActiveCfg = Testing|Any CPU
		{C20E62B7-3824-40BC-B919-6A4C3E8F7D44}.Testing|Any CPU.Build.0 = Testing|Any CPU
		{C20E62B7-3824-40BC-B919-6A4C3E8F7D44}.Dev|Any CPU.ActiveCfg = Testing|Any CPU
		{C20E62B7-3824-40BC-B919-6A4C3E8F7D44}.Stage|Any CPU.ActiveCfg = Testing|Any CPU
		{49B1E000-94FE-4510-A659-E1FD37E69B07}.Local|Any CPU.ActiveCfg = Local|Any CPU
		{49B1E000-94FE-4510-A659-E1FD37E69B07}.Local|Any CPU.Build.0 = Local|Any CPU
		{49B1E000-94FE-4510-A659-E1FD37E69B07}.Debug|Any CPU.ActiveCfg = Debug|Any CPU
		{49B1E000-94FE-4510-A659-E1FD37E69B07}.Debug|Any CPU.Build.0 = Debug|Any CPU
		{49B1E000-94FE-4510-A659-E1FD37E69B07}.Staging|Any CPU.ActiveCfg = Staging|Any CPU
		{49B1E000-94FE-4510-A659-E1FD37E69B07}.Staging|Any CPU.Build.0 = Staging|Any CPU
		{49B1E000-94FE-4510-A659-E1FD37E69B07}.Release|Any CPU.ActiveCfg = Release|Any CPU
		{49B1E000-94FE-4510-A659-E1FD37E69B07}.Release|Any CPU.Build.0 = Release|Any CPU
		{49B1E000-94FE-4510-A659-E1FD37E69B07}.Testing|Any CPU.ActiveCfg = Testing|Any CPU
		{49B1E000-94FE-4510-A659-E1FD37E69B07}.Testing|Any CPU.Build.0 = Testing|Any CPU
		{49B1E000-94FE-4510-A659-E1FD37E69B07}.Dev|Any CPU.ActiveCfg = Testing|Any CPU
		{49B1E000-94FE-4510-A659-E1FD37E69B07}.Stage|Any CPU.ActiveCfg = Testing|Any CPU
		{1D92EFE4-20D7-4F5B-BBDF-FF84D57D1CDC}.Local|Any CPU.ActiveCfg = Local|Any CPU
		{1D92EFE4-20D7-4F5B-BBDF-FF84D57D1CDC}.Local|Any CPU.Build.0 = Local|Any CPU
		{1D92EFE4-20D7-4F5B-BBDF-FF84D57D1CDC}.Debug|Any CPU.ActiveCfg = Debug|Any CPU
		{1D92EFE4-20D7-4F5B-BBDF-FF84D57D1CDC}.Debug|Any CPU.Build.0 = Debug|Any CPU
		{1D92EFE4-20D7-4F5B-BBDF-FF84D57D1CDC}.Staging|Any CPU.ActiveCfg = Staging|Any CPU
		{1D92EFE4-20D7-4F5B-BBDF-FF84D57D1CDC}.Staging|Any CPU.Build.0 = Staging|Any CPU
		{1D92EFE4-20D7-4F5B-BBDF-FF84D57D1CDC}.Release|Any CPU.ActiveCfg = Release|Any CPU
		{1D92EFE4-20D7-4F5B-BBDF-FF84D57D1CDC}.Release|Any CPU.Build.0 = Release|Any CPU
		{1D92EFE4-20D7-4F5B-BBDF-FF84D57D1CDC}.Testing|Any CPU.ActiveCfg = Testing|Any CPU
		{1D92EFE4-20D7-4F5B-BBDF-FF84D57D1CDC}.Testing|Any CPU.Build.0 = Testing|Any CPU
		{1D92EFE4-20D7-4F5B-BBDF-FF84D57D1CDC}.Dev|Any CPU.ActiveCfg = Testing|Any CPU
		{1D92EFE4-20D7-4F5B-BBDF-FF84D57D1CDC}.Stage|Any CPU.ActiveCfg = Testing|Any CPU
		{BB452D30-8865-4A9B-A8BB-BC287DEA7CDD}.Local|Any CPU.ActiveCfg = Local|Any CPU
		{BB452D30-8865-4A9B-A8BB-BC287DEA7CDD}.Local|Any CPU.Build.0 = Local|Any CPU
		{BB452D30-8865-4A9B-A8BB-BC287DEA7CDD}.Debug|Any CPU.ActiveCfg = Debug|Any CPU
		{BB452D30-8865-4A9B-A8BB-BC287DEA7CDD}.Debug|Any CPU.Build.0 = Debug|Any CPU
		{BB452D30-8865-4A9B-A8BB-BC287DEA7CDD}.Staging|Any CPU.ActiveCfg = Staging|Any CPU
		{BB452D30-8865-4A9B-A8BB-BC287DEA7CDD}.Staging|Any CPU.Build.0 = Staging|Any CPU
		{BB452D30-8865-4A9B-A8BB-BC287DEA7CDD}.Release|Any CPU.ActiveCfg = Release|Any CPU
		{BB452D30-8865-4A9B-A8BB-BC287DEA7CDD}.Release|Any CPU.Build.0 = Release|Any CPU
		{BB452D30-8865-4A9B-A8BB-BC287DEA7CDD}.Testing|Any CPU.ActiveCfg = Testing|Any CPU
		{BB452D30-8865-4A9B-A8BB-BC287DEA7CDD}.Testing|Any CPU.Build.0 = Testing|Any CPU
		{BB452D30-8865-4A9B-A8BB-BC287DEA7CDD}.Dev|Any CPU.ActiveCfg = Testing|Any CPU
		{BB452D30-8865-4A9B-A8BB-BC287DEA7CDD}.Stage|Any CPU.ActiveCfg = Testing|Any CPU
		{3D7BF3CA-8A7A-4CA0-9C2F-04C767F08EC1}.Local|Any CPU.ActiveCfg = Local|Any CPU
		{3D7BF3CA-8A7A-4CA0-9C2F-04C767F08EC1}.Local|Any CPU.Build.0 = Local|Any CPU
		{3D7BF3CA-8A7A-4CA0-9C2F-04C767F08EC1}.Debug|Any CPU.ActiveCfg = Debug|Any CPU
		{3D7BF3CA-8A7A-4CA0-9C2F-04C767F08EC1}.Debug|Any CPU.Build.0 = Debug|Any CPU
		{3D7BF3CA-8A7A-4CA0-9C2F-04C767F08EC1}.Staging|Any CPU.ActiveCfg = Staging|Any CPU
		{3D7BF3CA-8A7A-4CA0-9C2F-04C767F08EC1}.Staging|Any CPU.Build.0 = Staging|Any CPU
		{3D7BF3CA-8A7A-4CA0-9C2F-04C767F08EC1}.Release|Any CPU.ActiveCfg = Release|Any CPU
		{3D7BF3CA-8A7A-4CA0-9C2F-04C767F08EC1}.Release|Any CPU.Build.0 = Release|Any CPU
		{3D7BF3CA-8A7A-4CA0-9C2F-04C767F08EC1}.Testing|Any CPU.ActiveCfg = Testing|Any CPU
		{3D7BF3CA-8A7A-4CA0-9C2F-04C767F08EC1}.Testing|Any CPU.Build.0 = Testing|Any CPU
		{3D7BF3CA-8A7A-4CA0-9C2F-04C767F08EC1}.Dev|Any CPU.ActiveCfg = Testing|Any CPU
		{3D7BF3CA-8A7A-4CA0-9C2F-04C767F08EC1}.Stage|Any CPU.ActiveCfg = Testing|Any CPU
		{A0485A62-9772-4485-BFD9-6A366ACD1E04}.Local|Any CPU.ActiveCfg = Local|Any CPU
		{A0485A62-9772-4485-BFD9-6A366ACD1E04}.Local|Any CPU.Build.0 = Local|Any CPU
		{A0485A62-9772-4485-BFD9-6A366ACD1E04}.Debug|Any CPU.ActiveCfg = Debug|Any CPU
		{A0485A62-9772-4485-BFD9-6A366ACD1E04}.Debug|Any CPU.Build.0 = Debug|Any CPU
		{A0485A62-9772-4485-BFD9-6A366ACD1E04}.Staging|Any CPU.ActiveCfg = Staging|Any CPU
		{A0485A62-9772-4485-BFD9-6A366ACD1E04}.Staging|Any CPU.Build.0 = Staging|Any CPU
		{A0485A62-9772-4485-BFD9-6A366ACD1E04}.Release|Any CPU.ActiveCfg = Release|Any CPU
		{A0485A62-9772-4485-BFD9-6A366ACD1E04}.Release|Any CPU.Build.0 = Release|Any CPU
		{A0485A62-9772-4485-BFD9-6A366ACD1E04}.Testing|Any CPU.ActiveCfg = Testing|Any CPU
		{A0485A62-9772-4485-BFD9-6A366ACD1E04}.Testing|Any CPU.Build.0 = Testing|Any CPU
		{A0485A62-9772-4485-BFD9-6A366ACD1E04}.Dev|Any CPU.ActiveCfg = Testing|Any CPU
		{A0485A62-9772-4485-BFD9-6A366ACD1E04}.Stage|Any CPU.ActiveCfg = Testing|Any CPU
		{B9EF0351-906B-43B8-86C8-BEEC88E76B8C}.Local|Any CPU.ActiveCfg = Local|Any CPU
		{B9EF0351-906B-43B8-86C8-BEEC88E76B8C}.Local|Any CPU.Build.0 = Local|Any CPU
		{B9EF0351-906B-43B8-86C8-BEEC88E76B8C}.Debug|Any CPU.ActiveCfg = Debug|Any CPU
		{B9EF0351-906B-43B8-86C8-BEEC88E76B8C}.Debug|Any CPU.Build.0 = Debug|Any CPU
		{B9EF0351-906B-43B8-86C8-BEEC88E76B8C}.Staging|Any CPU.ActiveCfg = Staging|Any CPU
		{B9EF0351-906B-43B8-86C8-BEEC88E76B8C}.Staging|Any CPU.Build.0 = Staging|Any CPU
		{B9EF0351-906B-43B8-86C8-BEEC88E76B8C}.Release|Any CPU.ActiveCfg = Release|Any CPU
		{B9EF0351-906B-43B8-86C8-BEEC88E76B8C}.Release|Any CPU.Build.0 = Release|Any CPU
		{B9EF0351-906B-43B8-86C8-BEEC88E76B8C}.Testing|Any CPU.ActiveCfg = Testing|Any CPU
		{B9EF0351-906B-43B8-86C8-BEEC88E76B8C}.Testing|Any CPU.Build.0 = Testing|Any CPU
		{B9EF0351-906B-43B8-86C8-BEEC88E76B8C}.Dev|Any CPU.ActiveCfg = Testing|Any CPU
		{B9EF0351-906B-43B8-86C8-BEEC88E76B8C}.Stage|Any CPU.ActiveCfg = Testing|Any CPU
		{BE8B31FA-184B-4180-9203-5F79660AE1B1}.Local|Any CPU.ActiveCfg = Local|Any CPU
		{BE8B31FA-184B-4180-9203-5F79660AE1B1}.Local|Any CPU.Build.0 = Local|Any CPU
		{BE8B31FA-184B-4180-9203-5F79660AE1B1}.Debug|Any CPU.ActiveCfg = Debug|Any CPU
		{BE8B31FA-184B-4180-9203-5F79660AE1B1}.Debug|Any CPU.Build.0 = Debug|Any CPU
		{BE8B31FA-184B-4180-9203-5F79660AE1B1}.Staging|Any CPU.ActiveCfg = Staging|Any CPU
		{BE8B31FA-184B-4180-9203-5F79660AE1B1}.Staging|Any CPU.Build.0 = Staging|Any CPU
		{BE8B31FA-184B-4180-9203-5F79660AE1B1}.Release|Any CPU.ActiveCfg = Release|Any CPU
		{BE8B31FA-184B-4180-9203-5F79660AE1B1}.Release|Any CPU.Build.0 = Release|Any CPU
		{BE8B31FA-184B-4180-9203-5F79660AE1B1}.Testing|Any CPU.ActiveCfg = Testing|Any CPU
		{BE8B31FA-184B-4180-9203-5F79660AE1B1}.Testing|Any CPU.Build.0 = Testing|Any CPU
		{BE8B31FA-184B-4180-9203-5F79660AE1B1}.Dev|Any CPU.ActiveCfg = Testing|Any CPU
		{BE8B31FA-184B-4180-9203-5F79660AE1B1}.Stage|Any CPU.ActiveCfg = Testing|Any CPU
		{843D1044-69CD-4C90-A9B1-2F8F04165DB1}.Local|Any CPU.ActiveCfg = Local|Any CPU
		{843D1044-69CD-4C90-A9B1-2F8F04165DB1}.Local|Any CPU.Build.0 = Local|Any CPU
		{843D1044-69CD-4C90-A9B1-2F8F04165DB1}.Debug|Any CPU.ActiveCfg = Debug|Any CPU
		{843D1044-69CD-4C90-A9B1-2F8F04165DB1}.Debug|Any CPU.Build.0 = Debug|Any CPU
		{843D1044-69CD-4C90-A9B1-2F8F04165DB1}.Staging|Any CPU.ActiveCfg = Staging|Any CPU
		{843D1044-69CD-4C90-A9B1-2F8F04165DB1}.Staging|Any CPU.Build.0 = Staging|Any CPU
		{843D1044-69CD-4C90-A9B1-2F8F04165DB1}.Release|Any CPU.ActiveCfg = Release|Any CPU
		{843D1044-69CD-4C90-A9B1-2F8F04165DB1}.Release|Any CPU.Build.0 = Release|Any CPU
		{843D1044-69CD-4C90-A9B1-2F8F04165DB1}.Testing|Any CPU.ActiveCfg = Testing|Any CPU
		{843D1044-69CD-4C90-A9B1-2F8F04165DB1}.Testing|Any CPU.Build.0 = Testing|Any CPU
		{843D1044-69CD-4C90-A9B1-2F8F04165DB1}.Dev|Any CPU.ActiveCfg = Testing|Any CPU
		{843D1044-69CD-4C90-A9B1-2F8F04165DB1}.Stage|Any CPU.ActiveCfg = Testing|Any CPU
		{46F002E1-158C-49B5-9D93-0AA2C9D4D154}.Local|Any CPU.ActiveCfg = Local|Any CPU
		{46F002E1-158C-49B5-9D93-0AA2C9D4D154}.Local|Any CPU.Build.0 = Local|Any CPU
		{46F002E1-158C-49B5-9D93-0AA2C9D4D154}.Debug|Any CPU.ActiveCfg = Debug|Any CPU
		{46F002E1-158C-49B5-9D93-0AA2C9D4D154}.Debug|Any CPU.Build.0 = Debug|Any CPU
		{46F002E1-158C-49B5-9D93-0AA2C9D4D154}.Staging|Any CPU.ActiveCfg = Staging|Any CPU
		{46F002E1-158C-49B5-9D93-0AA2C9D4D154}.Staging|Any CPU.Build.0 = Staging|Any CPU
		{46F002E1-158C-49B5-9D93-0AA2C9D4D154}.Release|Any CPU.ActiveCfg = Release|Any CPU
		{46F002E1-158C-49B5-9D93-0AA2C9D4D154}.Release|Any CPU.Build.0 = Release|Any CPU
		{46F002E1-158C-49B5-9D93-0AA2C9D4D154}.Testing|Any CPU.ActiveCfg = Testing|Any CPU
		{46F002E1-158C-49B5-9D93-0AA2C9D4D154}.Testing|Any CPU.Build.0 = Testing|Any CPU
		{46F002E1-158C-49B5-9D93-0AA2C9D4D154}.Dev|Any CPU.ActiveCfg = Testing|Any CPU
		{46F002E1-158C-49B5-9D93-0AA2C9D4D154}.Stage|Any CPU.ActiveCfg = Testing|Any CPU
		{155E53CE-88DB-44E7-9AFF-66D5F175170E}.Local|Any CPU.ActiveCfg = Local|Any CPU
		{155E53CE-88DB-44E7-9AFF-66D5F175170E}.Local|Any CPU.Build.0 = Local|Any CPU
		{155E53CE-88DB-44E7-9AFF-66D5F175170E}.Debug|Any CPU.ActiveCfg = Debug|Any CPU
		{155E53CE-88DB-44E7-9AFF-66D5F175170E}.Debug|Any CPU.Build.0 = Debug|Any CPU
		{155E53CE-88DB-44E7-9AFF-66D5F175170E}.Staging|Any CPU.ActiveCfg = Staging|Any CPU
		{155E53CE-88DB-44E7-9AFF-66D5F175170E}.Staging|Any CPU.Build.0 = Staging|Any CPU
		{155E53CE-88DB-44E7-9AFF-66D5F175170E}.Release|Any CPU.ActiveCfg = Release|Any CPU
		{155E53CE-88DB-44E7-9AFF-66D5F175170E}.Release|Any CPU.Build.0 = Release|Any CPU
		{155E53CE-88DB-44E7-9AFF-66D5F175170E}.Testing|Any CPU.ActiveCfg = Testing|Any CPU
		{155E53CE-88DB-44E7-9AFF-66D5F175170E}.Testing|Any CPU.Build.0 = Testing|Any CPU
		{155E53CE-88DB-44E7-9AFF-66D5F175170E}.Dev|Any CPU.ActiveCfg = Testing|Any CPU
		{155E53CE-88DB-44E7-9AFF-66D5F175170E}.Stage|Any CPU.ActiveCfg = Testing|Any CPU
		{2356E8E6-21AB-4811-A35C-F96299522F7A}.Local|Any CPU.ActiveCfg = Local|Any CPU
		{2356E8E6-21AB-4811-A35C-F96299522F7A}.Local|Any CPU.Build.0 = Local|Any CPU
		{2356E8E6-21AB-4811-A35C-F96299522F7A}.Debug|Any CPU.ActiveCfg = Debug|Any CPU
		{2356E8E6-21AB-4811-A35C-F96299522F7A}.Debug|Any CPU.Build.0 = Debug|Any CPU
		{2356E8E6-21AB-4811-A35C-F96299522F7A}.Staging|Any CPU.ActiveCfg = Staging|Any CPU
		{2356E8E6-21AB-4811-A35C-F96299522F7A}.Staging|Any CPU.Build.0 = Staging|Any CPU
		{2356E8E6-21AB-4811-A35C-F96299522F7A}.Release|Any CPU.ActiveCfg = Release|Any CPU
		{2356E8E6-21AB-4811-A35C-F96299522F7A}.Release|Any CPU.Build.0 = Release|Any CPU
		{2356E8E6-21AB-4811-A35C-F96299522F7A}.Testing|Any CPU.ActiveCfg = Testing|Any CPU
		{2356E8E6-21AB-4811-A35C-F96299522F7A}.Testing|Any CPU.Build.0 = Testing|Any CPU
		{2356E8E6-21AB-4811-A35C-F96299522F7A}.Dev|Any CPU.ActiveCfg = Testing|Any CPU
		{2356E8E6-21AB-4811-A35C-F96299522F7A}.Stage|Any CPU.ActiveCfg = Testing|Any CPU
		{0BDB1E25-E3DE-44DE-82F6-A2E73529D59D}.Local|Any CPU.ActiveCfg = Local|Any CPU
		{0BDB1E25-E3DE-44DE-82F6-A2E73529D59D}.Local|Any CPU.Build.0 = Local|Any CPU
		{0BDB1E25-E3DE-44DE-82F6-A2E73529D59D}.Debug|Any CPU.ActiveCfg = Debug|Any CPU
		{0BDB1E25-E3DE-44DE-82F6-A2E73529D59D}.Debug|Any CPU.Build.0 = Debug|Any CPU
		{0BDB1E25-E3DE-44DE-82F6-A2E73529D59D}.Staging|Any CPU.ActiveCfg = Staging|Any CPU
		{0BDB1E25-E3DE-44DE-82F6-A2E73529D59D}.Staging|Any CPU.Build.0 = Staging|Any CPU
		{0BDB1E25-E3DE-44DE-82F6-A2E73529D59D}.Release|Any CPU.ActiveCfg = Release|Any CPU
		{0BDB1E25-E3DE-44DE-82F6-A2E73529D59D}.Release|Any CPU.Build.0 = Release|Any CPU
		{0BDB1E25-E3DE-44DE-82F6-A2E73529D59D}.Testing|Any CPU.ActiveCfg = Testing|Any CPU
		{0BDB1E25-E3DE-44DE-82F6-A2E73529D59D}.Testing|Any CPU.Build.0 = Testing|Any CPU
		{0BDB1E25-E3DE-44DE-82F6-A2E73529D59D}.Dev|Any CPU.ActiveCfg = Testing|Any CPU
		{0BDB1E25-E3DE-44DE-82F6-A2E73529D59D}.Stage|Any CPU.ActiveCfg = Testing|Any CPU
		{BD6DD4AF-AA4F-4E79-9CEA-EF10A4D6747C}.Local|Any CPU.ActiveCfg = Local|Any CPU
		{BD6DD4AF-AA4F-4E79-9CEA-EF10A4D6747C}.Local|Any CPU.Build.0 = Local|Any CPU
		{BD6DD4AF-AA4F-4E79-9CEA-EF10A4D6747C}.Debug|Any CPU.ActiveCfg = Debug|Any CPU
		{BD6DD4AF-AA4F-4E79-9CEA-EF10A4D6747C}.Debug|Any CPU.Build.0 = Debug|Any CPU
		{BD6DD4AF-AA4F-4E79-9CEA-EF10A4D6747C}.Staging|Any CPU.ActiveCfg = Staging|Any CPU
		{BD6DD4AF-AA4F-4E79-9CEA-EF10A4D6747C}.Staging|Any CPU.Build.0 = Staging|Any CPU
		{BD6DD4AF-AA4F-4E79-9CEA-EF10A4D6747C}.Release|Any CPU.ActiveCfg = Release|Any CPU
		{BD6DD4AF-AA4F-4E79-9CEA-EF10A4D6747C}.Release|Any CPU.Build.0 = Release|Any CPU
		{BD6DD4AF-AA4F-4E79-9CEA-EF10A4D6747C}.Testing|Any CPU.ActiveCfg = Testing|Any CPU
		{BD6DD4AF-AA4F-4E79-9CEA-EF10A4D6747C}.Testing|Any CPU.Build.0 = Testing|Any CPU
		{BD6DD4AF-AA4F-4E79-9CEA-EF10A4D6747C}.Dev|Any CPU.ActiveCfg = Testing|Any CPU
		{BD6DD4AF-AA4F-4E79-9CEA-EF10A4D6747C}.Stage|Any CPU.ActiveCfg = Testing|Any CPU
		{B5141593-AAFE-4FAD-8DD0-686A849D1CE4}.Local|Any CPU.ActiveCfg = Local|Any CPU
		{B5141593-AAFE-4FAD-8DD0-686A849D1CE4}.Local|Any CPU.Build.0 = Local|Any CPU
		{B5141593-AAFE-4FAD-8DD0-686A849D1CE4}.Debug|Any CPU.ActiveCfg = Debug|Any CPU
		{B5141593-AAFE-4FAD-8DD0-686A849D1CE4}.Debug|Any CPU.Build.0 = Debug|Any CPU
		{B5141593-AAFE-4FAD-8DD0-686A849D1CE4}.Staging|Any CPU.ActiveCfg = Staging|Any CPU
		{B5141593-AAFE-4FAD-8DD0-686A849D1CE4}.Staging|Any CPU.Build.0 = Staging|Any CPU
		{B5141593-AAFE-4FAD-8DD0-686A849D1CE4}.Release|Any CPU.ActiveCfg = Release|Any CPU
		{B5141593-AAFE-4FAD-8DD0-686A849D1CE4}.Release|Any CPU.Build.0 = Release|Any CPU
		{B5141593-AAFE-4FAD-8DD0-686A849D1CE4}.Testing|Any CPU.ActiveCfg = Testing|Any CPU
		{B5141593-AAFE-4FAD-8DD0-686A849D1CE4}.Testing|Any CPU.Build.0 = Testing|Any CPU
		{B5141593-AAFE-4FAD-8DD0-686A849D1CE4}.Dev|Any CPU.ActiveCfg = Testing|Any CPU
		{B5141593-AAFE-4FAD-8DD0-686A849D1CE4}.Stage|Any CPU.ActiveCfg = Testing|Any CPU
		{3A058FEC-E616-443F-AB50-88A0210C6A28}.Local|Any CPU.ActiveCfg = Local|Any CPU
		{3A058FEC-E616-443F-AB50-88A0210C6A28}.Local|Any CPU.Build.0 = Local|Any CPU
		{3A058FEC-E616-443F-AB50-88A0210C6A28}.Debug|Any CPU.ActiveCfg = Debug|Any CPU
		{3A058FEC-E616-443F-AB50-88A0210C6A28}.Debug|Any CPU.Build.0 = Debug|Any CPU
		{3A058FEC-E616-443F-AB50-88A0210C6A28}.Staging|Any CPU.ActiveCfg = Staging|Any CPU
		{3A058FEC-E616-443F-AB50-88A0210C6A28}.Staging|Any CPU.Build.0 = Staging|Any CPU
		{3A058FEC-E616-443F-AB50-88A0210C6A28}.Release|Any CPU.ActiveCfg = Release|Any CPU
		{3A058FEC-E616-443F-AB50-88A0210C6A28}.Release|Any CPU.Build.0 = Release|Any CPU
		{3A058FEC-E616-443F-AB50-88A0210C6A28}.Testing|Any CPU.ActiveCfg = Testing|Any CPU
		{3A058FEC-E616-443F-AB50-88A0210C6A28}.Testing|Any CPU.Build.0 = Testing|Any CPU
		{3A058FEC-E616-443F-AB50-88A0210C6A28}.Dev|Any CPU.ActiveCfg = Testing|Any CPU
		{3A058FEC-E616-443F-AB50-88A0210C6A28}.Stage|Any CPU.ActiveCfg = Testing|Any CPU
		{E12F3CEB-AA3C-4A5F-BE05-6CB5334EF56C}.Local|Any CPU.ActiveCfg = Local|Any CPU
		{E12F3CEB-AA3C-4A5F-BE05-6CB5334EF56C}.Local|Any CPU.Build.0 = Local|Any CPU
		{E12F3CEB-AA3C-4A5F-BE05-6CB5334EF56C}.Debug|Any CPU.ActiveCfg = Debug|Any CPU
		{E12F3CEB-AA3C-4A5F-BE05-6CB5334EF56C}.Debug|Any CPU.Build.0 = Debug|Any CPU
		{E12F3CEB-AA3C-4A5F-BE05-6CB5334EF56C}.Staging|Any CPU.ActiveCfg = Staging|Any CPU
		{E12F3CEB-AA3C-4A5F-BE05-6CB5334EF56C}.Staging|Any CPU.Build.0 = Staging|Any CPU
		{E12F3CEB-AA3C-4A5F-BE05-6CB5334EF56C}.Release|Any CPU.ActiveCfg = Release|Any CPU
		{E12F3CEB-AA3C-4A5F-BE05-6CB5334EF56C}.Release|Any CPU.Build.0 = Release|Any CPU
		{E12F3CEB-AA3C-4A5F-BE05-6CB5334EF56C}.Testing|Any CPU.ActiveCfg = Testing|Any CPU
		{E12F3CEB-AA3C-4A5F-BE05-6CB5334EF56C}.Testing|Any CPU.Build.0 = Testing|Any CPU
		{E12F3CEB-AA3C-4A5F-BE05-6CB5334EF56C}.Dev|Any CPU.ActiveCfg = Testing|Any CPU
		{E12F3CEB-AA3C-4A5F-BE05-6CB5334EF56C}.Stage|Any CPU.ActiveCfg = Testing|Any CPU
		{C38A63A8-D97A-4D31-A45A-FE164D29E2D9}.Local|Any CPU.ActiveCfg = Local|Any CPU
		{C38A63A8-D97A-4D31-A45A-FE164D29E2D9}.Local|Any CPU.Build.0 = Local|Any CPU
		{C38A63A8-D97A-4D31-A45A-FE164D29E2D9}.Debug|Any CPU.ActiveCfg = Debug|Any CPU
		{C38A63A8-D97A-4D31-A45A-FE164D29E2D9}.Debug|Any CPU.Build.0 = Debug|Any CPU
		{C38A63A8-D97A-4D31-A45A-FE164D29E2D9}.Staging|Any CPU.ActiveCfg = Staging|Any CPU
		{C38A63A8-D97A-4D31-A45A-FE164D29E2D9}.Staging|Any CPU.Build.0 = Staging|Any CPU
		{C38A63A8-D97A-4D31-A45A-FE164D29E2D9}.Release|Any CPU.ActiveCfg = Release|Any CPU
		{C38A63A8-D97A-4D31-A45A-FE164D29E2D9}.Release|Any CPU.Build.0 = Release|Any CPU
		{C38A63A8-D97A-4D31-A45A-FE164D29E2D9}.Testing|Any CPU.ActiveCfg = Testing|Any CPU
		{C38A63A8-D97A-4D31-A45A-FE164D29E2D9}.Testing|Any CPU.Build.0 = Testing|Any CPU
		{C38A63A8-D97A-4D31-A45A-FE164D29E2D9}.Dev|Any CPU.ActiveCfg = Testing|Any CPU
		{C38A63A8-D97A-4D31-A45A-FE164D29E2D9}.Stage|Any CPU.ActiveCfg = Testing|Any CPU
		{7D828F1D-C40A-4879-BC77-E33C6FC897A6}.Local|Any CPU.ActiveCfg = Local|Any CPU
		{7D828F1D-C40A-4879-BC77-E33C6FC897A6}.Local|Any CPU.Build.0 = Local|Any CPU
		{7D828F1D-C40A-4879-BC77-E33C6FC897A6}.Debug|Any CPU.ActiveCfg = Debug|Any CPU
		{7D828F1D-C40A-4879-BC77-E33C6FC897A6}.Debug|Any CPU.Build.0 = Debug|Any CPU
		{7D828F1D-C40A-4879-BC77-E33C6FC897A6}.Staging|Any CPU.ActiveCfg = Staging|Any CPU
		{7D828F1D-C40A-4879-BC77-E33C6FC897A6}.Staging|Any CPU.Build.0 = Staging|Any CPU
		{7D828F1D-C40A-4879-BC77-E33C6FC897A6}.Release|Any CPU.ActiveCfg = Release|Any CPU
		{7D828F1D-C40A-4879-BC77-E33C6FC897A6}.Release|Any CPU.Build.0 = Release|Any CPU
		{7D828F1D-C40A-4879-BC77-E33C6FC897A6}.Testing|Any CPU.ActiveCfg = Testing|Any CPU
		{7D828F1D-C40A-4879-BC77-E33C6FC897A6}.Testing|Any CPU.Build.0 = Testing|Any CPU
		{7D828F1D-C40A-4879-BC77-E33C6FC897A6}.Dev|Any CPU.ActiveCfg = Testing|Any CPU
		{7D828F1D-C40A-4879-BC77-E33C6FC897A6}.Stage|Any CPU.ActiveCfg = Testing|Any CPU
		{89E87DC2-05A5-4006-B614-816CCA85534F}.Local|Any CPU.ActiveCfg = Local|Any CPU
		{89E87DC2-05A5-4006-B614-816CCA85534F}.Local|Any CPU.Build.0 = Local|Any CPU
		{89E87DC2-05A5-4006-B614-816CCA85534F}.Debug|Any CPU.ActiveCfg = Debug|Any CPU
		{89E87DC2-05A5-4006-B614-816CCA85534F}.Debug|Any CPU.Build.0 = Debug|Any CPU
		{89E87DC2-05A5-4006-B614-816CCA85534F}.Staging|Any CPU.ActiveCfg = Staging|Any CPU
		{89E87DC2-05A5-4006-B614-816CCA85534F}.Staging|Any CPU.Build.0 = Staging|Any CPU
		{89E87DC2-05A5-4006-B614-816CCA85534F}.Release|Any CPU.ActiveCfg = Release|Any CPU
		{89E87DC2-05A5-4006-B614-816CCA85534F}.Release|Any CPU.Build.0 = Release|Any CPU
		{89E87DC2-05A5-4006-B614-816CCA85534F}.Testing|Any CPU.ActiveCfg = Testing|Any CPU
		{89E87DC2-05A5-4006-B614-816CCA85534F}.Testing|Any CPU.Build.0 = Testing|Any CPU
		{89E87DC2-05A5-4006-B614-816CCA85534F}.Dev|Any CPU.ActiveCfg = Testing|Any CPU
		{89E87DC2-05A5-4006-B614-816CCA85534F}.Stage|Any CPU.ActiveCfg = Testing|Any CPU
		{10101707-FAE6-47D2-9133-4A035A2760BC}.Local|Any CPU.ActiveCfg = Local|Any CPU
		{10101707-FAE6-47D2-9133-4A035A2760BC}.Local|Any CPU.Build.0 = Local|Any CPU
		{10101707-FAE6-47D2-9133-4A035A2760BC}.Debug|Any CPU.ActiveCfg = Debug|Any CPU
		{10101707-FAE6-47D2-9133-4A035A2760BC}.Debug|Any CPU.Build.0 = Debug|Any CPU
		{10101707-FAE6-47D2-9133-4A035A2760BC}.Staging|Any CPU.ActiveCfg = Staging|Any CPU
		{10101707-FAE6-47D2-9133-4A035A2760BC}.Staging|Any CPU.Build.0 = Staging|Any CPU
		{10101707-FAE6-47D2-9133-4A035A2760BC}.Release|Any CPU.ActiveCfg = Release|Any CPU
		{10101707-FAE6-47D2-9133-4A035A2760BC}.Release|Any CPU.Build.0 = Release|Any CPU
		{10101707-FAE6-47D2-9133-4A035A2760BC}.Testing|Any CPU.ActiveCfg = Testing|Any CPU
		{10101707-FAE6-47D2-9133-4A035A2760BC}.Testing|Any CPU.Build.0 = Testing|Any CPU
		{10101707-FAE6-47D2-9133-4A035A2760BC}.Dev|Any CPU.ActiveCfg = Testing|Any CPU
		{10101707-FAE6-47D2-9133-4A035A2760BC}.Stage|Any CPU.ActiveCfg = Testing|Any CPU
	EndGlobalSection
	GlobalSection(SolutionProperties) = preSolution
		HideSolutionNode = FALSE
	EndGlobalSection
	GlobalSection(NestedProjects) = preSolution
		{B8480F0F-D578-4FDE-B261-861F803605A1} = {0CA59417-42DA-4B59-9051-049E6F11AEC7}
		{82199A80-A108-40BE-B605-F0626E899BF8} = {B0423108-3F0B-48E6-8C08-50D599E79978}
		{96F415A4-223B-4E8B-8FFB-B50797940BEC} = {B0423108-3F0B-48E6-8C08-50D599E79978}
		{930D1F0F-9C66-4CC8-9CCB-785EE7CBF44C} = {B0423108-3F0B-48E6-8C08-50D599E79978}
		{78B00530-8AA0-424A-8F9E-7763A00EA42D} = {B0423108-3F0B-48E6-8C08-50D599E79978}
		{380C9DE5-452E-4505-8729-E2F33C91FAC5} = {B0423108-3F0B-48E6-8C08-50D599E79978}
		{AC296272-7B5C-45EE-B785-E5FFCD930C9C} = {B0423108-3F0B-48E6-8C08-50D599E79978}
		{2FDD3EDC-FFD9-45CB-B859-BB75F166B550} = {B0423108-3F0B-48E6-8C08-50D599E79978}
		{77B15C00-F563-4ECF-8641-3BA92A11C5EA} = {B0423108-3F0B-48E6-8C08-50D599E79978}
		{3C094BFB-0049-4302-B576-746E10EA442C} = {B0423108-3F0B-48E6-8C08-50D599E79978}
		{FCFE037F-16E6-4467-894B-7D994022225E} = {B0423108-3F0B-48E6-8C08-50D599E79978}
		{E1526BB1-2057-4D67-80A4-984E7380C06D} = {B0423108-3F0B-48E6-8C08-50D599E79978}
		{3A23DC4B-A234-44E4-B435-191B02C6F544} = {B0423108-3F0B-48E6-8C08-50D599E79978}
		{74C35285-3560-442D-8D46-4EF6A03A1982} = {B0423108-3F0B-48E6-8C08-50D599E79978}
		{0F7691A8-A9C4-4FDF-B36B-27B7B6FF0B26} = {B0423108-3F0B-48E6-8C08-50D599E79978}
		{04F9B866-CB98-4DA2-A56A-5AD752A0C89C} = {B0423108-3F0B-48E6-8C08-50D599E79978}
		{4C9F4074-79C3-406C-BEC0-430121D60008} = {B0423108-3F0B-48E6-8C08-50D599E79978}
		{6B00D887-3CE9-43C2-BC4B-4CEEBFFA6DD3} = {B0423108-3F0B-48E6-8C08-50D599E79978}
		{BABC8EAA-4BB7-44D3-99FB-5A9E9E5029C0} = {B0423108-3F0B-48E6-8C08-50D599E79978}
		{0F3ABD70-51CB-4D85-892E-713CCF11640B} = {B0423108-3F0B-48E6-8C08-50D599E79978}
		{C20E62B7-3824-40BC-B919-6A4C3E8F7D44} = {B0423108-3F0B-48E6-8C08-50D599E79978}
		{49B1E000-94FE-4510-A659-E1FD37E69B07} = {B0423108-3F0B-48E6-8C08-50D599E79978}
		{1D92EFE4-20D7-4F5B-BBDF-FF84D57D1CDC} = {B0423108-3F0B-48E6-8C08-50D599E79978}
		{BB452D30-8865-4A9B-A8BB-BC287DEA7CDD} = {B0423108-3F0B-48E6-8C08-50D599E79978}
		{3D7BF3CA-8A7A-4CA0-9C2F-04C767F08EC1} = {B0423108-3F0B-48E6-8C08-50D599E79978}
		{A0485A62-9772-4485-BFD9-6A366ACD1E04} = {B0423108-3F0B-48E6-8C08-50D599E79978}
		{B9EF0351-906B-43B8-86C8-BEEC88E76B8C} = {B0423108-3F0B-48E6-8C08-50D599E79978}
		{BE8B31FA-184B-4180-9203-5F79660AE1B1} = {B0423108-3F0B-48E6-8C08-50D599E79978}
		{843D1044-69CD-4C90-A9B1-2F8F04165DB1} = {B0423108-3F0B-48E6-8C08-50D599E79978}
		{46F002E1-158C-49B5-9D93-0AA2C9D4D154} = {B0423108-3F0B-48E6-8C08-50D599E79978}
		{155E53CE-88DB-44E7-9AFF-66D5F175170E} = {B0423108-3F0B-48E6-8C08-50D599E79978}
		{2356E8E6-21AB-4811-A35C-F96299522F7A} = {B0423108-3F0B-48E6-8C08-50D599E79978}
		{0BDB1E25-E3DE-44DE-82F6-A2E73529D59D} = {B0423108-3F0B-48E6-8C08-50D599E79978}
		{BD6DD4AF-AA4F-4E79-9CEA-EF10A4D6747C} = {B0423108-3F0B-48E6-8C08-50D599E79978}
		{B5141593-AAFE-4FAD-8DD0-686A849D1CE4} = {B0423108-3F0B-48E6-8C08-50D599E79978}
		{3A058FEC-E616-443F-AB50-88A0210C6A28} = {B0423108-3F0B-48E6-8C08-50D599E79978}
		{E12F3CEB-AA3C-4A5F-BE05-6CB5334EF56C} = {B0423108-3F0B-48E6-8C08-50D599E79978}
		{C38A63A8-D97A-4D31-A45A-FE164D29E2D9} = {B0423108-3F0B-48E6-8C08-50D599E79978}
		{7D828F1D-C40A-4879-BC77-E33C6FC897A6} = {B0423108-3F0B-48E6-8C08-50D599E79978}
		{89E87DC2-05A5-4006-B614-816CCA85534F} = {B0423108-3F0B-48E6-8C08-50D599E79978}
		{10101707-FAE6-47D2-9133-4A035A2760BC} = {B0423108-3F0B-48E6-8C08-50D599E79978}
	EndGlobalSection
	GlobalSection(ExtensibilityGlobals) = postSolution
		SolutionGuid = {001BC0DC-5658-43E3-9BF3-C02AFACA971F}
	EndGlobalSection
EndGlobal
