Microsoft Visual Studio Solution File, Format Version 12.00
Project("{34EAC930-E0CA-420B-BD8C-86042DD9E676}") = "Usings", "Usings.slnproj", "{E13D37EC-7FB2-4E95-92DE-18C2984FE37D}"
EndProject
Project("{2150E333-8FDC-42A3-9474-1A3956D46DE8}") = "usings", "usings", "{7F1278A4-896D-49DC-B63A-E2FA5E20CB52}"
EndProject
Global
	GlobalSection(SolutionConfigurationPlatforms) = preSolution
		Local|Any CPU = Local|Any CPU
		Debug|Any CPU = Debug|Any CPU
		Staging|Any CPU = Staging|Any CPU
		Release|Any CPU = Release|Any CPU
		Testing|Any CPU = Testing|Any CPU
		Dev|Any CPU = Dev|Any CPU
		Stage|Any CPU = Stage|Any CPU
	EndGlobalSection
	GlobalSection(ProjectConfigurationPlatforms) = postSolution
		{E13D37EC-7FB2-4E95-92DE-18C2984FE37D}.Local|Any CPU.ActiveCfg = Local|Any CPU
		{E13D37EC-7FB2-4E95-92DE-18C2984FE37D}.Local|Any CPU.Build.0 = Local|Any CPU
		{E13D37EC-7FB2-4E95-92DE-18C2984FE37D}.Debug|Any CPU.ActiveCfg = Debug|Any CPU
		{E13D37EC-7FB2-4E95-92DE-18C2984FE37D}.Debug|Any CPU.Build.0 = Debug|Any CPU
		{E13D37EC-7FB2-4E95-92DE-18C2984FE37D}.Staging|Any CPU.ActiveCfg = Staging|Any CPU
		{E13D37EC-7FB2-4E95-92DE-18C2984FE37D}.Staging|Any CPU.Build.0 = Staging|Any CPU
		{E13D37EC-7FB2-4E95-92DE-18C2984FE37D}.Release|Any CPU.ActiveCfg = Release|Any CPU
		{E13D37EC-7FB2-4E95-92DE-18C2984FE37D}.Release|Any CPU.Build.0 = Release|Any CPU
		{E13D37EC-7FB2-4E95-92DE-18C2984FE37D}.Testing|Any CPU.ActiveCfg = Testing|Any CPU
		{E13D37EC-7FB2-4E95-92DE-18C2984FE37D}.Testing|Any CPU.Build.0 = Testing|Any CPU
		{E13D37EC-7FB2-4E95-92DE-18C2984FE37D}.Dev|Any CPU.ActiveCfg = Dev|Any CPU
		{E13D37EC-7FB2-4E95-92DE-18C2984FE37D}.Dev|Any CPU.Build.0 = Dev|Any CPU
		{E13D37EC-7FB2-4E95-92DE-18C2984FE37D}.Stage|Any CPU.ActiveCfg = Stage|Any CPU
		{E13D37EC-7FB2-4E95-92DE-18C2984FE37D}.Stage|Any CPU.Build.0 = Stage|Any CPU
	EndGlobalSection
	GlobalSection(SolutionProperties) = preSolution
		HideSolutionNode = FALSE
	EndGlobalSection
	GlobalSection(NestedProjects) = preSolution
		{E13D37EC-7FB2-4E95-92DE-18C2984FE37D} = {7F1278A4-896D-49DC-B63A-E2FA5E20CB52}
	EndGlobalSection
	GlobalSection(ExtensibilityGlobals) = postSolution
		SolutionGuid = {F6AD77CD-6D51-4D48-ABC6-3F47F4783B32}
	EndGlobalSection
EndGlobal
