Microsoft Visual Studio Solution File, Format Version 12.00
Project("{34EAC930-E0CA-420B-BD8C-86042DD9E676}") = "Usings.Net7", "Usings.Net7.slnproj", "{77CA0CB3-EB8E-4F88-A76B-95444AB9FC89}"
EndProject
Project("{2150E333-8FDC-42A3-9474-1A3956D46DE8}") = "usings", "usings", "{91D74381-4DF3-4DCC-A126-BB9C75473859}"
EndProject
Global
	GlobalSection(SolutionConfigurationPlatforms) = preSolution
		Local|Any CPU = Local|Any CPU
		Debug|Any CPU = Debug|Any CPU
		Staging|Any CPU = Staging|Any CPU
		Release|Any CPU = Release|Any CPU
		Testing|Any CPU = Testing|Any CPU
		Dev|Any CPU = Dev|Any CPU
		Stage|Any CPU = Stage|Any CPU
	EndGlobalSection
	GlobalSection(ProjectConfigurationPlatforms) = postSolution
		{77CA0CB3-EB8E-4F88-A76B-95444AB9FC89}.Local|Any CPU.ActiveCfg = Local|Any CPU
		{77CA0CB3-EB8E-4F88-A76B-95444AB9FC89}.Local|Any CPU.Build.0 = Local|Any CPU
		{77CA0CB3-EB8E-4F88-A76B-95444AB9FC89}.Debug|Any CPU.ActiveCfg = Debug|Any CPU
		{77CA0CB3-EB8E-4F88-A76B-95444AB9FC89}.Debug|Any CPU.Build.0 = Debug|Any CPU
		{77CA0CB3-EB8E-4F88-A76B-95444AB9FC89}.Staging|Any CPU.ActiveCfg = Staging|Any CPU
		{77CA0CB3-EB8E-4F88-A76B-95444AB9FC89}.Staging|Any CPU.Build.0 = Staging|Any CPU
		{77CA0CB3-EB8E-4F88-A76B-95444AB9FC89}.Release|Any CPU.ActiveCfg = Release|Any CPU
		{77CA0CB3-EB8E-4F88-A76B-95444AB9FC89}.Release|Any CPU.Build.0 = Release|Any CPU
		{77CA0CB3-EB8E-4F88-A76B-95444AB9FC89}.Testing|Any CPU.ActiveCfg = Testing|Any CPU
		{77CA0CB3-EB8E-4F88-A76B-95444AB9FC89}.Testing|Any CPU.Build.0 = Testing|Any CPU
		{77CA0CB3-EB8E-4F88-A76B-95444AB9FC89}.Dev|Any CPU.ActiveCfg = Dev|Any CPU
		{77CA0CB3-EB8E-4F88-A76B-95444AB9FC89}.Dev|Any CPU.Build.0 = Dev|Any CPU
		{77CA0CB3-EB8E-4F88-A76B-95444AB9FC89}.Stage|Any CPU.ActiveCfg = Stage|Any CPU
		{77CA0CB3-EB8E-4F88-A76B-95444AB9FC89}.Stage|Any CPU.Build.0 = Stage|Any CPU
	EndGlobalSection
	GlobalSection(SolutionProperties) = preSolution
		HideSolutionNode = FALSE
	EndGlobalSection
	GlobalSection(NestedProjects) = preSolution
		{77CA0CB3-EB8E-4F88-A76B-95444AB9FC89} = {91D74381-4DF3-4DCC-A126-BB9C75473859}
	EndGlobalSection
	GlobalSection(ExtensibilityGlobals) = postSolution
		SolutionGuid = {4EEF644B-9367-4A54-8232-2C3E6E5504BF}
	EndGlobalSection
EndGlobal
