Microsoft Visual Studio Solution File, Format Version 12.00
Project("{9A19103F-16F7-4668-BE54-9A1E7A4F7556}") = "EmbedProjectFile", "EmbedProjectFile.csproj", "{D065FAD2-97B3-465C-8FDF-1F42FBE9826F}"
EndProject
Project("{2150E333-8FDC-42A3-9474-1A3956D46DE8}") = "src", "src", "{B5F392BB-9A2C-49D6-A6BC-AD11EBD2A073}"
EndProject
Global
	GlobalSection(SolutionConfigurationPlatforms) = preSolution
		Local|Any CPU = Local|Any CPU
		Debug|Any CPU = Debug|Any CPU
		Staging|Any CPU = Staging|Any CPU
		Release|Any CPU = Release|Any CPU
		Testing|Any CPU = Testing|Any CPU
	EndGlobalSection
	GlobalSection(ProjectConfigurationPlatforms) = postSolution
		{D065FAD2-97B3-465C-8FDF-1F42FBE9826F}.Local|Any CPU.ActiveCfg = Local|Any CPU
		{D065FAD2-97B3-465C-8FDF-1F42FBE9826F}.Local|Any CPU.Build.0 = Local|Any CPU
		{D065FAD2-97B3-465C-8FDF-1F42FBE9826F}.Debug|Any CPU.ActiveCfg = Debug|Any CPU
		{D065FAD2-97B3-465C-8FDF-1F42FBE9826F}.Debug|Any CPU.Build.0 = Debug|Any CPU
		{D065FAD2-97B3-465C-8FDF-1F42FBE9826F}.Staging|Any CPU.ActiveCfg = Staging|Any CPU
		{D065FAD2-97B3-465C-8FDF-1F42FBE9826F}.Staging|Any CPU.Build.0 = Staging|Any CPU
		{D065FAD2-97B3-465C-8FDF-1F42FBE9826F}.Release|Any CPU.ActiveCfg = Release|Any CPU
		{D065FAD2-97B3-465C-8FDF-1F42FBE9826F}.Release|Any CPU.Build.0 = Release|Any CPU
		{D065FAD2-97B3-465C-8FDF-1F42FBE9826F}.Testing|Any CPU.ActiveCfg = Testing|Any CPU
		{D065FAD2-97B3-465C-8FDF-1F42FBE9826F}.Testing|Any CPU.Build.0 = Testing|Any CPU
	EndGlobalSection
	GlobalSection(SolutionProperties) = preSolution
		HideSolutionNode = FALSE
	EndGlobalSection
	GlobalSection(NestedProjects) = preSolution
		{D065FAD2-97B3-465C-8FDF-1F42FBE9826F} = {B5F392BB-9A2C-49D6-A6BC-AD11EBD2A073}
	EndGlobalSection
	GlobalSection(ExtensibilityGlobals) = postSolution
		SolutionGuid = {C0037833-FB01-457F-BAFA-75F95D52D420}
	EndGlobalSection
EndGlobal
