Microsoft Visual Studio Solution File, Format Version 12.00
Project("{9A19103F-16F7-4668-BE54-9A1E7A4F7556}") = "ProjectFilePackager", "ProjectFilePackager.csproj", "{7937D886-A682-4A6D-9EA2-81D8CA23C007}"
EndProject
Project("{2150E333-8FDC-42A3-9474-1A3956D46DE8}") = "src", "src", "{6DFA6996-1369-4949-9968-658A40F398BD}"
EndProject
Global
	GlobalSection(SolutionConfigurationPlatforms) = preSolution
		Local|Any CPU = Local|Any CPU
		Debug|Any CPU = Debug|Any CPU
		Staging|Any CPU = Staging|Any CPU
		Release|Any CPU = Release|Any CPU
		Testing|Any CPU = Testing|Any CPU
	EndGlobalSection
	GlobalSection(ProjectConfigurationPlatforms) = postSolution
		{7937D886-A682-4A6D-9EA2-81D8CA23C007}.Local|Any CPU.ActiveCfg = Local|Any CPU
		{7937D886-A682-4A6D-9EA2-81D8CA23C007}.Local|Any CPU.Build.0 = Local|Any CPU
		{7937D886-A682-4A6D-9EA2-81D8CA23C007}.Debug|Any CPU.ActiveCfg = Debug|Any CPU
		{7937D886-A682-4A6D-9EA2-81D8CA23C007}.Debug|Any CPU.Build.0 = Debug|Any CPU
		{7937D886-A682-4A6D-9EA2-81D8CA23C007}.Staging|Any CPU.ActiveCfg = Staging|Any CPU
		{7937D886-A682-4A6D-9EA2-81D8CA23C007}.Staging|Any CPU.Build.0 = Staging|Any CPU
		{7937D886-A682-4A6D-9EA2-81D8CA23C007}.Release|Any CPU.ActiveCfg = Release|Any CPU
		{7937D886-A682-4A6D-9EA2-81D8CA23C007}.Release|Any CPU.Build.0 = Release|Any CPU
		{7937D886-A682-4A6D-9EA2-81D8CA23C007}.Testing|Any CPU.ActiveCfg = Testing|Any CPU
		{7937D886-A682-4A6D-9EA2-81D8CA23C007}.Testing|Any CPU.Build.0 = Testing|Any CPU
	EndGlobalSection
	GlobalSection(SolutionProperties) = preSolution
		HideSolutionNode = FALSE
	EndGlobalSection
	GlobalSection(NestedProjects) = preSolution
		{7937D886-A682-4A6D-9EA2-81D8CA23C007} = {6DFA6996-1369-4949-9968-658A40F398BD}
	EndGlobalSection
	GlobalSection(ExtensibilityGlobals) = postSolution
		SolutionGuid = {8B40FB8A-14D1-443A-BB74-815BA4CB4D28}
	EndGlobalSection
EndGlobal
