Microsoft Visual Studio Solution File, Format Version 12.00
Project("{FF286327-C783-4F7A-AB73-9BCBAD0D4460}") = "MSBuild.IncludeSdk", "MSBuild.IncludeSdk.nuproj", "{65160AA4-4E84-4CFA-840C-F8A92818DC3A}"
EndProject
Global
	GlobalSection(SolutionConfigurationPlatforms) = preSolution
		Debug|Any CPU = Debug|Any CPU
		Release|Any CPU = Release|Any CPU
	EndGlobalSection
	GlobalSection(ProjectConfigurationPlatforms) = postSolution
		{65160AA4-4E84-4CFA-840C-F8A92818DC3A}.Debug|Any CPU.ActiveCfg = Debug|Any CPU
		{65160AA4-4E84-4CFA-840C-F8A92818DC3A}.Debug|Any CPU.Build.0 = Debug|Any CPU
		{65160AA4-4E84-4CFA-840C-F8A92818DC3A}.Release|Any CPU.ActiveCfg = Release|Any CPU
		{65160AA4-4E84-4CFA-840C-F8A92818DC3A}.Release|Any CPU.Build.0 = Release|Any CPU
	EndGlobalSection
	GlobalSection(SolutionProperties) = preSolution
		HideSolutionNode = FALSE
	EndGlobalSection
	GlobalSection(ExtensibilityGlobals) = postSolution
		SolutionGuid = {04AE608C-BAB4-4ED0-9859-B9C3F32A857B}
	EndGlobalSection
EndGlobal
