Microsoft Visual Studio Solution File, Format Version 12.00
Project("{156A83F1-ABEF-4E73-ABFF-C6A1AA437922}") = "Sdk", "Sdk.props", "{024EF258-4639-4BC0-8207-F83F36D21A5F}"
EndProject
Project("{2150E333-8FDC-42A3-9474-1A3956D46DE8}") = "src", "src", "{7AC23317-F6CF-45AE-85FC-E80A5FB2CB4B}"
EndProject
Global
	GlobalSection(SolutionConfigurationPlatforms) = preSolution
		Local|Any CPU = Local|Any CPU
		Debug|Any CPU = Debug|Any CPU
		Staging|Any CPU = Staging|Any CPU
		Release|Any CPU = Release|Any CPU
		Testing|Any CPU = Testing|Any CPU
		Dev|Any CPU = Dev|Any CPU
		Stage|Any CPU = Stage|Any CPU
	EndGlobalSection
	GlobalSection(ProjectConfigurationPlatforms) = postSolution
		{024EF258-4639-4BC0-8207-F83F36D21A5F}.Local|Any CPU.ActiveCfg = Local|Any CPU
		{024EF258-4639-4BC0-8207-F83F36D21A5F}.Local|Any CPU.Build.0 = Local|Any CPU
		{024EF258-4639-4BC0-8207-F83F36D21A5F}.Debug|Any CPU.ActiveCfg = Debug|Any CPU
		{024EF258-4639-4BC0-8207-F83F36D21A5F}.Debug|Any CPU.Build.0 = Debug|Any CPU
		{024EF258-4639-4BC0-8207-F83F36D21A5F}.Staging|Any CPU.ActiveCfg = Staging|Any CPU
		{024EF258-4639-4BC0-8207-F83F36D21A5F}.Staging|Any CPU.Build.0 = Staging|Any CPU
		{024EF258-4639-4BC0-8207-F83F36D21A5F}.Release|Any CPU.ActiveCfg = Release|Any CPU
		{024EF258-4639-4BC0-8207-F83F36D21A5F}.Release|Any CPU.Build.0 = Release|Any CPU
		{024EF258-4639-4BC0-8207-F83F36D21A5F}.Testing|Any CPU.ActiveCfg = Testing|Any CPU
		{024EF258-4639-4BC0-8207-F83F36D21A5F}.Testing|Any CPU.Build.0 = Testing|Any CPU
		{024EF258-4639-4BC0-8207-F83F36D21A5F}.Dev|Any CPU.ActiveCfg = Dev|Any CPU
		{024EF258-4639-4BC0-8207-F83F36D21A5F}.Dev|Any CPU.Build.0 = Dev|Any CPU
		{024EF258-4639-4BC0-8207-F83F36D21A5F}.Stage|Any CPU.ActiveCfg = Stage|Any CPU
		{024EF258-4639-4BC0-8207-F83F36D21A5F}.Stage|Any CPU.Build.0 = Stage|Any CPU
	EndGlobalSection
	GlobalSection(SolutionProperties) = preSolution
		HideSolutionNode = FALSE
	EndGlobalSection
	GlobalSection(NestedProjects) = preSolution
		{024EF258-4639-4BC0-8207-F83F36D21A5F} = {7AC23317-F6CF-45AE-85FC-E80A5FB2CB4B}
	EndGlobalSection
	GlobalSection(ExtensibilityGlobals) = postSolution
		SolutionGuid = {C6CE2948-F8F0-40BA-BE94-3E48975282DD}
	EndGlobalSection
EndGlobal
