Microsoft Visual Studio Solution File, Format Version 12.00
Project("{9A19103F-16F7-4668-BE54-9A1E7A4F7556}") = "CsprojPackager", "CsprojPackager.csproj", "{CBEB8192-F9E8-4B49-BAE1-61D49C721D60}"
EndProject
Project("{2150E333-8FDC-42A3-9474-1A3956D46DE8}") = "src", "src", "{15EA6C3D-F57B-427C-969C-573B3F908FDE}"
EndProject
Global
	GlobalSection(SolutionConfigurationPlatforms) = preSolution
		Local|Any CPU = Local|Any CPU
		Debug|Any CPU = Debug|Any CPU
		Staging|Any CPU = Staging|Any CPU
		Release|Any CPU = Release|Any CPU
		Testing|Any CPU = Testing|Any CPU
	EndGlobalSection
	GlobalSection(ProjectConfigurationPlatforms) = postSolution
		{CBEB8192-F9E8-4B49-BAE1-61D49C721D60}.Local|Any CPU.ActiveCfg = Local|Any CPU
		{CBEB8192-F9E8-4B49-BAE1-61D49C721D60}.Local|Any CPU.Build.0 = Local|Any CPU
		{CBEB8192-F9E8-4B49-BAE1-61D49C721D60}.Debug|Any CPU.ActiveCfg = Debug|Any CPU
		{CBEB8192-F9E8-4B49-BAE1-61D49C721D60}.Debug|Any CPU.Build.0 = Debug|Any CPU
		{CBEB8192-F9E8-4B49-BAE1-61D49C721D60}.Staging|Any CPU.ActiveCfg = Staging|Any CPU
		{CBEB8192-F9E8-4B49-BAE1-61D49C721D60}.Staging|Any CPU.Build.0 = Staging|Any CPU
		{CBEB8192-F9E8-4B49-BAE1-61D49C721D60}.Release|Any CPU.ActiveCfg = Release|Any CPU
		{CBEB8192-F9E8-4B49-BAE1-61D49C721D60}.Release|Any CPU.Build.0 = Release|Any CPU
		{CBEB8192-F9E8-4B49-BAE1-61D49C721D60}.Testing|Any CPU.ActiveCfg = Testing|Any CPU
		{CBEB8192-F9E8-4B49-BAE1-61D49C721D60}.Testing|Any CPU.Build.0 = Testing|Any CPU
	EndGlobalSection
	GlobalSection(SolutionProperties) = preSolution
		HideSolutionNode = FALSE
	EndGlobalSection
	GlobalSection(NestedProjects) = preSolution
		{CBEB8192-F9E8-4B49-BAE1-61D49C721D60} = {15EA6C3D-F57B-427C-969C-573B3F908FDE}
	EndGlobalSection
	GlobalSection(ExtensibilityGlobals) = postSolution
		SolutionGuid = {1F749DAD-9FB8-4D18-ACB8-5FB411A18FB8}
	EndGlobalSection
EndGlobal
