Microsoft Visual Studio Solution File, Format Version 12.00
Project("{9A19103F-16F7-4668-BE54-9A1E7A4F7556}") = "CsprojPackager", "CsprojPackager.csproj", "{771DAFB2-F4EE-40A8-ADFE-212E974DE6E1}"
EndProject
Project("{2150E333-8FDC-42A3-9474-1A3956D46DE8}") = "src", "src", "{FC8AFD7B-D203-4397-8FAB-3E2609B81945}"
EndProject
Global
	GlobalSection(SolutionConfigurationPlatforms) = preSolution
		Testing|Any CPU = Testing|Any CPU
		Local|Any CPU = Local|Any CPU
		Debug|Any CPU = Debug|Any CPU
		Staging|Any CPU = Staging|Any CPU
		Release|Any CPU = Release|Any CPU
	EndGlobalSection
	GlobalSection(ProjectConfigurationPlatforms) = postSolution
		{771DAFB2-F4EE-40A8-ADFE-212E974DE6E1}.Testing|Any CPU.ActiveCfg = Testing|Any CPU
		{771DAFB2-F4EE-40A8-ADFE-212E974DE6E1}.Testing|Any CPU.Build.0 = Testing|Any CPU
		{771DAFB2-F4EE-40A8-ADFE-212E974DE6E1}.Local|Any CPU.ActiveCfg = Local|Any CPU
		{771DAFB2-F4EE-40A8-ADFE-212E974DE6E1}.Local|Any CPU.Build.0 = Local|Any CPU
		{771DAFB2-F4EE-40A8-ADFE-212E974DE6E1}.Debug|Any CPU.ActiveCfg = Debug|Any CPU
		{771DAFB2-F4EE-40A8-ADFE-212E974DE6E1}.Debug|Any CPU.Build.0 = Debug|Any CPU
		{771DAFB2-F4EE-40A8-ADFE-212E974DE6E1}.Staging|Any CPU.ActiveCfg = Staging|Any CPU
		{771DAFB2-F4EE-40A8-ADFE-212E974DE6E1}.Staging|Any CPU.Build.0 = Staging|Any CPU
		{771DAFB2-F4EE-40A8-ADFE-212E974DE6E1}.Release|Any CPU.ActiveCfg = Release|Any CPU
		{771DAFB2-F4EE-40A8-ADFE-212E974DE6E1}.Release|Any CPU.Build.0 = Release|Any CPU
	EndGlobalSection
	GlobalSection(SolutionProperties) = preSolution
		HideSolutionNode = FALSE
	EndGlobalSection
	GlobalSection(NestedProjects) = preSolution
		{771DAFB2-F4EE-40A8-ADFE-212E974DE6E1} = {FC8AFD7B-D203-4397-8FAB-3E2609B81945}
	EndGlobalSection
	GlobalSection(ExtensibilityGlobals) = postSolution
		SolutionGuid = {0038B4A0-B9F0-4C91-B496-F23953E9A0A1}
	EndGlobalSection
EndGlobal
