Microsoft Visual Studio Solution File, Format Version 12.00
Project("{9A19103F-16F7-4668-BE54-9A1E7A4F7556}") = "GetCommandLineArgs", "GetCommandLineArgs.csproj", "{EE779E76-9D4C-4E24-A240-CFF4467CCBFF}"
EndProject
Project("{2150E333-8FDC-42A3-9474-1A3956D46DE8}") = "src", "src", "{C8DA7E02-5E9C-467F-9255-E3417521C39B}"
EndProject
Global
	GlobalSection(SolutionConfigurationPlatforms) = preSolution
		Testing|Any CPU = Testing|Any CPU
		Local|Any CPU = Local|Any CPU
		Debug|Any CPU = Debug|Any CPU
		Staging|Any CPU = Staging|Any CPU
		Release|Any CPU = Release|Any CPU
	EndGlobalSection
	GlobalSection(ProjectConfigurationPlatforms) = postSolution
		{EE779E76-9D4C-4E24-A240-CFF4467CCBFF}.Testing|Any CPU.ActiveCfg = Testing|Any CPU
		{EE779E76-9D4C-4E24-A240-CFF4467CCBFF}.Testing|Any CPU.Build.0 = Testing|Any CPU
		{EE779E76-9D4C-4E24-A240-CFF4467CCBFF}.Local|Any CPU.ActiveCfg = Local|Any CPU
		{EE779E76-9D4C-4E24-A240-CFF4467CCBFF}.Local|Any CPU.Build.0 = Local|Any CPU
		{EE779E76-9D4C-4E24-A240-CFF4467CCBFF}.Debug|Any CPU.ActiveCfg = Debug|Any CPU
		{EE779E76-9D4C-4E24-A240-CFF4467CCBFF}.Debug|Any CPU.Build.0 = Debug|Any CPU
		{EE779E76-9D4C-4E24-A240-CFF4467CCBFF}.Staging|Any CPU.ActiveCfg = Staging|Any CPU
		{EE779E76-9D4C-4E24-A240-CFF4467CCBFF}.Staging|Any CPU.Build.0 = Staging|Any CPU
		{EE779E76-9D4C-4E24-A240-CFF4467CCBFF}.Release|Any CPU.ActiveCfg = Release|Any CPU
		{EE779E76-9D4C-4E24-A240-CFF4467CCBFF}.Release|Any CPU.Build.0 = Release|Any CPU
	EndGlobalSection
	GlobalSection(SolutionProperties) = preSolution
		HideSolutionNode = FALSE
	EndGlobalSection
	GlobalSection(NestedProjects) = preSolution
		{EE779E76-9D4C-4E24-A240-CFF4467CCBFF} = {C8DA7E02-5E9C-467F-9255-E3417521C39B}
	EndGlobalSection
	GlobalSection(ExtensibilityGlobals) = postSolution
		SolutionGuid = {EE5A1669-E110-4A40-85D9-13D3939FABA8}
	EndGlobalSection
EndGlobal
